{
  "version": 4,
  "terraform_version": "1.10.3",
  "serial": 164,
  "lineage": "fe2efb87-3e68-6c37-2881-a3cb5eedfd74",
  "outputs": {
    "internet_gateway_id": {
      "value": "igw-00aa3194fe44de2d7",
      "type": "string"
    },
    "private_subnet_ids": {
      "value": [
        "subnet-016b0877fe4984fc9",
        "subnet-0b5a08922a1183083"
      ],
      "type": [
        "tuple",
        [
          "string",
          "string"
        ]
      ]
    },
    "public_subnet_ids": {
      "value": [
        "subnet-0ea70270b8ecc2ee8",
        "subnet-0566a586c5a70e221"
      ],
      "type": [
        "tuple",
        [
          "string",
          "string"
        ]
      ]
    },
    "vpc_id": {
      "value": "vpc-026cf6a82c35cc17b",
      "type": "string"
    }
  },
  "resources": [
    {
      "module": "module.ilios_vpc",
      "mode": "managed",
      "type": "aws_eip",
      "name": "ilios_eip",
      "provider": "provider[\"registry.terraform.io/hashicorp/aws\"]",
      "instances": [
        {
          "schema_version": 0,
          "attributes": {
            "address": null,
            "allocation_id": "eipalloc-0ed193a493ef449d0",
            "arn": "arn:aws:ec2:us-east-1:571600859306:elastic-ip/eipalloc-0ed193a493ef449d0",
            "associate_with_private_ip": null,
            "association_id": "",
            "carrier_ip": "",
            "customer_owned_ip": "",
            "customer_owned_ipv4_pool": "",
            "domain": "vpc",
            "id": "eipalloc-0ed193a493ef449d0",
            "instance": "",
            "ipam_pool_id": null,
            "network_border_group": "us-east-1",
            "network_interface": "",
            "private_dns": null,
            "private_ip": "",
            "ptr_record": "",
            "public_dns": "ec2-44-194-8-72.compute-1.amazonaws.com",
            "public_ip": "44.194.8.72",
            "public_ipv4_pool": "amazon",
            "tags": null,
            "tags_all": {},
            "timeouts": null,
            "vpc": true
          },
          "sensitive_attributes": [],
          "private": "eyJlMmJmYjczMC1lY2FhLTExZTYtOGY4OC0zNDM2M2JjN2M0YzAiOnsiZGVsZXRlIjoxODAwMDAwMDAwMDAsInJlYWQiOjkwMDAwMDAwMDAwMCwidXBkYXRlIjozMDAwMDAwMDAwMDB9fQ=="
        }
      ]
    },
    {
      "module": "module.ilios_vpc",
      "mode": "managed",
      "type": "aws_internet_gateway",
      "name": "ilios_igw",
      "provider": "provider[\"registry.terraform.io/hashicorp/aws\"]",
      "instances": [
        {
          "schema_version": 0,
          "attributes": {
            "arn": "arn:aws:ec2:us-east-1:571600859306:internet-gateway/igw-00aa3194fe44de2d7",
            "id": "igw-00aa3194fe44de2d7",
            "owner_id": "571600859306",
            "tags": {
              "Name": "ilios-igw"
            },
            "tags_all": {
              "Name": "ilios-igw"
            },
            "timeouts": null,
            "vpc_id": "vpc-026cf6a82c35cc17b"
          },
          "sensitive_attributes": [],
          "private": "eyJlMmJmYjczMC1lY2FhLTExZTYtOGY4OC0zNDM2M2JjN2M0YzAiOnsiY3JlYXRlIjoxMjAwMDAwMDAwMDAwLCJkZWxldGUiOjEyMDAwMDAwMDAwMDAsInVwZGF0ZSI6MTIwMDAwMDAwMDAwMH19",
          "dependencies": [
            "module.ilios_vpc.aws_vpc.ilios_vpc"
          ]
        }
      ]
    },
    {
      "module": "module.ilios_vpc",
      "mode": "managed",
      "type": "aws_nat_gateway",
      "name": "ilios_nat_gw",
      "provider": "provider[\"registry.terraform.io/hashicorp/aws\"]",
      "instances": [
        {
          "schema_version": 0,
          "attributes": {
            "allocation_id": "eipalloc-0ed193a493ef449d0",
            "association_id": "eipassoc-021f6b1304fbb5f9c",
            "connectivity_type": "public",
            "id": "nat-095ed0e8ea6187777",
            "network_interface_id": "eni-0656c4d5d41719848",
            "private_ip": "10.0.1.185",
            "public_ip": "44.194.8.72",
            "secondary_allocation_ids": null,
            "secondary_private_ip_address_count": 0,
            "secondary_private_ip_addresses": [],
            "subnet_id": "subnet-0ea70270b8ecc2ee8",
            "tags": {
              "Name": "ilios-nat-gw"
            },
            "tags_all": {
              "Name": "ilios-nat-gw"
            },
            "timeouts": null
          },
          "sensitive_attributes": [],
          "private": "eyJlMmJmYjczMC1lY2FhLTExZTYtOGY4OC0zNDM2M2JjN2M0YzAiOnsiY3JlYXRlIjo2MDAwMDAwMDAwMDAsImRlbGV0ZSI6MTgwMDAwMDAwMDAwMCwidXBkYXRlIjo2MDAwMDAwMDAwMDB9fQ==",
          "dependencies": [
            "module.ilios_vpc.aws_eip.ilios_eip",
            "module.ilios_vpc.aws_internet_gateway.ilios_igw",
            "module.ilios_vpc.aws_subnet.ilios-public",
            "module.ilios_vpc.aws_vpc.ilios_vpc"
          ]
        }
      ]
    },
    {
      "module": "module.ilios_vpc",
      "mode": "managed",
      "type": "aws_route",
      "name": "ilios_private_route",
      "provider": "provider[\"registry.terraform.io/hashicorp/aws\"]",
      "instances": [
        {
          "schema_version": 0,
          "attributes": {
            "carrier_gateway_id": "",
            "core_network_arn": "",
            "destination_cidr_block": "0.0.0.0/0",
            "destination_ipv6_cidr_block": "",
            "destination_prefix_list_id": "",
            "egress_only_gateway_id": "",
            "gateway_id": "",
            "id": "r-rtb-04d9decc5d8c8f52a1080289494",
            "instance_id": "",
            "instance_owner_id": "",
            "local_gateway_id": "",
            "nat_gateway_id": "nat-095ed0e8ea6187777",
            "network_interface_id": "",
            "origin": "CreateRoute",
            "route_table_id": "rtb-04d9decc5d8c8f52a",
            "state": "active",
            "timeouts": null,
            "transit_gateway_id": "",
            "vpc_endpoint_id": "",
            "vpc_peering_connection_id": ""
          },
          "sensitive_attributes": [],
          "private": "eyJlMmJmYjczMC1lY2FhLTExZTYtOGY4OC0zNDM2M2JjN2M0YzAiOnsiY3JlYXRlIjozMDAwMDAwMDAwMDAsImRlbGV0ZSI6MzAwMDAwMDAwMDAwLCJ1cGRhdGUiOjEyMDAwMDAwMDAwMH19",
          "dependencies": [
            "module.ilios_vpc.aws_eip.ilios_eip",
            "module.ilios_vpc.aws_internet_gateway.ilios_igw",
            "module.ilios_vpc.aws_nat_gateway.ilios_nat_gw",
            "module.ilios_vpc.aws_route_table.ilios_private_rt",
            "module.ilios_vpc.aws_subnet.ilios-public",
            "module.ilios_vpc.aws_vpc.ilios_vpc"
          ]
        }
      ]
    },
    {
      "module": "module.ilios_vpc",
      "mode": "managed",
      "type": "aws_route",
      "name": "ilios_public_route",
      "provider": "provider[\"registry.terraform.io/hashicorp/aws\"]",
      "instances": [
        {
          "schema_version": 0,
          "attributes": {
            "carrier_gateway_id": "",
            "core_network_arn": "",
            "destination_cidr_block": "0.0.0.0/0",
            "destination_ipv6_cidr_block": "",
            "destination_prefix_list_id": "",
            "egress_only_gateway_id": "",
            "gateway_id": "igw-00aa3194fe44de2d7",
            "id": "r-rtb-01f02ca5b948fc7c11080289494",
            "instance_id": "",
            "instance_owner_id": "",
            "local_gateway_id": "",
            "nat_gateway_id": "",
            "network_interface_id": "",
            "origin": "CreateRoute",
            "route_table_id": "rtb-01f02ca5b948fc7c1",
            "state": "active",
            "timeouts": null,
            "transit_gateway_id": "",
            "vpc_endpoint_id": "",
            "vpc_peering_connection_id": ""
          },
          "sensitive_attributes": [],
          "private": "eyJlMmJmYjczMC1lY2FhLTExZTYtOGY4OC0zNDM2M2JjN2M0YzAiOnsiY3JlYXRlIjozMDAwMDAwMDAwMDAsImRlbGV0ZSI6MzAwMDAwMDAwMDAwLCJ1cGRhdGUiOjEyMDAwMDAwMDAwMH19",
          "dependencies": [
            "module.ilios_vpc.aws_internet_gateway.ilios_igw",
            "module.ilios_vpc.aws_route_table.ilios_public_rt",
            "module.ilios_vpc.aws_vpc.ilios_vpc"
          ]
        }
      ]
    },
    {
      "module": "module.ilios_vpc",
      "mode": "managed",
      "type": "aws_route_table",
      "name": "ilios_private_rt",
      "provider": "provider[\"registry.terraform.io/hashicorp/aws\"]",
      "instances": [
        {
          "schema_version": 0,
          "attributes": {
            "arn": "arn:aws:ec2:us-east-1:571600859306:route-table/rtb-04d9decc5d8c8f52a",
            "id": "rtb-04d9decc5d8c8f52a",
            "owner_id": "571600859306",
            "propagating_vgws": [],
            "route": [],
            "tags": {
              "Name": "ilios-private-rt"
            },
            "tags_all": {
              "Name": "ilios-private-rt"
            },
            "timeouts": null,
            "vpc_id": "vpc-026cf6a82c35cc17b"
          },
          "sensitive_attributes": [],
          "private": "eyJlMmJmYjczMC1lY2FhLTExZTYtOGY4OC0zNDM2M2JjN2M0YzAiOnsiY3JlYXRlIjozMDAwMDAwMDAwMDAsImRlbGV0ZSI6MzAwMDAwMDAwMDAwLCJ1cGRhdGUiOjEyMDAwMDAwMDAwMH19",
          "dependencies": [
            "module.ilios_vpc.aws_vpc.ilios_vpc"
          ]
        }
      ]
    },
    {
      "module": "module.ilios_vpc",
      "mode": "managed",
      "type": "aws_route_table",
      "name": "ilios_public_rt",
      "provider": "provider[\"registry.terraform.io/hashicorp/aws\"]",
      "instances": [
        {
          "schema_version": 0,
          "attributes": {
            "arn": "arn:aws:ec2:us-east-1:571600859306:route-table/rtb-01f02ca5b948fc7c1",
            "id": "rtb-01f02ca5b948fc7c1",
            "owner_id": "571600859306",
            "propagating_vgws": [],
            "route": [],
            "tags": {
              "Name": "ilios-public-rt"
            },
            "tags_all": {
              "Name": "ilios-public-rt"
            },
            "timeouts": null,
            "vpc_id": "vpc-026cf6a82c35cc17b"
          },
          "sensitive_attributes": [],
          "private": "eyJlMmJmYjczMC1lY2FhLTExZTYtOGY4OC0zNDM2M2JjN2M0YzAiOnsiY3JlYXRlIjozMDAwMDAwMDAwMDAsImRlbGV0ZSI6MzAwMDAwMDAwMDAwLCJ1cGRhdGUiOjEyMDAwMDAwMDAwMH19",
          "dependencies": [
            "module.ilios_vpc.aws_vpc.ilios_vpc"
          ]
        }
      ]
    },
    {
      "module": "module.ilios_vpc",
      "mode": "managed",
      "type": "aws_route_table_association",
      "name": "ilios_private_sa",
      "provider": "provider[\"registry.terraform.io/hashicorp/aws\"]",
      "instances": [
        {
          "index_key": 0,
          "schema_version": 0,
          "attributes": {
            "gateway_id": "",
            "id": "rtbassoc-044da29408cd86320",
            "route_table_id": "rtb-04d9decc5d8c8f52a",
            "subnet_id": "subnet-016b0877fe4984fc9",
            "timeouts": null
          },
          "sensitive_attributes": [],
          "private": "eyJlMmJmYjczMC1lY2FhLTExZTYtOGY4OC0zNDM2M2JjN2M0YzAiOnsiY3JlYXRlIjozMDAwMDAwMDAwMDAsImRlbGV0ZSI6MzAwMDAwMDAwMDAwLCJ1cGRhdGUiOjEyMDAwMDAwMDAwMH19",
          "dependencies": [
            "module.ilios_vpc.aws_route_table.ilios_private_rt",
            "module.ilios_vpc.aws_subnet.ilios-private",
            "module.ilios_vpc.aws_vpc.ilios_vpc"
          ]
        },
        {
          "index_key": 1,
          "schema_version": 0,
          "attributes": {
            "gateway_id": "",
            "id": "rtbassoc-0bdc03957930e66a7",
            "route_table_id": "rtb-04d9decc5d8c8f52a",
            "subnet_id": "subnet-0b5a08922a1183083",
            "timeouts": null
          },
          "sensitive_attributes": [],
          "private": "eyJlMmJmYjczMC1lY2FhLTExZTYtOGY4OC0zNDM2M2JjN2M0YzAiOnsiY3JlYXRlIjozMDAwMDAwMDAwMDAsImRlbGV0ZSI6MzAwMDAwMDAwMDAwLCJ1cGRhdGUiOjEyMDAwMDAwMDAwMH19",
          "dependencies": [
            "module.ilios_vpc.aws_route_table.ilios_private_rt",
            "module.ilios_vpc.aws_subnet.ilios-private",
            "module.ilios_vpc.aws_vpc.ilios_vpc"
          ]
        }
      ]
    },
    {
      "module": "module.ilios_vpc",
      "mode": "managed",
      "type": "aws_route_table_association",
      "name": "ilios_public_sa",
      "provider": "provider[\"registry.terraform.io/hashicorp/aws\"]",
      "instances": [
        {
          "index_key": 0,
          "schema_version": 0,
          "attributes": {
            "gateway_id": "",
            "id": "rtbassoc-0fc5720ef02f59a4e",
            "route_table_id": "rtb-01f02ca5b948fc7c1",
            "subnet_id": "subnet-0ea70270b8ecc2ee8",
            "timeouts": null
          },
          "sensitive_attributes": [],
          "private": "eyJlMmJmYjczMC1lY2FhLTExZTYtOGY4OC0zNDM2M2JjN2M0YzAiOnsiY3JlYXRlIjozMDAwMDAwMDAwMDAsImRlbGV0ZSI6MzAwMDAwMDAwMDAwLCJ1cGRhdGUiOjEyMDAwMDAwMDAwMH19",
          "dependencies": [
            "module.ilios_vpc.aws_route_table.ilios_public_rt",
            "module.ilios_vpc.aws_subnet.ilios-public",
            "module.ilios_vpc.aws_vpc.ilios_vpc"
          ]
        },
        {
          "index_key": 1,
          "schema_version": 0,
          "attributes": {
            "gateway_id": "",
            "id": "rtbassoc-05d124c924b5f74ad",
            "route_table_id": "rtb-01f02ca5b948fc7c1",
            "subnet_id": "subnet-0566a586c5a70e221",
            "timeouts": null
          },
          "sensitive_attributes": [],
          "private": "eyJlMmJmYjczMC1lY2FhLTExZTYtOGY4OC0zNDM2M2JjN2M0YzAiOnsiY3JlYXRlIjozMDAwMDAwMDAwMDAsImRlbGV0ZSI6MzAwMDAwMDAwMDAwLCJ1cGRhdGUiOjEyMDAwMDAwMDAwMH19",
          "dependencies": [
            "module.ilios_vpc.aws_route_table.ilios_public_rt",
            "module.ilios_vpc.aws_subnet.ilios-public",
            "module.ilios_vpc.aws_vpc.ilios_vpc"
          ]
        }
      ]
    },
    {
      "module": "module.ilios_vpc",
      "mode": "managed",
      "type": "aws_subnet",
      "name": "ilios-private",
      "provider": "provider[\"registry.terraform.io/hashicorp/aws\"]",
      "instances": [
        {
          "index_key": 0,
          "schema_version": 1,
          "attributes": {
            "arn": "arn:aws:ec2:us-east-1:571600859306:subnet/subnet-016b0877fe4984fc9",
            "assign_ipv6_address_on_creation": false,
            "availability_zone": "us-east-1a",
            "availability_zone_id": "use1-az6",
            "cidr_block": "10.0.3.0/24",
            "customer_owned_ipv4_pool": "",
            "enable_dns64": false,
            "enable_lni_at_device_index": 0,
            "enable_resource_name_dns_a_record_on_launch": false,
            "enable_resource_name_dns_aaaa_record_on_launch": false,
            "id": "subnet-016b0877fe4984fc9",
            "ipv6_cidr_block": "",
            "ipv6_cidr_block_association_id": "",
            "ipv6_native": false,
            "map_customer_owned_ip_on_launch": false,
            "map_public_ip_on_launch": false,
            "outpost_arn": "",
            "owner_id": "571600859306",
            "private_dns_hostname_type_on_launch": "ip-name",
            "tags": {
              "Name": "private-subnet-1"
            },
            "tags_all": {
              "Name": "private-subnet-1"
            },
            "timeouts": null,
            "vpc_id": "vpc-026cf6a82c35cc17b"
          },
          "sensitive_attributes": [],
          "private": "eyJlMmJmYjczMC1lY2FhLTExZTYtOGY4OC0zNDM2M2JjN2M0YzAiOnsiY3JlYXRlIjo2MDAwMDAwMDAwMDAsImRlbGV0ZSI6MTIwMDAwMDAwMDAwMH0sInNjaGVtYV92ZXJzaW9uIjoiMSJ9",
          "dependencies": [
            "module.ilios_vpc.aws_vpc.ilios_vpc"
          ]
        },
        {
          "index_key": 1,
          "schema_version": 1,
          "attributes": {
            "arn": "arn:aws:ec2:us-east-1:571600859306:subnet/subnet-0b5a08922a1183083",
            "assign_ipv6_address_on_creation": false,
            "availability_zone": "us-east-1b",
            "availability_zone_id": "use1-az1",
            "cidr_block": "10.0.4.0/24",
            "customer_owned_ipv4_pool": "",
            "enable_dns64": false,
            "enable_lni_at_device_index": 0,
            "enable_resource_name_dns_a_record_on_launch": false,
            "enable_resource_name_dns_aaaa_record_on_launch": false,
            "id": "subnet-0b5a08922a1183083",
            "ipv6_cidr_block": "",
            "ipv6_cidr_block_association_id": "",
            "ipv6_native": false,
            "map_customer_owned_ip_on_launch": false,
            "map_public_ip_on_launch": false,
            "outpost_arn": "",
            "owner_id": "571600859306",
            "private_dns_hostname_type_on_launch": "ip-name",
            "tags": {
              "Name": "private-subnet-2"
            },
            "tags_all": {
              "Name": "private-subnet-2"
            },
            "timeouts": null,
            "vpc_id": "vpc-026cf6a82c35cc17b"
          },
          "sensitive_attributes": [],
          "private": "eyJlMmJmYjczMC1lY2FhLTExZTYtOGY4OC0zNDM2M2JjN2M0YzAiOnsiY3JlYXRlIjo2MDAwMDAwMDAwMDAsImRlbGV0ZSI6MTIwMDAwMDAwMDAwMH0sInNjaGVtYV92ZXJzaW9uIjoiMSJ9",
          "dependencies": [
            "module.ilios_vpc.aws_vpc.ilios_vpc"
          ]
        }
      ]
    },
    {
      "module": "module.ilios_vpc",
      "mode": "managed",
      "type": "aws_subnet",
      "name": "ilios-public",
      "provider": "provider[\"registry.terraform.io/hashicorp/aws\"]",
      "instances": [
        {
          "index_key": 0,
          "schema_version": 1,
          "attributes": {
            "arn": "arn:aws:ec2:us-east-1:571600859306:subnet/subnet-0ea70270b8ecc2ee8",
            "assign_ipv6_address_on_creation": false,
            "availability_zone": "us-east-1a",
            "availability_zone_id": "use1-az6",
            "cidr_block": "10.0.1.0/24",
            "customer_owned_ipv4_pool": "",
            "enable_dns64": false,
            "enable_lni_at_device_index": 0,
            "enable_resource_name_dns_a_record_on_launch": false,
            "enable_resource_name_dns_aaaa_record_on_launch": false,
            "id": "subnet-0ea70270b8ecc2ee8",
            "ipv6_cidr_block": "",
            "ipv6_cidr_block_association_id": "",
            "ipv6_native": false,
            "map_customer_owned_ip_on_launch": false,
            "map_public_ip_on_launch": true,
            "outpost_arn": "",
            "owner_id": "571600859306",
            "private_dns_hostname_type_on_launch": "ip-name",
            "tags": {
              "Name": "public-subnet-1"
            },
            "tags_all": {
              "Name": "public-subnet-1"
            },
            "timeouts": null,
            "vpc_id": "vpc-026cf6a82c35cc17b"
          },
          "sensitive_attributes": [],
          "private": "eyJlMmJmYjczMC1lY2FhLTExZTYtOGY4OC0zNDM2M2JjN2M0YzAiOnsiY3JlYXRlIjo2MDAwMDAwMDAwMDAsImRlbGV0ZSI6MTIwMDAwMDAwMDAwMH0sInNjaGVtYV92ZXJzaW9uIjoiMSJ9",
          "dependencies": [
            "module.ilios_vpc.aws_vpc.ilios_vpc"
          ]
        },
        {
          "index_key": 1,
          "schema_version": 1,
          "attributes": {
            "arn": "arn:aws:ec2:us-east-1:571600859306:subnet/subnet-0566a586c5a70e221",
            "assign_ipv6_address_on_creation": false,
            "availability_zone": "us-east-1b",
            "availability_zone_id": "use1-az1",
            "cidr_block": "10.0.2.0/24",
            "customer_owned_ipv4_pool": "",
            "enable_dns64": false,
            "enable_lni_at_device_index": 0,
            "enable_resource_name_dns_a_record_on_launch": false,
            "enable_resource_name_dns_aaaa_record_on_launch": false,
            "id": "subnet-0566a586c5a70e221",
            "ipv6_cidr_block": "",
            "ipv6_cidr_block_association_id": "",
            "ipv6_native": false,
            "map_customer_owned_ip_on_launch": false,
            "map_public_ip_on_launch": true,
            "outpost_arn": "",
            "owner_id": "571600859306",
            "private_dns_hostname_type_on_launch": "ip-name",
            "tags": {
              "Name": "public-subnet-2"
            },
            "tags_all": {
              "Name": "public-subnet-2"
            },
            "timeouts": null,
            "vpc_id": "vpc-026cf6a82c35cc17b"
          },
          "sensitive_attributes": [],
          "private": "eyJlMmJmYjczMC1lY2FhLTExZTYtOGY4OC0zNDM2M2JjN2M0YzAiOnsiY3JlYXRlIjo2MDAwMDAwMDAwMDAsImRlbGV0ZSI6MTIwMDAwMDAwMDAwMH0sInNjaGVtYV92ZXJzaW9uIjoiMSJ9",
          "dependencies": [
            "module.ilios_vpc.aws_vpc.ilios_vpc"
          ]
        }
      ]
    },
    {
      "module": "module.ilios_vpc",
      "mode": "managed",
      "type": "aws_vpc",
      "name": "ilios_vpc",
      "provider": "provider[\"registry.terraform.io/hashicorp/aws\"]",
      "instances": [
        {
          "schema_version": 1,
          "attributes": {
            "arn": "arn:aws:ec2:us-east-1:571600859306:vpc/vpc-026cf6a82c35cc17b",
            "assign_generated_ipv6_cidr_block": false,
            "cidr_block": "10.0.0.0/16",
            "default_network_acl_id": "acl-0791629ba34048912",
            "default_route_table_id": "rtb-0ab0ff86e37b52952",
            "default_security_group_id": "sg-03bb4393ac42ece40",
            "dhcp_options_id": "dopt-0de5d610c795d94b4",
            "enable_dns_hostnames": false,
            "enable_dns_support": true,
            "enable_network_address_usage_metrics": false,
            "id": "vpc-026cf6a82c35cc17b",
            "instance_tenancy": "default",
            "ipv4_ipam_pool_id": null,
            "ipv4_netmask_length": null,
            "ipv6_association_id": "",
            "ipv6_cidr_block": "",
            "ipv6_cidr_block_network_border_group": "",
            "ipv6_ipam_pool_id": "",
            "ipv6_netmask_length": 0,
            "main_route_table_id": "rtb-0ab0ff86e37b52952",
            "owner_id": "571600859306",
            "tags": {
              "Name": "ilios-vpc"
            },
            "tags_all": {
              "Name": "ilios-vpc"
            }
          },
          "sensitive_attributes": [],
          "private": "eyJzY2hlbWFfdmVyc2lvbiI6IjEifQ=="
        }
      ]
    }
  ],
  "check_results": null
}
