{
  "version": 4,
  "terraform_version": "1.10.4",
  "serial": 434,
  "lineage": "60e4b00d-fca1-ff3a-0dff-e844ab59beb8",
  "outputs": {
    "alb_dns_name": {
      "value": "test-lb-925324853.us-east-1.elb.amazonaws.com",
      "type": "string"
    },
    "aws_region": {
      "value": "us-east-1",
      "type": "string"
    },
    "cluster_ca_certificate": {
      "value": "LS0tLS1CRUdJTiBDRVJUSUZJQ0FURS0tLS0tCk1JSURCVENDQWUyZ0F3SUJBZ0lJR3ljUzFlMjNPOGN3RFFZSktvWklodmNOQVFFTEJRQXdGVEVUTUJFR0ExVUUKQXhNS2EzVmlaWEp1WlhSbGN6QWVGdzB5TlRBek1EWXlNREUxTkRkYUZ3MHpOVEF6TURReU1ESXdORGRhTUJVeApFekFSQmdOVkJBTVRDbXQxWW1WeWJtVjBaWE13Z2dFaU1BMEdDU3FHU0liM0RRRUJBUVVBQTRJQkR3QXdnZ0VLCkFvSUJBUUMrVTU2cTc2bytoWENEZ2hUZ3lQMDJXOTErTHlmSHRJWTM3dWNtOG1SaEpWd094UHFOZ2RybjgvNXoKMkNiTGlNZnl5Y0ZNTytwNUlJWWY5SytUaFZLNmJjR1lDcURvWGQwc1hLMWJWZlNoWCtjL0h0TzMzdG5GT2hHSAptUHpkN1czN0tucHBWYlNMSWlUVmhxOEY0dmlPZzlBNFpWU3RodVhDeXRINmZCNW9jbVgrdEI2ZmQ5dVYzTEpZCitiK0NDTWVyWGt5ZVFIb3NsZ2x2dmtDTnV1Z3RLL1VxVFlFekFpMnVuZUVSMHNJTnpsNko5aXgyS1FHTkRLRFIKSUZDZ2EwOXlrWHp1cERDTTYwR2VCN1d5ZDB1WEhBK3hVTWVxMTg2ZnZVRFlTMTF4R0JoclF0dlg4Qkt1ZDA2ZQovS2dsZlAxZEM2dEhtb3JJQW5mN1ZzOTFOT2diQWdNQkFBR2pXVEJYTUE0R0ExVWREd0VCL3dRRUF3SUNwREFQCkJnTlZIUk1CQWY4RUJUQURBUUgvTUIwR0ExVWREZ1FXQkJSdjQ3amFSSVZKSEFEQ3I2TVRaNERJWE1uaW1qQVYKQmdOVkhSRUVEakFNZ2dwcmRXSmxjbTVsZEdWek1BMEdDU3FHU0liM0RRRUJDd1VBQTRJQkFRQitWWmEvb3JEZgpQV0xUY3ZDZ25sN1ZXVENUU3ZKS2J5THF4ZjgxT2xxSGU2UTdvL09zelpSU1N0TEVLS1pvVWFNVTVGR0Q3ZmV5Ck1HMm9FSkhiV1kveVFYWlFzRVNCQ0F0WnUxdEZ2K3ViZ3hxM0hJYTBhNVFwMnBmd0sySy9ySGt3d3AxeXJTTFAKUExlQ2FzS1FmRnFzNmRvK0VMcTVicFdiTzBCUWxVTmVWdVZpZkJoMXA3SXpMRmRnRHpPczJrVVdvSkRBdjZrRQpab3ZZeHpmeDA3TGZ2THNUMDBrbGJXYnEyVlp0OTY2VGxrblJHK1JRR00rYTNvU1QwZzdRSU9zeXE5cG5JOHZoCkhVT1luMWxTbEI4VjNEd1AvWmh4OFdVaTRLR01uNzNhU3VldlFFQmFXRXd2Ny9LUFU1U3ZoWXd2WFRBQkVZWVYKZ3RKYkN6UXBlSVRrCi0tLS0tRU5EIENFUlRJRklDQVRFLS0tLS0K",
      "type": "string",
      "sensitive": true
    },
    "cluster_endpoint": {
      "value": "https://065B1633235931B9AB6445374ECADC88.gr7.us-east-1.eks.amazonaws.com",
      "type": "string"
    },
    "cluster_id": {
      "value": "test-cluster",
      "type": "string"
    },
    "instance_type": {
      "value": "t2.micro",
      "type": "string"
    },
    "internet_gateway_id": {
      "value": "igw-0b26e9c2b094a8dd9",
      "type": "string"
    },
    "irsa_role_arn": {
      "value": "arn:aws:iam::571600859306:oidc-provider/oidc.eks.us-east-1.amazonaws.com/id/065B1633235931B9AB6445374ECADC88",
      "type": "string"
    },
    "lb_arn": {
      "value": "arn:aws:elasticloadbalancing:us-east-1:571600859306:loadbalancer/app/test-lb/29873b33ed16f084",
      "type": "string"
    },
    "listener_arn": {
      "value": "arn:aws:elasticloadbalancing:us-east-1:571600859306:listener/app/test-lb/29873b33ed16f084/734711cfe04d62fd",
      "type": "string"
    },
    "nat_gateway_id": {
      "value": "nat-02435deac15579a15",
      "type": "string"
    },
    "oidc_role_arn": {
      "value": "arn:aws:iam::571600859306:role/GitHubActionsOIDCRole",
      "type": "string"
    },
    "private_subnet_ids": {
      "value": [
        "subnet-0f48a4d464601de99",
        "subnet-0403e7e3af5efb9b1"
      ],
      "type": [
        "tuple",
        [
          "string",
          "string"
        ]
      ]
    },
    "public_subnet_ids": {
      "value": [
        "subnet-01318918a6a4686ef",
        "subnet-041575a978b598341"
      ],
      "type": [
        "tuple",
        [
          "string",
          "string"
        ]
      ]
    },
    "target_group_arn": {
      "value": "arn:aws:elasticloadbalancing:us-east-1:571600859306:targetgroup/test-target-group/7e8436338875bf7d",
      "type": "string"
    },
    "vpc_cidr_block": {
      "value": "10.0.0.0/16",
      "type": "string"
    },
    "vpc_id": {
      "value": "vpc-049eeba9fae3f6bde",
      "type": "string"
    }
  },
  "resources": [
    {
      "module": "module.ilios_eks_cluster.module.eks",
      "mode": "data",
      "type": "aws_caller_identity",
      "name": "current",
      "provider": "provider[\"registry.terraform.io/hashicorp/aws\"]",
      "instances": [
        {
          "schema_version": 0,
          "attributes": {
            "account_id": "571600859306",
            "arn": "arn:aws:iam::571600859306:user/terraform",
            "id": "571600859306",
            "user_id": "AIDAYKFQQ6CVNGKTDDGI5"
          },
          "sensitive_attributes": []
        }
      ]
    },
    {
      "module": "module.ilios_eks_cluster.module.eks",
      "mode": "data",
      "type": "aws_default_tags",
      "name": "current",
      "provider": "provider[\"registry.terraform.io/hashicorp/aws\"]",
      "instances": [
        {
          "schema_version": 0,
          "attributes": {
            "id": "aws",
            "tags": {}
          },
          "sensitive_attributes": []
        }
      ]
    },
    {
      "module": "module.ilios_eks_cluster.module.eks",
      "mode": "data",
      "type": "aws_iam_policy_document",
      "name": "assume_role_policy",
      "provider": "provider[\"registry.terraform.io/hashicorp/aws\"]",
      "instances": [
        {
          "index_key": 0,
          "schema_version": 0,
          "attributes": {
            "id": "2764486067",
            "json": "{\n  \"Version\": \"2012-10-17\",\n  \"Statement\": [\n    {\n      \"Sid\": \"EKSClusterAssumeRole\",\n      \"Effect\": \"Allow\",\n      \"Action\": \"sts:AssumeRole\",\n      \"Principal\": {\n        \"Service\": \"eks.amazonaws.com\"\n      }\n    }\n  ]\n}",
            "minified_json": "{\"Version\":\"2012-10-17\",\"Statement\":[{\"Sid\":\"EKSClusterAssumeRole\",\"Effect\":\"Allow\",\"Action\":\"sts:AssumeRole\",\"Principal\":{\"Service\":\"eks.amazonaws.com\"}}]}",
            "override_json": null,
            "override_policy_documents": null,
            "policy_id": null,
            "source_json": null,
            "source_policy_documents": null,
            "statement": [
              {
                "actions": [
                  "sts:AssumeRole"
                ],
                "condition": [],
                "effect": "Allow",
                "not_actions": [],
                "not_principals": [],
                "not_resources": [],
                "principals": [
                  {
                    "identifiers": [
                      "eks.amazonaws.com"
                    ],
                    "type": "Service"
                  }
                ],
                "resources": [],
                "sid": "EKSClusterAssumeRole"
              }
            ],
            "version": "2012-10-17"
          },
          "sensitive_attributes": []
        }
      ]
    },
    {
      "module": "module.ilios_eks_cluster.module.eks",
      "mode": "data",
      "type": "aws_partition",
      "name": "current",
      "provider": "provider[\"registry.terraform.io/hashicorp/aws\"]",
      "instances": [
        {
          "schema_version": 0,
          "attributes": {
            "dns_suffix": "amazonaws.com",
            "id": "aws",
            "partition": "aws",
            "reverse_dns_prefix": "com.amazonaws"
          },
          "sensitive_attributes": []
        }
      ]
    },
    {
      "module": "module.ilios_eks_cluster.module.eks",
      "mode": "data",
      "type": "tls_certificate",
      "name": "this",
      "provider": "provider[\"registry.terraform.io/hashicorp/tls\"]",
      "instances": [
        {
          "index_key": 0,
          "schema_version": 0,
          "attributes": {
            "certificates": [
              {
                "cert_pem": "-----BEGIN CERTIFICATE-----\nMIIEdTCCA12gAwIBAgIJAKcOSkw0grd/MA0GCSqGSIb3DQEBCwUAMGgxCzAJBgNV\nBAYTAlVTMSUwIwYDVQQKExxTdGFyZmllbGQgVGVjaG5vbG9naWVzLCBJbmMuMTIw\nMAYDVQQLEylTdGFyZmllbGQgQ2xhc3MgMiBDZXJ0aWZpY2F0aW9uIEF1dGhvcml0\neTAeFw0wOTA5MDIwMDAwMDBaFw0zNDA2MjgxNzM5MTZaMIGYMQswCQYDVQQGEwJV\nUzEQMA4GA1UECBMHQXJpem9uYTETMBEGA1UEBxMKU2NvdHRzZGFsZTElMCMGA1UE\nChMcU3RhcmZpZWxkIFRlY2hub2xvZ2llcywgSW5jLjE7MDkGA1UEAxMyU3RhcmZp\nZWxkIFNlcnZpY2VzIFJvb3QgQ2VydGlmaWNhdGUgQXV0aG9yaXR5IC0gRzIwggEi\nMA0GCSqGSIb3DQEBAQUAA4IBDwAwggEKAoIBAQDVDDrEKvlO4vW+GZdfjohTsR8/\ny8+fIBNtKTrID30892t2OGPZNmCom15cAICyL1l/9of5JUOG52kbUpqQ4XHj2C0N\nTm/2yEnZtvMaVq4rtnQU68/7JuMauh2WLmo7WJSJR1b/JaCTcFOD2oR0FMNnngRo\nOt+OQFodSk7PQ5E751bWAHDLUu57fa4657wx+UX2wmDPE1kCK4DMNEffud6QZW0C\nzyyRpqbn3oUYSXxmTqM6bam17jQuug0DuDPfR+uxa40l2ZvOgdFFRjKWcIfeAg5J\nQ4W2bHO7ZOphQazJ1FTfhy/HIrImzJ9ZVGif/L4qL8RVHHVAYBeFAlU5i38FAgMB\nAAGjgfAwge0wDwYDVR0TAQH/BAUwAwEB/zAOBgNVHQ8BAf8EBAMCAYYwHQYDVR0O\nBBYEFJxfAN+qAdcwKziIorhtSpzyEZGDMB8GA1UdIwQYMBaAFL9ft9HO3R+G9FtV\nrNzXEMIOqYjnME8GCCsGAQUFBwEBBEMwQTAcBggrBgEFBQcwAYYQaHR0cDovL28u\nc3MyLnVzLzAhBggrBgEFBQcwAoYVaHR0cDovL3guc3MyLnVzL3guY2VyMCYGA1Ud\nHwQfMB0wG6AZoBeGFWh0dHA6Ly9zLnNzMi51cy9yLmNybDARBgNVHSAECjAIMAYG\nBFUdIAAwDQYJKoZIhvcNAQELBQADggEBACMd44pXyn3pF3lM8R5V/cxTbj5HD9/G\nVfKyBDbtgB9TxF00KGu+x1X8Z+rLP3+QsjPNG1gQggL4+C/1E2DUBc7xgQjB3ad1\nl08YuW3e95ORCLp+QCztweq7dp4zBncdDQh/U90bZKuCJ/Fp1U1ervShw3WnWEQt\n8jxwmKy6abaVd38PMV4s/KCHOkdp8Hlf9BRUpJVeEXgSYCfOn8J3/yNTd126/+pZ\n59vPr5KW7ySaNRB6nJHGDn2Z9j8Z3/VyVOEVqQdZe4O/Ui5GjLIAZHYcSNPYeehu\nVsyuLAOQ1xk4meTKCRlb/weWsKh/NEnfVqn3sF/tM+2MR7cwA130A4w=\n-----END CERTIFICATE-----\n",
                "is_ca": true,
                "issuer": "OU=Starfield Class 2 Certification Authority,O=Starfield Technologies\\, Inc.,C=US",
                "not_after": "2034-06-28T17:39:16Z",
                "not_before": "2009-09-02T00:00:00Z",
                "public_key_algorithm": "RSA",
                "serial_number": "12037640545166866303",
                "sha1_fingerprint": "9e99a48a9960b14926bb7f3b02e22da2b0ab7280",
                "signature_algorithm": "SHA256-RSA",
                "subject": "CN=Starfield Services Root Certificate Authority - G2,O=Starfield Technologies\\, Inc.,L=Scottsdale,ST=Arizona,C=US",
                "version": 3
              },
              {
                "cert_pem": "-----BEGIN CERTIFICATE-----\nMIIEkjCCA3qgAwIBAgITBn+USionzfP6wq4rAfkI7rnExjANBgkqhkiG9w0BAQsF\nADCBmDELMAkGA1UEBhMCVVMxEDAOBgNVBAgTB0FyaXpvbmExEzARBgNVBAcTClNj\nb3R0c2RhbGUxJTAjBgNVBAoTHFN0YXJmaWVsZCBUZWNobm9sb2dpZXMsIEluYy4x\nOzA5BgNVBAMTMlN0YXJmaWVsZCBTZXJ2aWNlcyBSb290IENlcnRpZmljYXRlIEF1\ndGhvcml0eSAtIEcyMB4XDTE1MDUyNTEyMDAwMFoXDTM3MTIzMTAxMDAwMFowOTEL\nMAkGA1UEBhMCVVMxDzANBgNVBAoTBkFtYXpvbjEZMBcGA1UEAxMQQW1hem9uIFJv\nb3QgQ0EgMTCCASIwDQYJKoZIhvcNAQEBBQADggEPADCCAQoCggEBALJ4gHHKeNXj\nca9HgFB0fW7Y14h29Jlo91ghYPl0hAEvrAIthtOgQ3pOsqTQNroBvo3bSMgHFzZM\n9O6II8c+6zf1tRn4SWiw3te5djgdYZ6k/oI2peVKVuRF4fn9tBb6dNqcmzU5L/qw\nIFAGbHrQgLKm+a/sRxmPUDgH3KKHOVj4utWp+UhnMJbulHheb4mjUcAwhmahRWa6\nVOujw5H5SNz/0egwLX0tdHA114gk957EWW67c4cX8jJGKLhD+rcdqsq08p8kDi1L\n93FcXmn/6pUCyziKrlA4b9v7LWIbxcceVOF34GfID5yHI9Y/QCB/IIDEgEw+OyQm\njgSubJrIqg0CAwEAAaOCATEwggEtMA8GA1UdEwEB/wQFMAMBAf8wDgYDVR0PAQH/\nBAQDAgGGMB0GA1UdDgQWBBSEGMyFNOy8DJSULghZnMeyEE4KCDAfBgNVHSMEGDAW\ngBScXwDfqgHXMCs4iKK4bUqc8hGRgzB4BggrBgEFBQcBAQRsMGowLgYIKwYBBQUH\nMAGGImh0dHA6Ly9vY3NwLnJvb3RnMi5hbWF6b250cnVzdC5jb20wOAYIKwYBBQUH\nMAKGLGh0dHA6Ly9jcnQucm9vdGcyLmFtYXpvbnRydXN0LmNvbS9yb290ZzIuY2Vy\nMD0GA1UdHwQ2MDQwMqAwoC6GLGh0dHA6Ly9jcmwucm9vdGcyLmFtYXpvbnRydXN0\nLmNvbS9yb290ZzIuY3JsMBEGA1UdIAQKMAgwBgYEVR0gADANBgkqhkiG9w0BAQsF\nAAOCAQEAYjdCXLwQtT6LLOkMm2xF4gcAevnFWAu5CIw+7bMlPLVvUOTNNWqnkzSW\nMiGpSESrnO09tKpzbeR/FoCJbM8oAxiDR3mjEH4wW6w7sGDgd9QIpuEdfF7Au/ma\neyKdpwAJfqxGF4PcnCZXmTA5YpaP7dreqsXMGz7KQ2hsVxa81Q4gLv7/wmpdLqBK\nbRRYh5TmOTFffHPLkIhqhBGWJ6bt2YFGpn6jcgAKUj6DiAdjd4lpFw85hdKrCEVN\n0FE6/V1dN2RMfjCyVSRCnTawXZwXgWHxyvkQAiSr6w10kY17RSlQOYiypok1JR4U\nakcjMS9cmvqtmg5iUaQqqcT5NJ0hGA==\n-----END CERTIFICATE-----\n",
                "is_ca": true,
                "issuer": "CN=Starfield Services Root Certificate Authority - G2,O=Starfield Technologies\\, Inc.,L=Scottsdale,ST=Arizona,C=US",
                "not_after": "2037-12-31T01:00:00Z",
                "not_before": "2015-05-25T12:00:00Z",
                "public_key_algorithm": "RSA",
                "serial_number": "144918191876577076464031512351042010504348870",
                "sha1_fingerprint": "06b25927c42a721631c1efd9431e648fa62e1e39",
                "signature_algorithm": "SHA256-RSA",
                "subject": "CN=Amazon Root CA 1,O=Amazon,C=US",
                "version": 3
              },
              {
                "cert_pem": "-----BEGIN CERTIFICATE-----\nMIIEXjCCA0agAwIBAgITB3MSTNQG0mfAmRzdKZqfODF5hTANBgkqhkiG9w0BAQsF\nADA5MQswCQYDVQQGEwJVUzEPMA0GA1UEChMGQW1hem9uMRkwFwYDVQQDExBBbWF6\nb24gUm9vdCBDQSAxMB4XDTIyMDgyMzIyMjYwNFoXDTMwMDgyMzIyMjYwNFowPDEL\nMAkGA1UEBhMCVVMxDzANBgNVBAoTBkFtYXpvbjEcMBoGA1UEAxMTQW1hem9uIFJT\nQSAyMDQ4IE0wMzCCASIwDQYJKoZIhvcNAQEBBQADggEPADCCAQoCggEBALd/pVko\n8vuM475Tf45HV3BbCl/B9Jy89G1CRkFjcPY06WA9lS+7dWbUA7GtWUKoksr69hKM\nwcMsNpxlw7b3jeXFgxB09/nmalcAWtnLzF+LaDKEA5DQmvKzuh1nfIfqEiKCQSmX\nXh09Xs+dO7cm5qbaL2hhNJCSAejciwcvOFgFNgEMR42wm6KIFHsQW28jhA+1u/M0\np6fVwReuEgZfLfdx82Px0LJck3lST3EB/JfbdsdOzzzg5YkY1dfuqf8y5fUeZ7Cz\nWXbTjujwX/TovmeWKA36VLCz75azW6tDNuDn66FOpADZZ9omVaF6BqNJiLMVl6P3\n/c0OiUMC6Z5OfKcCAwEAAaOCAVowggFWMBIGA1UdEwEB/wQIMAYBAf8CAQAwDgYD\nVR0PAQH/BAQDAgGGMB0GA1UdJQQWMBQGCCsGAQUFBwMBBggrBgEFBQcDAjAdBgNV\nHQ4EFgQUVdkYX9IczAHhWLS+q9lVQgHXLgIwHwYDVR0jBBgwFoAUhBjMhTTsvAyU\nlC4IWZzHshBOCggwewYIKwYBBQUHAQEEbzBtMC8GCCsGAQUFBzABhiNodHRwOi8v\nb2NzcC5yb290Y2ExLmFtYXpvbnRydXN0LmNvbTA6BggrBgEFBQcwAoYuaHR0cDov\nL2NydC5yb290Y2ExLmFtYXpvbnRydXN0LmNvbS9yb290Y2ExLmNlcjA/BgNVHR8E\nODA2MDSgMqAwhi5odHRwOi8vY3JsLnJvb3RjYTEuYW1hem9udHJ1c3QuY29tL3Jv\nb3RjYTEuY3JsMBMGA1UdIAQMMAowCAYGZ4EMAQIBMA0GCSqGSIb3DQEBCwUAA4IB\nAQAGjeWm2cC+3z2MzSCnte46/7JZvj3iQZDY7EvODNdZF41n71Lrk9kbfNwerK0d\nVNzW36Wefr7j7ZSwBVg50W5ay65jNSN74TTQV1yt4WnSbVvN6KlMs1hiyOZdoHKs\nKDV2UGNxbdoBYCQNa2GYF8FQIWLugNp35aSOpMy6cFlymFQomIrnOQHwK1nvVY4q\nxDSJMU/gNJz17D8ArPN3ngnyZ2TwepJ0uBINz3G5te2rdFUF4i4Y3Bb7FUlHDYm4\nu8aIRGpk2ZpfXmxaoxnbIBZRvGLPSUuPwnwoUOMsJ8jirI5vs2dvchPb7MtI1rle\ni02f2ivH2vxkjDLltSpe2fiC\n-----END CERTIFICATE-----\n",
                "is_ca": true,
                "issuer": "CN=Amazon Root CA 1,O=Amazon,C=US",
                "not_after": "2030-08-23T22:26:04Z",
                "not_before": "2022-08-23T22:26:04Z",
                "public_key_algorithm": "RSA",
                "serial_number": "166129356476704345391986644047206454194698629",
                "sha1_fingerprint": "d9fe0a65fa00cabf61f5120d373a8135e1461f15",
                "signature_algorithm": "SHA256-RSA",
                "subject": "CN=Amazon RSA 2048 M03,O=Amazon,C=US",
                "version": 3
              },
              {
                "cert_pem": "-----BEGIN CERTIFICATE-----\nMIIF5zCCBM+gAwIBAgIQB8/B5LYdWaaSLNb9DZLprTANBgkqhkiG9w0BAQsFADA8\nMQswCQYDVQQGEwJVUzEPMA0GA1UEChMGQW1hem9uMRwwGgYDVQQDExNBbWF6b24g\nUlNBIDIwNDggTTAzMB4XDTI1MDIyNjAwMDAwMFoXDTI2MDMyNzIzNTk1OVowKDEm\nMCQGA1UEAwwdKi5la3MudXMtZWFzdC0xLmFtYXpvbmF3cy5jb20wggEiMA0GCSqG\nSIb3DQEBAQUAA4IBDwAwggEKAoIBAQCoHWcgrIv/D6CxSXSxAq0GuOPoCJqnVz6U\nMhp1YLE9OZs3jH8EfYlNpGtqOtLa1vZb8Lp4CZdATHTj1SoK01MwmXXIDm2Jj+Km\niQvZ0BBe5xroDWvf3r/LWG/WMkRtR4F+qPb9pVYlM9N3WZdSAKfTQTowGxebugLc\nM/+ZLvAxxdtaXK+LID6JRKRa2BIRHcfILiNJo7vIS/I+DOqXn9Rb0VFnkpYpGE+k\nm47kVkFFsToior7zlAwPv6VWsm+zZV9zNnCpu9FpJ3vkZE9OGHS6aChtSya2Qpyr\njyF98KIFTQ+FKtDZHf9XLHmV5v/IP2bWk7lzmPYW4PwcPhDUmC9PAgMBAAGjggL3\nMIIC8zAfBgNVHSMEGDAWgBRV2Rhf0hzMAeFYtL6r2VVCAdcuAjAdBgNVHQ4EFgQU\n6mCbzMC1FaJuw7tKpv7muQZDZrowKAYDVR0RBCEwH4IdKi5la3MudXMtZWFzdC0x\nLmFtYXpvbmF3cy5jb20wEwYDVR0gBAwwCjAIBgZngQwBAgEwDgYDVR0PAQH/BAQD\nAgWgMB0GA1UdJQQWMBQGCCsGAQUFBwMBBggrBgEFBQcDAjA7BgNVHR8ENDAyMDCg\nLqAshipodHRwOi8vY3JsLnIybTAzLmFtYXpvbnRydXN0LmNvbS9yMm0wMy5jcmww\ndQYIKwYBBQUHAQEEaTBnMC0GCCsGAQUFBzABhiFodHRwOi8vb2NzcC5yMm0wMy5h\nbWF6b250cnVzdC5jb20wNgYIKwYBBQUHMAKGKmh0dHA6Ly9jcnQucjJtMDMuYW1h\nem9udHJ1c3QuY29tL3IybTAzLmNlcjAMBgNVHRMBAf8EAjAAMIIBfwYKKwYBBAHW\neQIEAgSCAW8EggFrAWkAdgAOV5S8866pPjMbLJkHs/eQ35vCPXEyJd0hqSWsYcVO\nIQAAAZVBW4SGAAAEAwBHMEUCIQC+CghIdRNpEnK+JGxaeHOel/pYJSUsog1eklre\nLGmoTwIgAj1vm4d6u/93S7GVfw7qotajiMfgHeEf7lANQf0mxf4AdgBkEcRspBLs\np4kcogIuALyrTygH1B41J6vq/tUDyX3N8AAAAZVBW4Q1AAAEAwBHMEUCIAYyeDIv\nJD1IhUkb1E59cbCwTcAYChrSArEZOOAib3dJAiEAix8XjjqXhMNuji/u2fzLxeZ7\nc5PCtDHWx3Ky7QYBfCUAdwBJnJtp3h187Pw23s2HZKa4W68Kh4AZ0VVS++nrKd34\nwwAAAZVBW4RMAAAEAwBIMEYCIQCsj67XcK6jtETNJEPTYPaFqJOMlNtM0TeJwGhm\nBc81sQIhAJoirhaQzC4ydAzLvjpVqKYyuqLktiHkTqFq8IGxBAkIMA0GCSqGSIb3\nDQEBCwUAA4IBAQAjjE2au5fdV/DrlD3e5zZ5hTB4CicIARTWvJQ6EsQm/vbXPoUY\nSHRZkOodq0AJWEC/RImGu8bnVY8RzGsELkMzI4A8UxdlH2YGP8obg6MfP6yGZaHM\nnS4wLX05EnmrABaoRB/apt7tE4w+yRa7QoxUgiTPpFzaQVv1mTcGaWMG55U8tPg7\nLXm539O4OBukbP8HNvjBZ8+N0RYrtG0u0M4FMX1hMKG0bkjJiU6MVZfGJWcgp7I4\nbd5cj5SfE1EHL70P7ELaocXjnWKbys9Mc870aoRXVfAC4bZWU6F9Ke3O7ioXXd5L\n0mKQwrjkiglpYaXc247Qi8IUCdk6s13xHJ4e\n-----END CERTIFICATE-----\n",
                "is_ca": false,
                "issuer": "CN=Amazon RSA 2048 M03,O=Amazon,C=US",
                "not_after": "2026-03-27T23:59:59Z",
                "not_before": "2025-02-26T00:00:00Z",
                "public_key_algorithm": "RSA",
                "serial_number": "10383334045647432453656403708671617453",
                "sha1_fingerprint": "63462dda480d8b900e0a7dbfaf6238a62ba4fce0",
                "signature_algorithm": "SHA256-RSA",
                "subject": "CN=*.eks.us-east-1.amazonaws.com",
                "version": 3
              }
            ],
            "content": null,
            "id": "922877a0975ad078a65b8ff11ebc47b8311945c7",
            "url": "https://oidc.eks.us-east-1.amazonaws.com/id/065B1633235931B9AB6445374ECADC88",
            "verify_chain": true
          },
          "sensitive_attributes": []
        }
      ]
    },
    {
      "module": "module.ilios_eks_cluster.module.eks",
      "mode": "managed",
      "type": "aws_cloudwatch_log_group",
      "name": "this",
      "provider": "provider[\"registry.terraform.io/hashicorp/aws\"]",
      "instances": [
        {
          "index_key": 0,
          "schema_version": 0,
          "attributes": {
            "arn": "arn:aws:logs:us-east-1:571600859306:log-group:/aws/eks/test-cluster/cluster",
            "id": "/aws/eks/test-cluster/cluster",
            "kms_key_id": "",
            "log_group_class": "STANDARD",
            "name": "/aws/eks/test-cluster/cluster",
            "name_prefix": "",
            "retention_in_days": 90,
            "skip_destroy": false,
            "tags": null,
            "tags_all": {}
          },
          "sensitive_attributes": [],
          "private": "bnVsbA==",
          "create_before_destroy": true
        }
      ]
    },
    {
      "module": "module.ilios_eks_cluster.module.eks",
      "mode": "managed",
      "type": "aws_eks_cluster",
      "name": "this",
      "provider": "provider[\"registry.terraform.io/hashicorp/aws\"]",
      "instances": [
        {
          "index_key": 0,
          "schema_version": 1,
          "attributes": {
            "access_config": [
              {
                "authentication_mode": "CONFIG_MAP",
                "bootstrap_cluster_creator_admin_permissions": true
              }
            ],
            "arn": "arn:aws:eks:us-east-1:571600859306:cluster/test-cluster",
            "bootstrap_self_managed_addons": true,
            "certificate_authority": [
              {
                "data": "LS0tLS1CRUdJTiBDRVJUSUZJQ0FURS0tLS0tCk1JSURCVENDQWUyZ0F3SUJBZ0lJR3ljUzFlMjNPOGN3RFFZSktvWklodmNOQVFFTEJRQXdGVEVUTUJFR0ExVUUKQXhNS2EzVmlaWEp1WlhSbGN6QWVGdzB5TlRBek1EWXlNREUxTkRkYUZ3MHpOVEF6TURReU1ESXdORGRhTUJVeApFekFSQmdOVkJBTVRDbXQxWW1WeWJtVjBaWE13Z2dFaU1BMEdDU3FHU0liM0RRRUJBUVVBQTRJQkR3QXdnZ0VLCkFvSUJBUUMrVTU2cTc2bytoWENEZ2hUZ3lQMDJXOTErTHlmSHRJWTM3dWNtOG1SaEpWd094UHFOZ2RybjgvNXoKMkNiTGlNZnl5Y0ZNTytwNUlJWWY5SytUaFZLNmJjR1lDcURvWGQwc1hLMWJWZlNoWCtjL0h0TzMzdG5GT2hHSAptUHpkN1czN0tucHBWYlNMSWlUVmhxOEY0dmlPZzlBNFpWU3RodVhDeXRINmZCNW9jbVgrdEI2ZmQ5dVYzTEpZCitiK0NDTWVyWGt5ZVFIb3NsZ2x2dmtDTnV1Z3RLL1VxVFlFekFpMnVuZUVSMHNJTnpsNko5aXgyS1FHTkRLRFIKSUZDZ2EwOXlrWHp1cERDTTYwR2VCN1d5ZDB1WEhBK3hVTWVxMTg2ZnZVRFlTMTF4R0JoclF0dlg4Qkt1ZDA2ZQovS2dsZlAxZEM2dEhtb3JJQW5mN1ZzOTFOT2diQWdNQkFBR2pXVEJYTUE0R0ExVWREd0VCL3dRRUF3SUNwREFQCkJnTlZIUk1CQWY4RUJUQURBUUgvTUIwR0ExVWREZ1FXQkJSdjQ3amFSSVZKSEFEQ3I2TVRaNERJWE1uaW1qQVYKQmdOVkhSRUVEakFNZ2dwcmRXSmxjbTVsZEdWek1BMEdDU3FHU0liM0RRRUJDd1VBQTRJQkFRQitWWmEvb3JEZgpQV0xUY3ZDZ25sN1ZXVENUU3ZKS2J5THF4ZjgxT2xxSGU2UTdvL09zelpSU1N0TEVLS1pvVWFNVTVGR0Q3ZmV5Ck1HMm9FSkhiV1kveVFYWlFzRVNCQ0F0WnUxdEZ2K3ViZ3hxM0hJYTBhNVFwMnBmd0sySy9ySGt3d3AxeXJTTFAKUExlQ2FzS1FmRnFzNmRvK0VMcTVicFdiTzBCUWxVTmVWdVZpZkJoMXA3SXpMRmRnRHpPczJrVVdvSkRBdjZrRQpab3ZZeHpmeDA3TGZ2THNUMDBrbGJXYnEyVlp0OTY2VGxrblJHK1JRR00rYTNvU1QwZzdRSU9zeXE5cG5JOHZoCkhVT1luMWxTbEI4VjNEd1AvWmh4OFdVaTRLR01uNzNhU3VldlFFQmFXRXd2Ny9LUFU1U3ZoWXd2WFRBQkVZWVYKZ3RKYkN6UXBlSVRrCi0tLS0tRU5EIENFUlRJRklDQVRFLS0tLS0K"
              }
            ],
            "cluster_id": null,
            "compute_config": [],
            "created_at": "2025-03-06T20:16:22Z",
            "enabled_cluster_log_types": [
              "api",
              "audit",
              "authenticator"
            ],
            "encryption_config": [],
            "endpoint": "https://065B1633235931B9AB6445374ECADC88.gr7.us-east-1.eks.amazonaws.com",
            "id": "test-cluster",
            "identity": [
              {
                "oidc": [
                  {
                    "issuer": "https://oidc.eks.us-east-1.amazonaws.com/id/065B1633235931B9AB6445374ECADC88"
                  }
                ]
              }
            ],
            "kubernetes_network_config": [
              {
                "elastic_load_balancing": [
                  {
                    "enabled": false
                  }
                ],
                "ip_family": "ipv4",
                "service_ipv4_cidr": "172.20.0.0/16",
                "service_ipv6_cidr": ""
              }
            ],
            "name": "test-cluster",
            "outpost_config": [],
            "platform_version": "eks.20",
            "remote_network_config": [],
            "role_arn": "arn:aws:iam::571600859306:role/test-cluster-cluster-20250306201612094300000001",
            "status": "ACTIVE",
            "storage_config": [],
            "tags": null,
            "tags_all": {},
            "timeouts": {
              "create": null,
              "delete": null,
              "update": null
            },
            "upgrade_policy": [
              {
                "support_type": "EXTENDED"
              }
            ],
            "version": "1.31",
            "vpc_config": [
              {
                "cluster_security_group_id": "sg-0c98073d82af2e10a",
                "endpoint_private_access": false,
                "endpoint_public_access": true,
                "public_access_cidrs": [
                  "0.0.0.0/0"
                ],
                "security_group_ids": [
                  "sg-0479b2abdcefcb9a4"
                ],
                "subnet_ids": [
                  "subnet-0403e7e3af5efb9b1",
                  "subnet-0f48a4d464601de99"
                ],
                "vpc_id": "vpc-049eeba9fae3f6bde"
              }
            ],
            "zonal_shift_config": []
          },
          "sensitive_attributes": [],
          "private": "eyJlMmJmYjczMC1lY2FhLTExZTYtOGY4OC0zNDM2M2JjN2M0YzAiOnsiY3JlYXRlIjoxODAwMDAwMDAwMDAwLCJkZWxldGUiOjkwMDAwMDAwMDAwMCwidXBkYXRlIjozNjAwMDAwMDAwMDAwfSwic2NoZW1hX3ZlcnNpb24iOiIxIn0=",
          "dependencies": [
            "module.ilios_eks_cluster.module.eks.aws_cloudwatch_log_group.this",
            "module.ilios_eks_cluster.module.eks.aws_iam_role.this",
            "module.ilios_eks_cluster.module.eks.aws_iam_role_policy_attachment.this",
            "module.ilios_eks_cluster.module.eks.aws_security_group.cluster",
            "module.ilios_eks_cluster.module.eks.aws_security_group.node",
            "module.ilios_eks_cluster.module.eks.aws_security_group_rule.cluster",
            "module.ilios_eks_cluster.module.eks.aws_security_group_rule.node",
            "module.ilios_eks_cluster.module.eks.data.aws_caller_identity.current",
            "module.ilios_eks_cluster.module.eks.data.aws_iam_policy_document.assume_role_policy",
            "module.ilios_eks_cluster.module.eks.data.aws_partition.current",
            "module.ilios_eks_cluster.module.eks.module.kms.aws_kms_external_key.this",
            "module.ilios_eks_cluster.module.eks.module.kms.aws_kms_key.this",
            "module.ilios_eks_cluster.module.eks.module.kms.data.aws_caller_identity.current",
            "module.ilios_eks_cluster.module.eks.module.kms.data.aws_iam_policy_document.this",
            "module.ilios_eks_cluster.module.eks.module.kms.data.aws_partition.current",
            "module.ilios_vpc.aws_subnet.ilios_private",
            "module.ilios_vpc.aws_vpc.ilios_vpc"
          ],
          "create_before_destroy": true
        }
      ]
    },
    {
      "module": "module.ilios_eks_cluster.module.eks",
      "mode": "managed",
      "type": "aws_iam_openid_connect_provider",
      "name": "oidc_provider",
      "provider": "provider[\"registry.terraform.io/hashicorp/aws\"]",
      "instances": [
        {
          "index_key": 0,
          "schema_version": 0,
          "attributes": {
            "arn": "arn:aws:iam::571600859306:oidc-provider/oidc.eks.us-east-1.amazonaws.com/id/065B1633235931B9AB6445374ECADC88",
            "client_id_list": [
              "sts.amazonaws.com"
            ],
            "id": "arn:aws:iam::571600859306:oidc-provider/oidc.eks.us-east-1.amazonaws.com/id/065B1633235931B9AB6445374ECADC88",
            "tags": {
              "Name": "test-cluster-eks-irsa"
            },
            "tags_all": {
              "Name": "test-cluster-eks-irsa"
            },
            "thumbprint_list": [
              "9e99a48a9960b14926bb7f3b02e22da2b0ab7280"
            ],
            "url": "oidc.eks.us-east-1.amazonaws.com/id/065B1633235931B9AB6445374ECADC88"
          },
          "sensitive_attributes": [],
          "private": "bnVsbA==",
          "dependencies": [
            "module.ilios_eks_cluster.module.eks.aws_cloudwatch_log_group.this",
            "module.ilios_eks_cluster.module.eks.aws_eks_cluster.this",
            "module.ilios_eks_cluster.module.eks.aws_iam_role.this",
            "module.ilios_eks_cluster.module.eks.aws_iam_role_policy_attachment.this",
            "module.ilios_eks_cluster.module.eks.aws_security_group.cluster",
            "module.ilios_eks_cluster.module.eks.aws_security_group.node",
            "module.ilios_eks_cluster.module.eks.aws_security_group_rule.cluster",
            "module.ilios_eks_cluster.module.eks.aws_security_group_rule.node",
            "module.ilios_eks_cluster.module.eks.data.aws_caller_identity.current",
            "module.ilios_eks_cluster.module.eks.data.aws_iam_policy_document.assume_role_policy",
            "module.ilios_eks_cluster.module.eks.data.aws_partition.current",
            "module.ilios_eks_cluster.module.eks.data.tls_certificate.this",
            "module.ilios_eks_cluster.module.eks.module.kms.aws_kms_external_key.this",
            "module.ilios_eks_cluster.module.eks.module.kms.aws_kms_key.this",
            "module.ilios_eks_cluster.module.eks.module.kms.data.aws_caller_identity.current",
            "module.ilios_eks_cluster.module.eks.module.kms.data.aws_iam_policy_document.this",
            "module.ilios_eks_cluster.module.eks.module.kms.data.aws_partition.current",
            "module.ilios_vpc.aws_subnet.ilios_private",
            "module.ilios_vpc.aws_vpc.ilios_vpc"
          ]
        }
      ]
    },
    {
      "module": "module.ilios_eks_cluster.module.eks",
      "mode": "managed",
      "type": "aws_iam_role",
      "name": "this",
      "provider": "provider[\"registry.terraform.io/hashicorp/aws\"]",
      "instances": [
        {
          "index_key": 0,
          "schema_version": 0,
          "attributes": {
            "arn": "arn:aws:iam::571600859306:role/test-cluster-cluster-20250306201612094300000001",
            "assume_role_policy": "{\"Statement\":[{\"Action\":\"sts:AssumeRole\",\"Effect\":\"Allow\",\"Principal\":{\"Service\":\"eks.amazonaws.com\"},\"Sid\":\"EKSClusterAssumeRole\"}],\"Version\":\"2012-10-17\"}",
            "create_date": "2025-03-06T20:16:12Z",
            "description": "",
            "force_detach_policies": true,
            "id": "test-cluster-cluster-20250306201612094300000001",
            "inline_policy": [
              {
                "name": "test-cluster-cluster",
                "policy": "{\"Version\":\"2012-10-17\",\"Statement\":[{\"Action\":[\"logs:CreateLogGroup\"],\"Effect\":\"Deny\",\"Resource\":\"*\"}]}"
              }
            ],
            "managed_policy_arns": [],
            "max_session_duration": 3600,
            "name": "test-cluster-cluster-20250306201612094300000001",
            "name_prefix": "test-cluster-cluster-",
            "path": "/",
            "permissions_boundary": "",
            "tags": null,
            "tags_all": {},
            "unique_id": "AROAYKFQQ6CVPRWDT2VWN"
          },
          "sensitive_attributes": [],
          "private": "bnVsbA==",
          "dependencies": [
            "module.ilios_eks_cluster.module.eks.data.aws_iam_policy_document.assume_role_policy",
            "module.ilios_eks_cluster.module.eks.data.aws_partition.current"
          ],
          "create_before_destroy": true
        }
      ]
    },
    {
      "module": "module.ilios_eks_cluster.module.eks",
      "mode": "managed",
      "type": "aws_iam_role_policy_attachment",
      "name": "this",
      "provider": "provider[\"registry.terraform.io/hashicorp/aws\"]",
      "instances": [
        {
          "index_key": "arn:aws:iam::aws:policy/AmazonEKSClusterPolicy",
          "schema_version": 0,
          "attributes": {
            "id": "test-cluster-cluster-20250306201612094300000001-20250306201612562700000002",
            "policy_arn": "arn:aws:iam::aws:policy/AmazonEKSClusterPolicy",
            "role": "test-cluster-cluster-20250306201612094300000001"
          },
          "sensitive_attributes": [],
          "private": "bnVsbA==",
          "dependencies": [
            "module.ilios_eks_cluster.module.eks.aws_iam_role.this",
            "module.ilios_eks_cluster.module.eks.data.aws_iam_policy_document.assume_role_policy",
            "module.ilios_eks_cluster.module.eks.data.aws_partition.current"
          ],
          "create_before_destroy": true
        },
        {
          "index_key": "arn:aws:iam::aws:policy/AmazonEKSVPCResourceController",
          "schema_version": 0,
          "attributes": {
            "id": "test-cluster-cluster-20250306201612094300000001-20250306201612574500000003",
            "policy_arn": "arn:aws:iam::aws:policy/AmazonEKSVPCResourceController",
            "role": "test-cluster-cluster-20250306201612094300000001"
          },
          "sensitive_attributes": [],
          "private": "bnVsbA==",
          "dependencies": [
            "module.ilios_eks_cluster.module.eks.aws_iam_role.this",
            "module.ilios_eks_cluster.module.eks.data.aws_iam_policy_document.assume_role_policy",
            "module.ilios_eks_cluster.module.eks.data.aws_partition.current"
          ],
          "create_before_destroy": true
        }
      ]
    },
    {
      "module": "module.ilios_eks_cluster.module.eks",
      "mode": "managed",
      "type": "aws_security_group",
      "name": "cluster",
      "provider": "provider[\"registry.terraform.io/hashicorp/aws\"]",
      "instances": [
        {
          "index_key": 0,
          "schema_version": 1,
          "attributes": {
            "arn": "arn:aws:ec2:us-east-1:571600859306:security-group/sg-0479b2abdcefcb9a4",
            "description": "EKS cluster security group",
            "egress": [],
            "id": "sg-0479b2abdcefcb9a4",
            "ingress": [],
            "name": "test-cluster-cluster-20250306201613299300000006",
            "name_prefix": "test-cluster-cluster-",
            "owner_id": "571600859306",
            "revoke_rules_on_delete": false,
            "tags": {
              "Name": "test-cluster-cluster"
            },
            "tags_all": {
              "Name": "test-cluster-cluster"
            },
            "timeouts": null,
            "vpc_id": "vpc-049eeba9fae3f6bde"
          },
          "sensitive_attributes": [],
          "private": "eyJlMmJmYjczMC1lY2FhLTExZTYtOGY4OC0zNDM2M2JjN2M0YzAiOnsiY3JlYXRlIjo2MDAwMDAwMDAwMDAsImRlbGV0ZSI6OTAwMDAwMDAwMDAwfSwic2NoZW1hX3ZlcnNpb24iOiIxIn0=",
          "dependencies": [
            "module.ilios_vpc.aws_vpc.ilios_vpc"
          ],
          "create_before_destroy": true
        }
      ]
    },
    {
      "module": "module.ilios_eks_cluster.module.eks",
      "mode": "managed",
      "type": "aws_security_group",
      "name": "node",
      "provider": "provider[\"registry.terraform.io/hashicorp/aws\"]",
      "instances": [
        {
          "index_key": 0,
          "schema_version": 1,
          "attributes": {
            "arn": "arn:aws:ec2:us-east-1:571600859306:security-group/sg-061a27a2ab1e6c25d",
            "description": "EKS node shared security group",
            "egress": [],
            "id": "sg-061a27a2ab1e6c25d",
            "ingress": [],
            "name": "test-cluster-node-20250306201613803500000007",
            "name_prefix": "test-cluster-node-",
            "owner_id": "571600859306",
            "revoke_rules_on_delete": false,
            "tags": {
              "Name": "test-cluster-node",
              "kubernetes.io/cluster/test-cluster": "owned"
            },
            "tags_all": {
              "Name": "test-cluster-node",
              "kubernetes.io/cluster/test-cluster": "owned"
            },
            "timeouts": null,
            "vpc_id": "vpc-049eeba9fae3f6bde"
          },
          "sensitive_attributes": [],
          "private": "eyJlMmJmYjczMC1lY2FhLTExZTYtOGY4OC0zNDM2M2JjN2M0YzAiOnsiY3JlYXRlIjo2MDAwMDAwMDAwMDAsImRlbGV0ZSI6OTAwMDAwMDAwMDAwfSwic2NoZW1hX3ZlcnNpb24iOiIxIn0=",
          "dependencies": [
            "module.ilios_vpc.aws_vpc.ilios_vpc"
          ],
          "create_before_destroy": true
        }
      ]
    },
    {
      "module": "module.ilios_eks_cluster.module.eks",
      "mode": "managed",
      "type": "aws_security_group_rule",
      "name": "cluster",
      "provider": "provider[\"registry.terraform.io/hashicorp/aws\"]",
      "instances": [
        {
          "index_key": "egress_all",
          "schema_version": 2,
          "attributes": {
            "cidr_blocks": [
              "0.0.0.0/0"
            ],
            "description": "Allow all egress",
            "from_port": 0,
            "id": "sgrule-731756508",
            "ipv6_cidr_blocks": null,
            "prefix_list_ids": [],
            "protocol": "-1",
            "security_group_id": "sg-0479b2abdcefcb9a4",
            "security_group_rule_id": "sgr-0c60ca22bd4f3bdb8",
            "self": false,
            "source_security_group_id": null,
            "timeouts": null,
            "to_port": 0,
            "type": "egress"
          },
          "sensitive_attributes": [],
          "private": "eyJlMmJmYjczMC1lY2FhLTExZTYtOGY4OC0zNDM2M2JjN2M0YzAiOnsiY3JlYXRlIjozMDAwMDAwMDAwMDB9LCJzY2hlbWFfdmVyc2lvbiI6IjIifQ==",
          "dependencies": [
            "module.ilios_eks_cluster.module.eks.aws_security_group.cluster",
            "module.ilios_eks_cluster.module.eks.aws_security_group.node",
            "module.ilios_vpc.aws_vpc.ilios_vpc"
          ],
          "create_before_destroy": true
        },
        {
          "index_key": "egress_nodes_443",
          "schema_version": 2,
          "attributes": {
            "cidr_blocks": null,
            "description": "Cluster API to node groups",
            "from_port": 443,
            "id": "sgrule-1838310429",
            "ipv6_cidr_blocks": null,
            "prefix_list_ids": [],
            "protocol": "tcp",
            "security_group_id": "sg-0479b2abdcefcb9a4",
            "security_group_rule_id": "sgr-000d9e5d9c4a4c6c2",
            "self": false,
            "source_security_group_id": "sg-061a27a2ab1e6c25d",
            "timeouts": null,
            "to_port": 443,
            "type": "egress"
          },
          "sensitive_attributes": [],
          "private": "eyJlMmJmYjczMC1lY2FhLTExZTYtOGY4OC0zNDM2M2JjN2M0YzAiOnsiY3JlYXRlIjozMDAwMDAwMDAwMDB9LCJzY2hlbWFfdmVyc2lvbiI6IjIifQ==",
          "dependencies": [
            "module.ilios_eks_cluster.module.eks.aws_security_group.cluster",
            "module.ilios_eks_cluster.module.eks.aws_security_group.node",
            "module.ilios_vpc.aws_vpc.ilios_vpc"
          ],
          "create_before_destroy": true
        },
        {
          "index_key": "egress_nodes_kubelet",
          "schema_version": 2,
          "attributes": {
            "cidr_blocks": null,
            "description": "Cluster API to node kubelets",
            "from_port": 10250,
            "id": "sgrule-2184612603",
            "ipv6_cidr_blocks": null,
            "prefix_list_ids": [],
            "protocol": "tcp",
            "security_group_id": "sg-0479b2abdcefcb9a4",
            "security_group_rule_id": "sgr-05b0a8be58880c92d",
            "self": false,
            "source_security_group_id": "sg-061a27a2ab1e6c25d",
            "timeouts": null,
            "to_port": 10250,
            "type": "egress"
          },
          "sensitive_attributes": [],
          "private": "eyJlMmJmYjczMC1lY2FhLTExZTYtOGY4OC0zNDM2M2JjN2M0YzAiOnsiY3JlYXRlIjozMDAwMDAwMDAwMDB9LCJzY2hlbWFfdmVyc2lvbiI6IjIifQ==",
          "dependencies": [
            "module.ilios_eks_cluster.module.eks.aws_security_group.cluster",
            "module.ilios_eks_cluster.module.eks.aws_security_group.node",
            "module.ilios_vpc.aws_vpc.ilios_vpc"
          ],
          "create_before_destroy": true
        },
        {
          "index_key": "ingress_http",
          "schema_version": 2,
          "attributes": {
            "cidr_blocks": [
              "0.0.0.0/0"
            ],
            "description": "Allow HTTP access",
            "from_port": 80,
            "id": "sgrule-1481264590",
            "ipv6_cidr_blocks": null,
            "prefix_list_ids": [],
            "protocol": "tcp",
            "security_group_id": "sg-0479b2abdcefcb9a4",
            "security_group_rule_id": "sgr-0d65894c43bec0af5",
            "self": false,
            "source_security_group_id": null,
            "timeouts": null,
            "to_port": 80,
            "type": "ingress"
          },
          "sensitive_attributes": [],
          "private": "eyJlMmJmYjczMC1lY2FhLTExZTYtOGY4OC0zNDM2M2JjN2M0YzAiOnsiY3JlYXRlIjozMDAwMDAwMDAwMDB9LCJzY2hlbWFfdmVyc2lvbiI6IjIifQ==",
          "dependencies": [
            "module.ilios_eks_cluster.module.eks.aws_security_group.cluster",
            "module.ilios_eks_cluster.module.eks.aws_security_group.node",
            "module.ilios_vpc.aws_vpc.ilios_vpc"
          ],
          "create_before_destroy": true
        },
        {
          "index_key": "ingress_nodes_443",
          "schema_version": 2,
          "attributes": {
            "cidr_blocks": null,
            "description": "Node groups to cluster API",
            "from_port": 443,
            "id": "sgrule-1115605104",
            "ipv6_cidr_blocks": null,
            "prefix_list_ids": [],
            "protocol": "tcp",
            "security_group_id": "sg-0479b2abdcefcb9a4",
            "security_group_rule_id": "sgr-0c4824e2d9433a67e",
            "self": false,
            "source_security_group_id": "sg-061a27a2ab1e6c25d",
            "timeouts": null,
            "to_port": 443,
            "type": "ingress"
          },
          "sensitive_attributes": [],
          "private": "eyJlMmJmYjczMC1lY2FhLTExZTYtOGY4OC0zNDM2M2JjN2M0YzAiOnsiY3JlYXRlIjozMDAwMDAwMDAwMDB9LCJzY2hlbWFfdmVyc2lvbiI6IjIifQ==",
          "dependencies": [
            "module.ilios_eks_cluster.module.eks.aws_security_group.cluster",
            "module.ilios_eks_cluster.module.eks.aws_security_group.node",
            "module.ilios_vpc.aws_vpc.ilios_vpc"
          ],
          "create_before_destroy": true
        }
      ]
    },
    {
      "module": "module.ilios_eks_cluster.module.eks",
      "mode": "managed",
      "type": "aws_security_group_rule",
      "name": "node",
      "provider": "provider[\"registry.terraform.io/hashicorp/aws\"]",
      "instances": [
        {
          "index_key": "egress_all",
          "schema_version": 2,
          "attributes": {
            "cidr_blocks": [
              "0.0.0.0/0"
            ],
            "description": "Allow all egress",
            "from_port": 0,
            "id": "sgrule-1620583542",
            "ipv6_cidr_blocks": null,
            "prefix_list_ids": [],
            "protocol": "-1",
            "security_group_id": "sg-061a27a2ab1e6c25d",
            "security_group_rule_id": "sgr-002f43e757ea20496",
            "self": false,
            "source_security_group_id": null,
            "timeouts": null,
            "to_port": 0,
            "type": "egress"
          },
          "sensitive_attributes": [],
          "private": "eyJlMmJmYjczMC1lY2FhLTExZTYtOGY4OC0zNDM2M2JjN2M0YzAiOnsiY3JlYXRlIjozMDAwMDAwMDAwMDB9LCJzY2hlbWFfdmVyc2lvbiI6IjIifQ==",
          "dependencies": [
            "module.ilios_eks_cluster.module.eks.aws_security_group.cluster",
            "module.ilios_eks_cluster.module.eks.aws_security_group.node",
            "module.ilios_vpc.aws_vpc.ilios_vpc"
          ],
          "create_before_destroy": true
        },
        {
          "index_key": "egress_cluster_443",
          "schema_version": 2,
          "attributes": {
            "cidr_blocks": null,
            "description": "Node groups to cluster API",
            "from_port": 443,
            "id": "sgrule-2708268525",
            "ipv6_cidr_blocks": null,
            "prefix_list_ids": [],
            "protocol": "tcp",
            "security_group_id": "sg-061a27a2ab1e6c25d",
            "security_group_rule_id": "sgr-0f59e936be77575b2",
            "self": false,
            "source_security_group_id": "sg-0479b2abdcefcb9a4",
            "timeouts": null,
            "to_port": 443,
            "type": "egress"
          },
          "sensitive_attributes": [],
          "private": "eyJlMmJmYjczMC1lY2FhLTExZTYtOGY4OC0zNDM2M2JjN2M0YzAiOnsiY3JlYXRlIjozMDAwMDAwMDAwMDB9LCJzY2hlbWFfdmVyc2lvbiI6IjIifQ==",
          "dependencies": [
            "module.ilios_eks_cluster.module.eks.aws_security_group.cluster",
            "module.ilios_eks_cluster.module.eks.aws_security_group.node",
            "module.ilios_vpc.aws_vpc.ilios_vpc"
          ],
          "create_before_destroy": true
        },
        {
          "index_key": "egress_https",
          "schema_version": 2,
          "attributes": {
            "cidr_blocks": [
              "0.0.0.0/0"
            ],
            "description": "Egress all HTTPS to internet",
            "from_port": 443,
            "id": "sgrule-239389537",
            "ipv6_cidr_blocks": null,
            "prefix_list_ids": [],
            "protocol": "tcp",
            "security_group_id": "sg-061a27a2ab1e6c25d",
            "security_group_rule_id": "sgr-093d6d346f45c158d",
            "self": false,
            "source_security_group_id": null,
            "timeouts": null,
            "to_port": 443,
            "type": "egress"
          },
          "sensitive_attributes": [],
          "private": "eyJlMmJmYjczMC1lY2FhLTExZTYtOGY4OC0zNDM2M2JjN2M0YzAiOnsiY3JlYXRlIjozMDAwMDAwMDAwMDB9LCJzY2hlbWFfdmVyc2lvbiI6IjIifQ==",
          "dependencies": [
            "module.ilios_eks_cluster.module.eks.aws_security_group.cluster",
            "module.ilios_eks_cluster.module.eks.aws_security_group.node",
            "module.ilios_vpc.aws_vpc.ilios_vpc"
          ],
          "create_before_destroy": true
        },
        {
          "index_key": "egress_ntp_tcp",
          "schema_version": 2,
          "attributes": {
            "cidr_blocks": [
              "0.0.0.0/0"
            ],
            "description": "Egress NTP/TCP to internet",
            "from_port": 123,
            "id": "sgrule-3516593791",
            "ipv6_cidr_blocks": null,
            "prefix_list_ids": [],
            "protocol": "tcp",
            "security_group_id": "sg-061a27a2ab1e6c25d",
            "security_group_rule_id": "sgr-0cd0a5ad3a5e63275",
            "self": false,
            "source_security_group_id": null,
            "timeouts": null,
            "to_port": 123,
            "type": "egress"
          },
          "sensitive_attributes": [],
          "private": "eyJlMmJmYjczMC1lY2FhLTExZTYtOGY4OC0zNDM2M2JjN2M0YzAiOnsiY3JlYXRlIjozMDAwMDAwMDAwMDB9LCJzY2hlbWFfdmVyc2lvbiI6IjIifQ==",
          "dependencies": [
            "module.ilios_eks_cluster.module.eks.aws_security_group.cluster",
            "module.ilios_eks_cluster.module.eks.aws_security_group.node",
            "module.ilios_vpc.aws_vpc.ilios_vpc"
          ],
          "create_before_destroy": true
        },
        {
          "index_key": "egress_ntp_udp",
          "schema_version": 2,
          "attributes": {
            "cidr_blocks": [
              "0.0.0.0/0"
            ],
            "description": "Egress NTP/UDP to internet",
            "from_port": 123,
            "id": "sgrule-2936329074",
            "ipv6_cidr_blocks": null,
            "prefix_list_ids": [],
            "protocol": "udp",
            "security_group_id": "sg-061a27a2ab1e6c25d",
            "security_group_rule_id": "sgr-0a41c6a36d15b8298",
            "self": false,
            "source_security_group_id": null,
            "timeouts": null,
            "to_port": 123,
            "type": "egress"
          },
          "sensitive_attributes": [],
          "private": "eyJlMmJmYjczMC1lY2FhLTExZTYtOGY4OC0zNDM2M2JjN2M0YzAiOnsiY3JlYXRlIjozMDAwMDAwMDAwMDB9LCJzY2hlbWFfdmVyc2lvbiI6IjIifQ==",
          "dependencies": [
            "module.ilios_eks_cluster.module.eks.aws_security_group.cluster",
            "module.ilios_eks_cluster.module.eks.aws_security_group.node",
            "module.ilios_vpc.aws_vpc.ilios_vpc"
          ],
          "create_before_destroy": true
        },
        {
          "index_key": "egress_self_coredns_tcp",
          "schema_version": 2,
          "attributes": {
            "cidr_blocks": null,
            "description": "Node to node CoreDNS",
            "from_port": 53,
            "id": "sgrule-3120941388",
            "ipv6_cidr_blocks": null,
            "prefix_list_ids": [],
            "protocol": "tcp",
            "security_group_id": "sg-061a27a2ab1e6c25d",
            "security_group_rule_id": "sgr-0c77d80689e357240",
            "self": true,
            "source_security_group_id": null,
            "timeouts": null,
            "to_port": 53,
            "type": "egress"
          },
          "sensitive_attributes": [],
          "private": "eyJlMmJmYjczMC1lY2FhLTExZTYtOGY4OC0zNDM2M2JjN2M0YzAiOnsiY3JlYXRlIjozMDAwMDAwMDAwMDB9LCJzY2hlbWFfdmVyc2lvbiI6IjIifQ==",
          "dependencies": [
            "module.ilios_eks_cluster.module.eks.aws_security_group.cluster",
            "module.ilios_eks_cluster.module.eks.aws_security_group.node",
            "module.ilios_vpc.aws_vpc.ilios_vpc"
          ],
          "create_before_destroy": true
        },
        {
          "index_key": "egress_self_coredns_udp",
          "schema_version": 2,
          "attributes": {
            "cidr_blocks": null,
            "description": "Node to node CoreDNS",
            "from_port": 53,
            "id": "sgrule-878857002",
            "ipv6_cidr_blocks": null,
            "prefix_list_ids": [],
            "protocol": "udp",
            "security_group_id": "sg-061a27a2ab1e6c25d",
            "security_group_rule_id": "sgr-0cb0136eb44ef0355",
            "self": true,
            "source_security_group_id": null,
            "timeouts": null,
            "to_port": 53,
            "type": "egress"
          },
          "sensitive_attributes": [],
          "private": "eyJlMmJmYjczMC1lY2FhLTExZTYtOGY4OC0zNDM2M2JjN2M0YzAiOnsiY3JlYXRlIjozMDAwMDAwMDAwMDB9LCJzY2hlbWFfdmVyc2lvbiI6IjIifQ==",
          "dependencies": [
            "module.ilios_eks_cluster.module.eks.aws_security_group.cluster",
            "module.ilios_eks_cluster.module.eks.aws_security_group.node",
            "module.ilios_vpc.aws_vpc.ilios_vpc"
          ],
          "create_before_destroy": true
        },
        {
          "index_key": "ingress_cluster_443",
          "schema_version": 2,
          "attributes": {
            "cidr_blocks": null,
            "description": "Cluster API to node groups",
            "from_port": 443,
            "id": "sgrule-702433212",
            "ipv6_cidr_blocks": null,
            "prefix_list_ids": [],
            "protocol": "tcp",
            "security_group_id": "sg-061a27a2ab1e6c25d",
            "security_group_rule_id": "sgr-0b82170b36c007d1a",
            "self": false,
            "source_security_group_id": "sg-0479b2abdcefcb9a4",
            "timeouts": null,
            "to_port": 443,
            "type": "ingress"
          },
          "sensitive_attributes": [],
          "private": "eyJlMmJmYjczMC1lY2FhLTExZTYtOGY4OC0zNDM2M2JjN2M0YzAiOnsiY3JlYXRlIjozMDAwMDAwMDAwMDB9LCJzY2hlbWFfdmVyc2lvbiI6IjIifQ==",
          "dependencies": [
            "module.ilios_eks_cluster.module.eks.aws_security_group.cluster",
            "module.ilios_eks_cluster.module.eks.aws_security_group.node",
            "module.ilios_vpc.aws_vpc.ilios_vpc"
          ],
          "create_before_destroy": true
        },
        {
          "index_key": "ingress_cluster_kubelet",
          "schema_version": 2,
          "attributes": {
            "cidr_blocks": null,
            "description": "Cluster API to node kubelets",
            "from_port": 10250,
            "id": "sgrule-940774556",
            "ipv6_cidr_blocks": null,
            "prefix_list_ids": [],
            "protocol": "tcp",
            "security_group_id": "sg-061a27a2ab1e6c25d",
            "security_group_rule_id": "sgr-0f3dd7bc46a5a47bc",
            "self": false,
            "source_security_group_id": "sg-0479b2abdcefcb9a4",
            "timeouts": null,
            "to_port": 10250,
            "type": "ingress"
          },
          "sensitive_attributes": [],
          "private": "eyJlMmJmYjczMC1lY2FhLTExZTYtOGY4OC0zNDM2M2JjN2M0YzAiOnsiY3JlYXRlIjozMDAwMDAwMDAwMDB9LCJzY2hlbWFfdmVyc2lvbiI6IjIifQ==",
          "dependencies": [
            "module.ilios_eks_cluster.module.eks.aws_security_group.cluster",
            "module.ilios_eks_cluster.module.eks.aws_security_group.node",
            "module.ilios_vpc.aws_vpc.ilios_vpc"
          ],
          "create_before_destroy": true
        },
        {
          "index_key": "ingress_http",
          "schema_version": 2,
          "attributes": {
            "cidr_blocks": [
              "0.0.0.0/0"
            ],
            "description": "Allow HTTP access",
            "from_port": 80,
            "id": "sgrule-3255378624",
            "ipv6_cidr_blocks": null,
            "prefix_list_ids": [],
            "protocol": "tcp",
            "security_group_id": "sg-061a27a2ab1e6c25d",
            "security_group_rule_id": "sgr-0c825e5e082fd1fc3",
            "self": false,
            "source_security_group_id": null,
            "timeouts": null,
            "to_port": 80,
            "type": "ingress"
          },
          "sensitive_attributes": [],
          "private": "eyJlMmJmYjczMC1lY2FhLTExZTYtOGY4OC0zNDM2M2JjN2M0YzAiOnsiY3JlYXRlIjozMDAwMDAwMDAwMDB9LCJzY2hlbWFfdmVyc2lvbiI6IjIifQ==",
          "dependencies": [
            "module.ilios_eks_cluster.module.eks.aws_security_group.cluster",
            "module.ilios_eks_cluster.module.eks.aws_security_group.node",
            "module.ilios_vpc.aws_vpc.ilios_vpc"
          ],
          "create_before_destroy": true
        },
        {
          "index_key": "ingress_self_coredns_tcp",
          "schema_version": 2,
          "attributes": {
            "cidr_blocks": null,
            "description": "Node to node CoreDNS",
            "from_port": 53,
            "id": "sgrule-1589984959",
            "ipv6_cidr_blocks": null,
            "prefix_list_ids": [],
            "protocol": "tcp",
            "security_group_id": "sg-061a27a2ab1e6c25d",
            "security_group_rule_id": "sgr-0e5e2fd481d390922",
            "self": true,
            "source_security_group_id": null,
            "timeouts": null,
            "to_port": 53,
            "type": "ingress"
          },
          "sensitive_attributes": [],
          "private": "eyJlMmJmYjczMC1lY2FhLTExZTYtOGY4OC0zNDM2M2JjN2M0YzAiOnsiY3JlYXRlIjozMDAwMDAwMDAwMDB9LCJzY2hlbWFfdmVyc2lvbiI6IjIifQ==",
          "dependencies": [
            "module.ilios_eks_cluster.module.eks.aws_security_group.cluster",
            "module.ilios_eks_cluster.module.eks.aws_security_group.node",
            "module.ilios_vpc.aws_vpc.ilios_vpc"
          ],
          "create_before_destroy": true
        },
        {
          "index_key": "ingress_self_coredns_udp",
          "schema_version": 2,
          "attributes": {
            "cidr_blocks": null,
            "description": "Node to node CoreDNS",
            "from_port": 53,
            "id": "sgrule-4204436816",
            "ipv6_cidr_blocks": null,
            "prefix_list_ids": [],
            "protocol": "udp",
            "security_group_id": "sg-061a27a2ab1e6c25d",
            "security_group_rule_id": "sgr-01e4e4b263e04ecfe",
            "self": true,
            "source_security_group_id": null,
            "timeouts": null,
            "to_port": 53,
            "type": "ingress"
          },
          "sensitive_attributes": [],
          "private": "eyJlMmJmYjczMC1lY2FhLTExZTYtOGY4OC0zNDM2M2JjN2M0YzAiOnsiY3JlYXRlIjozMDAwMDAwMDAwMDB9LCJzY2hlbWFfdmVyc2lvbiI6IjIifQ==",
          "dependencies": [
            "module.ilios_eks_cluster.module.eks.aws_security_group.cluster",
            "module.ilios_eks_cluster.module.eks.aws_security_group.node",
            "module.ilios_vpc.aws_vpc.ilios_vpc"
          ],
          "create_before_destroy": true
        },
        {
          "index_key": "ingress_ssh",
          "schema_version": 2,
          "attributes": {
            "cidr_blocks": [
              "0.0.0.0/0"
            ],
            "description": "Allow SSH access",
            "from_port": 22,
            "id": "sgrule-1954774901",
            "ipv6_cidr_blocks": null,
            "prefix_list_ids": [],
            "protocol": "tcp",
            "security_group_id": "sg-061a27a2ab1e6c25d",
            "security_group_rule_id": "sgr-0bcccc138edb98cd9",
            "self": false,
            "source_security_group_id": null,
            "timeouts": null,
            "to_port": 22,
            "type": "ingress"
          },
          "sensitive_attributes": [],
          "private": "eyJlMmJmYjczMC1lY2FhLTExZTYtOGY4OC0zNDM2M2JjN2M0YzAiOnsiY3JlYXRlIjozMDAwMDAwMDAwMDB9LCJzY2hlbWFfdmVyc2lvbiI6IjIifQ==",
          "dependencies": [
            "module.ilios_eks_cluster.module.eks.aws_security_group.cluster",
            "module.ilios_eks_cluster.module.eks.aws_security_group.node",
            "module.ilios_vpc.aws_vpc.ilios_vpc"
          ],
          "create_before_destroy": true
        }
      ]
    },
    {
      "module": "module.ilios_eks_cluster.module.eks",
      "mode": "managed",
      "type": "kubernetes_config_map_v1_data",
      "name": "aws_auth",
      "provider": "provider[\"registry.terraform.io/hashicorp/kubernetes\"]",
      "instances": [
        {
          "index_key": 0,
          "schema_version": 0,
          "attributes": {
            "data": {
              "mapAccounts": "[]\n",
              "mapRoles": "- \"groups\":\n  - \"system:bootstrappers\"\n  - \"system:nodes\"\n  \"rolearn\": \"arn:aws:iam::571600859306:role/test-node-group-eks-node-group-20250306201614050800000009\"\n  \"username\": \"system:node:{{EC2PrivateDNSName}}\"\n- \"groups\":\n  - \"system:masters\"\n  \"rolearn\": \"arn:aws:iam::571600859306:role/GitHubActionsOIDCRole\"\n  \"username\": \"github-actions\"\n",
              "mapUsers": "[]\n"
            },
            "field_manager": "Terraform",
            "force": true,
            "id": "kube-system/aws-auth",
            "metadata": [
              {
                "name": "aws-auth",
                "namespace": "kube-system"
              }
            ]
          },
          "sensitive_attributes": [],
          "private": "bnVsbA==",
          "dependencies": [
            "module.ilios_eks_cluster.module.eks.aws_cloudwatch_log_group.this",
            "module.ilios_eks_cluster.module.eks.aws_eks_cluster.this",
            "module.ilios_eks_cluster.module.eks.aws_iam_role.this",
            "module.ilios_eks_cluster.module.eks.aws_iam_role_policy_attachment.this",
            "module.ilios_eks_cluster.module.eks.aws_security_group.cluster",
            "module.ilios_eks_cluster.module.eks.aws_security_group.node",
            "module.ilios_eks_cluster.module.eks.aws_security_group_rule.cluster",
            "module.ilios_eks_cluster.module.eks.aws_security_group_rule.node",
            "module.ilios_eks_cluster.module.eks.data.aws_caller_identity.current",
            "module.ilios_eks_cluster.module.eks.data.aws_iam_policy_document.assume_role_policy",
            "module.ilios_eks_cluster.module.eks.data.aws_partition.current",
            "module.ilios_eks_cluster.module.eks.kubernetes_config_map.aws_auth",
            "module.ilios_eks_cluster.module.eks.module.eks_managed_node_group.aws_eks_node_group.this",
            "module.ilios_eks_cluster.module.eks.module.eks_managed_node_group.aws_iam_role.this",
            "module.ilios_eks_cluster.module.eks.module.eks_managed_node_group.aws_iam_role_policy_attachment.this",
            "module.ilios_eks_cluster.module.eks.module.eks_managed_node_group.aws_launch_template.this",
            "module.ilios_eks_cluster.module.eks.module.eks_managed_node_group.aws_security_group.this",
            "module.ilios_eks_cluster.module.eks.module.eks_managed_node_group.aws_security_group_rule.this",
            "module.ilios_eks_cluster.module.eks.module.eks_managed_node_group.data.aws_caller_identity.current",
            "module.ilios_eks_cluster.module.eks.module.eks_managed_node_group.data.aws_iam_policy_document.assume_role_policy",
            "module.ilios_eks_cluster.module.eks.module.eks_managed_node_group.data.aws_partition.current",
            "module.ilios_eks_cluster.module.eks.module.eks_managed_node_group.module.user_data.data.cloudinit_config.linux_eks_managed_node_group",
            "module.ilios_eks_cluster.module.eks.module.fargate_profile.aws_eks_fargate_profile.this",
            "module.ilios_eks_cluster.module.eks.module.fargate_profile.aws_iam_role.this",
            "module.ilios_eks_cluster.module.eks.module.fargate_profile.aws_iam_role_policy_attachment.this",
            "module.ilios_eks_cluster.module.eks.module.fargate_profile.data.aws_caller_identity.current",
            "module.ilios_eks_cluster.module.eks.module.fargate_profile.data.aws_iam_policy_document.assume_role_policy",
            "module.ilios_eks_cluster.module.eks.module.fargate_profile.data.aws_partition.current",
            "module.ilios_eks_cluster.module.eks.module.kms.aws_kms_external_key.this",
            "module.ilios_eks_cluster.module.eks.module.kms.aws_kms_key.this",
            "module.ilios_eks_cluster.module.eks.module.kms.data.aws_caller_identity.current",
            "module.ilios_eks_cluster.module.eks.module.kms.data.aws_iam_policy_document.this",
            "module.ilios_eks_cluster.module.eks.module.kms.data.aws_partition.current",
            "module.ilios_eks_cluster.module.eks.module.self_managed_node_group.aws_autoscaling_group.this",
            "module.ilios_eks_cluster.module.eks.module.self_managed_node_group.aws_autoscaling_schedule.this",
            "module.ilios_eks_cluster.module.eks.module.self_managed_node_group.aws_iam_instance_profile.this",
            "module.ilios_eks_cluster.module.eks.module.self_managed_node_group.aws_iam_role.this",
            "module.ilios_eks_cluster.module.eks.module.self_managed_node_group.aws_iam_role_policy_attachment.this",
            "module.ilios_eks_cluster.module.eks.module.self_managed_node_group.aws_launch_template.this",
            "module.ilios_eks_cluster.module.eks.module.self_managed_node_group.aws_security_group.this",
            "module.ilios_eks_cluster.module.eks.module.self_managed_node_group.aws_security_group_rule.this",
            "module.ilios_eks_cluster.module.eks.module.self_managed_node_group.data.aws_ami.eks_default",
            "module.ilios_eks_cluster.module.eks.module.self_managed_node_group.data.aws_caller_identity.current",
            "module.ilios_eks_cluster.module.eks.module.self_managed_node_group.data.aws_default_tags.current",
            "module.ilios_eks_cluster.module.eks.module.self_managed_node_group.data.aws_iam_policy_document.assume_role_policy",
            "module.ilios_eks_cluster.module.eks.module.self_managed_node_group.data.aws_partition.current",
            "module.ilios_eks_cluster.module.eks.module.self_managed_node_group.module.user_data.data.cloudinit_config.linux_eks_managed_node_group",
            "module.ilios_oidc.aws_iam_openid_connect_provider.github",
            "module.ilios_oidc.aws_iam_role.github_oidc_role",
            "module.ilios_oidc.data.tls_certificate.github",
            "module.ilios_vpc.aws_subnet.ilios_private",
            "module.ilios_vpc.aws_vpc.ilios_vpc"
          ]
        }
      ]
    },
    {
      "module": "module.ilios_eks_cluster.module.eks.module.eks_managed_node_group[\"main\"]",
      "mode": "data",
      "type": "aws_caller_identity",
      "name": "current",
      "provider": "provider[\"registry.terraform.io/hashicorp/aws\"]",
      "instances": [
        {
          "schema_version": 0,
          "attributes": {
            "account_id": "571600859306",
            "arn": "arn:aws:iam::571600859306:user/terraform",
            "id": "571600859306",
            "user_id": "AIDAYKFQQ6CVNGKTDDGI5"
          },
          "sensitive_attributes": []
        }
      ]
    },
    {
      "module": "module.ilios_eks_cluster.module.eks.module.eks_managed_node_group[\"main\"]",
      "mode": "data",
      "type": "aws_iam_policy_document",
      "name": "assume_role_policy",
      "provider": "provider[\"registry.terraform.io/hashicorp/aws\"]",
      "instances": [
        {
          "index_key": 0,
          "schema_version": 0,
          "attributes": {
            "id": "2560088296",
            "json": "{\n  \"Version\": \"2012-10-17\",\n  \"Statement\": [\n    {\n      \"Sid\": \"EKSNodeAssumeRole\",\n      \"Effect\": \"Allow\",\n      \"Action\": \"sts:AssumeRole\",\n      \"Principal\": {\n        \"Service\": \"ec2.amazonaws.com\"\n      }\n    }\n  ]\n}",
            "minified_json": "{\"Version\":\"2012-10-17\",\"Statement\":[{\"Sid\":\"EKSNodeAssumeRole\",\"Effect\":\"Allow\",\"Action\":\"sts:AssumeRole\",\"Principal\":{\"Service\":\"ec2.amazonaws.com\"}}]}",
            "override_json": null,
            "override_policy_documents": null,
            "policy_id": null,
            "source_json": null,
            "source_policy_documents": null,
            "statement": [
              {
                "actions": [
                  "sts:AssumeRole"
                ],
                "condition": [],
                "effect": "Allow",
                "not_actions": [],
                "not_principals": [],
                "not_resources": [],
                "principals": [
                  {
                    "identifiers": [
                      "ec2.amazonaws.com"
                    ],
                    "type": "Service"
                  }
                ],
                "resources": [],
                "sid": "EKSNodeAssumeRole"
              }
            ],
            "version": "2012-10-17"
          },
          "sensitive_attributes": []
        }
      ]
    },
    {
      "module": "module.ilios_eks_cluster.module.eks.module.eks_managed_node_group[\"main\"]",
      "mode": "data",
      "type": "aws_partition",
      "name": "current",
      "provider": "provider[\"registry.terraform.io/hashicorp/aws\"]",
      "instances": [
        {
          "schema_version": 0,
          "attributes": {
            "dns_suffix": "amazonaws.com",
            "id": "aws",
            "partition": "aws",
            "reverse_dns_prefix": "com.amazonaws"
          },
          "sensitive_attributes": []
        }
      ]
    },
    {
      "module": "module.ilios_eks_cluster.module.eks.module.eks_managed_node_group[\"main\"]",
      "mode": "managed",
      "type": "aws_eks_node_group",
      "name": "this",
      "provider": "provider[\"registry.terraform.io/hashicorp/aws\"]",
      "instances": [
        {
          "index_key": 0,
          "schema_version": 0,
          "attributes": {
            "ami_type": "AL2023_x86_64_STANDARD",
            "arn": "arn:aws:eks:us-east-1:571600859306:nodegroup/test-cluster/test-node-group-20250306202321917000000012/8ccab690-4145-fefd-fc09-e305f253df4c",
            "capacity_type": "ON_DEMAND",
            "cluster_name": "test-cluster",
            "disk_size": 0,
            "force_update_version": null,
            "id": "test-cluster:test-node-group-20250306202321917000000012",
            "instance_types": [
              "t2.micro"
            ],
            "labels": null,
            "launch_template": [
              {
                "id": "lt-0d21724b59b7fad76",
                "name": "main-20250306202316256000000010",
                "version": "1"
              }
            ],
            "node_group_name": "test-node-group-20250306202321917000000012",
            "node_group_name_prefix": "test-node-group-",
            "node_repair_config": [],
            "node_role_arn": "arn:aws:iam::571600859306:role/test-node-group-eks-node-group-20250306201614050800000009",
            "release_version": "1.31.5-20250228",
            "remote_access": [],
            "resources": [
              {
                "autoscaling_groups": [
                  {
                    "name": "eks-test-node-group-20250306202321917000000012-8ccab690-4145-fefd-fc09-e305f253df4c"
                  }
                ],
                "remote_access_security_group_id": ""
              }
            ],
            "scaling_config": [
              {
                "desired_size": 2,
                "max_size": 3,
                "min_size": 1
              }
            ],
            "status": "ACTIVE",
            "subnet_ids": [
              "subnet-0403e7e3af5efb9b1",
              "subnet-0f48a4d464601de99"
            ],
            "tags": {
              "Name": "test-node-group"
            },
            "tags_all": {
              "Name": "test-node-group"
            },
            "taint": [],
            "timeouts": {
              "create": null,
              "delete": null,
              "update": null
            },
            "update_config": [
              {
                "max_unavailable": 1,
                "max_unavailable_percentage": 0
              }
            ],
            "version": "1.31"
          },
          "sensitive_attributes": [],
          "private": "eyJlMmJmYjczMC1lY2FhLTExZTYtOGY4OC0zNDM2M2JjN2M0YzAiOnsiY3JlYXRlIjozNjAwMDAwMDAwMDAwLCJkZWxldGUiOjM2MDAwMDAwMDAwMDAsInVwZGF0ZSI6MzYwMDAwMDAwMDAwMH19",
          "dependencies": [
            "module.ilios_eks_cluster.module.eks.aws_cloudwatch_log_group.this",
            "module.ilios_eks_cluster.module.eks.aws_eks_cluster.this",
            "module.ilios_eks_cluster.module.eks.aws_iam_role.this",
            "module.ilios_eks_cluster.module.eks.aws_iam_role_policy_attachment.this",
            "module.ilios_eks_cluster.module.eks.aws_security_group.cluster",
            "module.ilios_eks_cluster.module.eks.aws_security_group.node",
            "module.ilios_eks_cluster.module.eks.aws_security_group_rule.cluster",
            "module.ilios_eks_cluster.module.eks.aws_security_group_rule.node",
            "module.ilios_eks_cluster.module.eks.data.aws_caller_identity.current",
            "module.ilios_eks_cluster.module.eks.data.aws_iam_policy_document.assume_role_policy",
            "module.ilios_eks_cluster.module.eks.data.aws_partition.current",
            "module.ilios_eks_cluster.module.eks.module.eks_managed_node_group.aws_iam_role.this",
            "module.ilios_eks_cluster.module.eks.module.eks_managed_node_group.aws_iam_role_policy_attachment.this",
            "module.ilios_eks_cluster.module.eks.module.eks_managed_node_group.aws_launch_template.this",
            "module.ilios_eks_cluster.module.eks.module.eks_managed_node_group.aws_security_group.this",
            "module.ilios_eks_cluster.module.eks.module.eks_managed_node_group.aws_security_group_rule.this",
            "module.ilios_eks_cluster.module.eks.module.eks_managed_node_group.data.aws_caller_identity.current",
            "module.ilios_eks_cluster.module.eks.module.eks_managed_node_group.data.aws_iam_policy_document.assume_role_policy",
            "module.ilios_eks_cluster.module.eks.module.eks_managed_node_group.data.aws_partition.current",
            "module.ilios_eks_cluster.module.eks.module.eks_managed_node_group.module.user_data.data.cloudinit_config.linux_eks_managed_node_group",
            "module.ilios_eks_cluster.module.eks.module.kms.aws_kms_external_key.this",
            "module.ilios_eks_cluster.module.eks.module.kms.aws_kms_key.this",
            "module.ilios_eks_cluster.module.eks.module.kms.data.aws_caller_identity.current",
            "module.ilios_eks_cluster.module.eks.module.kms.data.aws_iam_policy_document.this",
            "module.ilios_eks_cluster.module.eks.module.kms.data.aws_partition.current",
            "module.ilios_vpc.aws_subnet.ilios_private",
            "module.ilios_vpc.aws_vpc.ilios_vpc"
          ],
          "create_before_destroy": true
        }
      ]
    },
    {
      "module": "module.ilios_eks_cluster.module.eks.module.eks_managed_node_group[\"main\"]",
      "mode": "managed",
      "type": "aws_iam_role",
      "name": "this",
      "provider": "provider[\"registry.terraform.io/hashicorp/aws\"]",
      "instances": [
        {
          "index_key": 0,
          "schema_version": 0,
          "attributes": {
            "arn": "arn:aws:iam::571600859306:role/test-node-group-eks-node-group-20250306201614050800000009",
            "assume_role_policy": "{\"Statement\":[{\"Action\":\"sts:AssumeRole\",\"Effect\":\"Allow\",\"Principal\":{\"Service\":\"ec2.amazonaws.com\"},\"Sid\":\"EKSNodeAssumeRole\"}],\"Version\":\"2012-10-17\"}",
            "create_date": "2025-03-06T20:16:14Z",
            "description": "EKS managed node group IAM role",
            "force_detach_policies": true,
            "id": "test-node-group-eks-node-group-20250306201614050800000009",
            "inline_policy": [],
            "managed_policy_arns": [],
            "max_session_duration": 3600,
            "name": "test-node-group-eks-node-group-20250306201614050800000009",
            "name_prefix": "test-node-group-eks-node-group-",
            "path": "/",
            "permissions_boundary": "",
            "tags": {
              "Name": "ilios-worker-node"
            },
            "tags_all": {
              "Name": "ilios-worker-node"
            },
            "unique_id": "AROAYKFQQ6CVL6YX5LDL6"
          },
          "sensitive_attributes": [],
          "private": "bnVsbA==",
          "dependencies": [
            "module.ilios_eks_cluster.module.eks.module.eks_managed_node_group.data.aws_iam_policy_document.assume_role_policy",
            "module.ilios_eks_cluster.module.eks.module.eks_managed_node_group.data.aws_partition.current",
            "module.ilios_vpc.aws_subnet.ilios_private",
            "module.ilios_vpc.aws_vpc.ilios_vpc"
          ],
          "create_before_destroy": true
        }
      ]
    },
    {
      "module": "module.ilios_eks_cluster.module.eks.module.eks_managed_node_group[\"main\"]",
      "mode": "managed",
      "type": "aws_iam_role_policy_attachment",
      "name": "this",
      "provider": "provider[\"registry.terraform.io/hashicorp/aws\"]",
      "instances": [
        {
          "index_key": "arn:aws:iam::aws:policy/AmazonEC2ContainerRegistryReadOnly",
          "schema_version": 0,
          "attributes": {
            "id": "test-node-group-eks-node-group-20250306201614050800000009-2025030620161445200000000a",
            "policy_arn": "arn:aws:iam::aws:policy/AmazonEC2ContainerRegistryReadOnly",
            "role": "test-node-group-eks-node-group-20250306201614050800000009"
          },
          "sensitive_attributes": [],
          "private": "bnVsbA==",
          "dependencies": [
            "module.ilios_eks_cluster.module.eks.module.eks_managed_node_group.aws_iam_role.this",
            "module.ilios_eks_cluster.module.eks.module.eks_managed_node_group.data.aws_caller_identity.current",
            "module.ilios_eks_cluster.module.eks.module.eks_managed_node_group.data.aws_iam_policy_document.assume_role_policy",
            "module.ilios_eks_cluster.module.eks.module.eks_managed_node_group.data.aws_partition.current",
            "module.ilios_vpc.aws_subnet.ilios_private",
            "module.ilios_vpc.aws_vpc.ilios_vpc"
          ],
          "create_before_destroy": true
        },
        {
          "index_key": "arn:aws:iam::aws:policy/AmazonEKSWorkerNodePolicy",
          "schema_version": 0,
          "attributes": {
            "id": "test-node-group-eks-node-group-20250306201614050800000009-2025030620161446660000000b",
            "policy_arn": "arn:aws:iam::aws:policy/AmazonEKSWorkerNodePolicy",
            "role": "test-node-group-eks-node-group-20250306201614050800000009"
          },
          "sensitive_attributes": [],
          "private": "bnVsbA==",
          "dependencies": [
            "module.ilios_eks_cluster.module.eks.module.eks_managed_node_group.aws_iam_role.this",
            "module.ilios_eks_cluster.module.eks.module.eks_managed_node_group.data.aws_caller_identity.current",
            "module.ilios_eks_cluster.module.eks.module.eks_managed_node_group.data.aws_iam_policy_document.assume_role_policy",
            "module.ilios_eks_cluster.module.eks.module.eks_managed_node_group.data.aws_partition.current",
            "module.ilios_vpc.aws_subnet.ilios_private",
            "module.ilios_vpc.aws_vpc.ilios_vpc"
          ],
          "create_before_destroy": true
        },
        {
          "index_key": "arn:aws:iam::aws:policy/AmazonEKS_CNI_Policy",
          "schema_version": 0,
          "attributes": {
            "id": "test-node-group-eks-node-group-20250306201614050800000009-2025030620161448210000000c",
            "policy_arn": "arn:aws:iam::aws:policy/AmazonEKS_CNI_Policy",
            "role": "test-node-group-eks-node-group-20250306201614050800000009"
          },
          "sensitive_attributes": [],
          "private": "bnVsbA==",
          "dependencies": [
            "module.ilios_eks_cluster.module.eks.module.eks_managed_node_group.aws_iam_role.this",
            "module.ilios_eks_cluster.module.eks.module.eks_managed_node_group.data.aws_caller_identity.current",
            "module.ilios_eks_cluster.module.eks.module.eks_managed_node_group.data.aws_iam_policy_document.assume_role_policy",
            "module.ilios_eks_cluster.module.eks.module.eks_managed_node_group.data.aws_partition.current",
            "module.ilios_vpc.aws_subnet.ilios_private",
            "module.ilios_vpc.aws_vpc.ilios_vpc"
          ],
          "create_before_destroy": true
        }
      ]
    },
    {
      "module": "module.ilios_eks_cluster.module.eks.module.eks_managed_node_group[\"main\"]",
      "mode": "managed",
      "type": "aws_launch_template",
      "name": "this",
      "provider": "provider[\"registry.terraform.io/hashicorp/aws\"]",
      "instances": [
        {
          "index_key": 0,
          "schema_version": 0,
          "attributes": {
            "arn": "arn:aws:ec2:us-east-1:571600859306:launch-template/lt-0d21724b59b7fad76",
            "block_device_mappings": [],
            "capacity_reservation_specification": [],
            "cpu_options": [],
            "credit_specification": [],
            "default_version": 1,
            "description": "Custom launch template for test-node-group EKS managed node group",
            "disable_api_stop": false,
            "disable_api_termination": false,
            "ebs_optimized": "",
            "elastic_gpu_specifications": [],
            "elastic_inference_accelerator": [],
            "enclave_options": [],
            "hibernation_options": [],
            "iam_instance_profile": [],
            "id": "lt-0d21724b59b7fad76",
            "image_id": "",
            "instance_initiated_shutdown_behavior": "",
            "instance_market_options": [],
            "instance_requirements": [],
            "instance_type": "",
            "kernel_id": "",
            "key_name": "",
            "latest_version": 1,
            "license_specification": [],
            "maintenance_options": [],
            "metadata_options": [
              {
                "http_endpoint": "enabled",
                "http_protocol_ipv6": "",
                "http_put_response_hop_limit": 2,
                "http_tokens": "required",
                "instance_metadata_tags": ""
              }
            ],
            "monitoring": [
              {
                "enabled": true
              }
            ],
            "name": "main-20250306202316256000000010",
            "name_prefix": "main-",
            "network_interfaces": [],
            "placement": [],
            "private_dns_name_options": [],
            "ram_disk_id": "",
            "security_group_names": null,
            "tag_specifications": [
              {
                "resource_type": "instance",
                "tags": {
                  "Name": "test-node-group"
                }
              },
              {
                "resource_type": "network-interface",
                "tags": {
                  "Name": "test-node-group"
                }
              },
              {
                "resource_type": "volume",
                "tags": {
                  "Name": "test-node-group"
                }
              }
            ],
            "tags": {
              "Name": "ilios-worker-node"
            },
            "tags_all": {
              "Name": "ilios-worker-node"
            },
            "update_default_version": true,
            "user_data": "",
            "vpc_security_group_ids": [
              "sg-061a27a2ab1e6c25d",
              "sg-0d4a1f88f76d65a0a"
            ]
          },
          "sensitive_attributes": [],
          "private": "bnVsbA==",
          "dependencies": [
            "module.ilios_eks_cluster.module.eks.aws_cloudwatch_log_group.this",
            "module.ilios_eks_cluster.module.eks.aws_eks_cluster.this",
            "module.ilios_eks_cluster.module.eks.aws_iam_role.this",
            "module.ilios_eks_cluster.module.eks.aws_iam_role_policy_attachment.this",
            "module.ilios_eks_cluster.module.eks.aws_security_group.cluster",
            "module.ilios_eks_cluster.module.eks.aws_security_group.node",
            "module.ilios_eks_cluster.module.eks.aws_security_group_rule.cluster",
            "module.ilios_eks_cluster.module.eks.aws_security_group_rule.node",
            "module.ilios_eks_cluster.module.eks.data.aws_caller_identity.current",
            "module.ilios_eks_cluster.module.eks.data.aws_iam_policy_document.assume_role_policy",
            "module.ilios_eks_cluster.module.eks.data.aws_partition.current",
            "module.ilios_eks_cluster.module.eks.module.eks_managed_node_group.aws_iam_role.this",
            "module.ilios_eks_cluster.module.eks.module.eks_managed_node_group.aws_iam_role_policy_attachment.this",
            "module.ilios_eks_cluster.module.eks.module.eks_managed_node_group.aws_security_group.this",
            "module.ilios_eks_cluster.module.eks.module.eks_managed_node_group.aws_security_group_rule.this",
            "module.ilios_eks_cluster.module.eks.module.eks_managed_node_group.data.aws_caller_identity.current",
            "module.ilios_eks_cluster.module.eks.module.eks_managed_node_group.data.aws_iam_policy_document.assume_role_policy",
            "module.ilios_eks_cluster.module.eks.module.eks_managed_node_group.data.aws_partition.current",
            "module.ilios_eks_cluster.module.eks.module.eks_managed_node_group.module.user_data.data.cloudinit_config.linux_eks_managed_node_group",
            "module.ilios_eks_cluster.module.eks.module.kms.aws_kms_external_key.this",
            "module.ilios_eks_cluster.module.eks.module.kms.aws_kms_key.this",
            "module.ilios_eks_cluster.module.eks.module.kms.data.aws_caller_identity.current",
            "module.ilios_eks_cluster.module.eks.module.kms.data.aws_iam_policy_document.this",
            "module.ilios_eks_cluster.module.eks.module.kms.data.aws_partition.current",
            "module.ilios_vpc.aws_subnet.ilios_private",
            "module.ilios_vpc.aws_vpc.ilios_vpc"
          ],
          "create_before_destroy": true
        }
      ]
    },
    {
      "module": "module.ilios_eks_cluster.module.eks.module.eks_managed_node_group[\"main\"]",
      "mode": "managed",
      "type": "aws_security_group",
      "name": "this",
      "provider": "provider[\"registry.terraform.io/hashicorp/aws\"]",
      "instances": [
        {
          "index_key": 0,
          "schema_version": 1,
          "attributes": {
            "arn": "arn:aws:ec2:us-east-1:571600859306:security-group/sg-0d4a1f88f76d65a0a",
            "description": "EKS managed node group security group",
            "egress": [],
            "id": "sg-0d4a1f88f76d65a0a",
            "ingress": [],
            "name": "test-node-group-eks-node-group-20250306201614039300000008",
            "name_prefix": "test-node-group-eks-node-group-",
            "owner_id": "571600859306",
            "revoke_rules_on_delete": false,
            "tags": {
              "Name": "test-node-group-eks-node-group"
            },
            "tags_all": {
              "Name": "test-node-group-eks-node-group"
            },
            "timeouts": null,
            "vpc_id": "vpc-049eeba9fae3f6bde"
          },
          "sensitive_attributes": [],
          "private": "eyJlMmJmYjczMC1lY2FhLTExZTYtOGY4OC0zNDM2M2JjN2M0YzAiOnsiY3JlYXRlIjo2MDAwMDAwMDAwMDAsImRlbGV0ZSI6OTAwMDAwMDAwMDAwfSwic2NoZW1hX3ZlcnNpb24iOiIxIn0=",
          "dependencies": [
            "module.ilios_vpc.aws_subnet.ilios_private",
            "module.ilios_vpc.aws_vpc.ilios_vpc"
          ],
          "create_before_destroy": true
        }
      ]
    },
    {
      "module": "module.ilios_eks_cluster.module.eks.module.kms",
      "mode": "data",
      "type": "aws_caller_identity",
      "name": "current",
      "provider": "provider[\"registry.terraform.io/hashicorp/aws\"]",
      "instances": [
        {
          "schema_version": 0,
          "attributes": {
            "account_id": "571600859306",
            "arn": "arn:aws:iam::571600859306:user/terraform",
            "id": "571600859306",
            "user_id": "AIDAYKFQQ6CVNGKTDDGI5"
          },
          "sensitive_attributes": []
        }
      ]
    },
    {
      "module": "module.ilios_eks_cluster.module.eks.module.kms",
      "mode": "data",
      "type": "aws_partition",
      "name": "current",
      "provider": "provider[\"registry.terraform.io/hashicorp/aws\"]",
      "instances": [
        {
          "schema_version": 0,
          "attributes": {
            "dns_suffix": "amazonaws.com",
            "id": "aws",
            "partition": "aws",
            "reverse_dns_prefix": "com.amazonaws"
          },
          "sensitive_attributes": []
        }
      ]
    },
    {
      "module": "module.ilios_lb",
      "mode": "data",
      "type": "aws_ami",
      "name": "latest_amazon_linux",
      "provider": "provider[\"registry.terraform.io/hashicorp/aws\"]",
      "instances": [
        {
          "schema_version": 0,
          "attributes": {
            "architecture": "x86_64",
            "arn": "arn:aws:ec2:us-east-1::image/ami-0ace34e9f53c91c5d",
            "block_device_mappings": [
              {
                "device_name": "/dev/xvda",
                "ebs": {
                  "delete_on_termination": "true",
                  "encrypted": "false",
                  "iops": "0",
                  "snapshot_id": "snap-0bf568edc120fa91f",
                  "throughput": "0",
                  "volume_size": "8",
                  "volume_type": "gp2"
                },
                "no_device": "",
                "virtual_name": ""
              }
            ],
            "boot_mode": "",
            "creation_date": "2025-02-20T22:38:11.000Z",
            "deprecation_time": "2025-07-01T00:00:00.000Z",
            "description": "Amazon Linux 2 AMI 2.0.20250220.0 x86_64 HVM gp2",
            "ena_support": true,
            "executable_users": null,
            "filter": [
              {
                "name": "name",
                "values": [
                  "amzn2-ami-hvm-*-x86_64-gp2"
                ]
              },
              {
                "name": "virtualization-type",
                "values": [
                  "hvm"
                ]
              }
            ],
            "hypervisor": "xen",
            "id": "ami-0ace34e9f53c91c5d",
            "image_id": "ami-0ace34e9f53c91c5d",
            "image_location": "amazon/amzn2-ami-hvm-2.0.20250220.0-x86_64-gp2",
            "image_owner_alias": "amazon",
            "image_type": "machine",
            "imds_support": "",
            "include_deprecated": false,
            "kernel_id": "",
            "most_recent": true,
            "name": "amzn2-ami-hvm-2.0.20250220.0-x86_64-gp2",
            "name_regex": null,
            "owner_id": "137112412989",
            "owners": [
              "amazon"
            ],
            "platform": "",
            "platform_details": "Linux/UNIX",
            "product_codes": [],
            "public": true,
            "ramdisk_id": "",
            "root_device_name": "/dev/xvda",
            "root_device_type": "ebs",
            "root_snapshot_id": "snap-0bf568edc120fa91f",
            "sriov_net_support": "simple",
            "state": "available",
            "state_reason": {
              "code": "UNSET",
              "message": "UNSET"
            },
            "tags": {},
            "timeouts": null,
            "tpm_support": "",
            "uefi_data": null,
            "usage_operation": "RunInstances",
            "virtualization_type": "hvm"
          },
          "sensitive_attributes": []
        }
      ]
    },
    {
      "module": "module.ilios_lb",
      "mode": "managed",
      "type": "aws_instance",
      "name": "ilios_alb_instance",
      "provider": "provider[\"registry.terraform.io/hashicorp/aws\"]",
      "instances": [
        {
          "schema_version": 1,
          "attributes": {
            "ami": "ami-0ace34e9f53c91c5d",
            "arn": "arn:aws:ec2:us-east-1:571600859306:instance/i-0b2b137fbe1a9ce91",
            "associate_public_ip_address": true,
            "availability_zone": "us-east-1a",
            "capacity_reservation_specification": [
              {
                "capacity_reservation_preference": "open",
                "capacity_reservation_target": []
              }
            ],
            "cpu_core_count": 1,
            "cpu_options": [
              {
                "amd_sev_snp": "",
                "core_count": 1,
                "threads_per_core": 1
              }
            ],
            "cpu_threads_per_core": 1,
            "credit_specification": [
              {
                "cpu_credits": "standard"
              }
            ],
            "disable_api_stop": false,
            "disable_api_termination": false,
            "ebs_block_device": [],
            "ebs_optimized": false,
            "enable_primary_ipv6": null,
            "enclave_options": [
              {
                "enabled": false
              }
            ],
            "ephemeral_block_device": [],
            "get_password_data": false,
            "hibernation": false,
            "host_id": "",
            "host_resource_group_arn": null,
            "iam_instance_profile": "",
            "id": "i-0b2b137fbe1a9ce91",
            "instance_initiated_shutdown_behavior": "stop",
            "instance_lifecycle": "",
            "instance_market_options": [],
            "instance_state": "running",
            "instance_type": "t2.micro",
            "ipv6_address_count": 0,
            "ipv6_addresses": [],
            "key_name": "",
            "launch_template": [],
            "maintenance_options": [
              {
                "auto_recovery": "default"
              }
            ],
            "metadata_options": [
              {
                "http_endpoint": "enabled",
                "http_protocol_ipv6": "disabled",
                "http_put_response_hop_limit": 1,
                "http_tokens": "optional",
                "instance_metadata_tags": "disabled"
              }
            ],
            "monitoring": false,
            "network_interface": [],
            "outpost_arn": "",
            "password_data": "",
            "placement_group": "",
            "placement_partition_number": 0,
            "primary_network_interface_id": "eni-0850afcb4d7a68949",
            "private_dns": "ip-10-0-1-171.ec2.internal",
            "private_dns_name_options": [
              {
                "enable_resource_name_dns_a_record": false,
                "enable_resource_name_dns_aaaa_record": false,
                "hostname_type": "ip-name"
              }
            ],
            "private_ip": "10.0.1.171",
            "public_dns": "",
            "public_ip": "18.207.164.192",
            "root_block_device": [
              {
                "delete_on_termination": true,
                "device_name": "/dev/xvda",
                "encrypted": false,
                "iops": 100,
                "kms_key_id": "",
                "tags": {},
                "tags_all": {},
                "throughput": 0,
                "volume_id": "vol-0882703aae66b5803",
                "volume_size": 8,
                "volume_type": "gp2"
              }
            ],
            "secondary_private_ips": [],
            "security_groups": [],
            "source_dest_check": true,
            "spot_instance_request_id": "",
            "subnet_id": "subnet-01318918a6a4686ef",
            "tags": null,
            "tags_all": {},
            "tenancy": "default",
            "timeouts": null,
            "user_data": null,
            "user_data_base64": null,
            "user_data_replace_on_change": false,
            "volume_tags": null,
            "vpc_security_group_ids": [
              "sg-0b1378ce4f4fb9fdf"
            ]
          },
          "sensitive_attributes": [],
          "private": "eyJlMmJmYjczMC1lY2FhLTExZTYtOGY4OC0zNDM2M2JjN2M0YzAiOnsiY3JlYXRlIjo2MDAwMDAwMDAwMDAsImRlbGV0ZSI6MTIwMDAwMDAwMDAwMCwicmVhZCI6OTAwMDAwMDAwMDAwLCJ1cGRhdGUiOjYwMDAwMDAwMDAwMH0sInNjaGVtYV92ZXJzaW9uIjoiMSJ9",
          "dependencies": [
            "module.ilios_lb.aws_security_group.lb_sg",
            "module.ilios_lb.data.aws_ami.latest_amazon_linux",
            "module.ilios_vpc.aws_subnet.ilios_public",
            "module.ilios_vpc.aws_vpc.ilios_vpc"
          ]
        }
      ]
    },
    {
      "module": "module.ilios_lb",
      "mode": "managed",
      "type": "aws_lb",
      "name": "ilios_alb",
      "provider": "provider[\"registry.terraform.io/hashicorp/aws\"]",
      "instances": [
        {
          "schema_version": 0,
          "attributes": {
            "access_logs": [
              {
                "bucket": "",
                "enabled": false,
                "prefix": ""
              }
            ],
            "arn": "arn:aws:elasticloadbalancing:us-east-1:571600859306:loadbalancer/app/test-lb/29873b33ed16f084",
            "arn_suffix": "app/test-lb/29873b33ed16f084",
            "client_keep_alive": 3600,
            "connection_logs": [
              {
                "bucket": "",
                "enabled": false,
                "prefix": ""
              }
            ],
            "customer_owned_ipv4_pool": "",
            "desync_mitigation_mode": "defensive",
            "dns_name": "test-lb-925324853.us-east-1.elb.amazonaws.com",
            "dns_record_client_routing_policy": null,
            "drop_invalid_header_fields": false,
            "enable_cross_zone_load_balancing": true,
            "enable_deletion_protection": false,
            "enable_http2": true,
            "enable_tls_version_and_cipher_suite_headers": false,
            "enable_waf_fail_open": false,
            "enable_xff_client_port": false,
            "enable_zonal_shift": false,
            "enforce_security_group_inbound_rules_on_private_link_traffic": "",
            "id": "arn:aws:elasticloadbalancing:us-east-1:571600859306:loadbalancer/app/test-lb/29873b33ed16f084",
            "idle_timeout": 60,
            "internal": false,
            "ip_address_type": "ipv4",
            "load_balancer_type": "application",
            "name": "test-lb",
            "name_prefix": "",
            "preserve_host_header": false,
            "security_groups": [
              "sg-0b1378ce4f4fb9fdf"
            ],
            "subnet_mapping": [
              {
                "allocation_id": "",
                "ipv6_address": "",
                "outpost_id": "",
                "private_ipv4_address": "",
                "subnet_id": "subnet-01318918a6a4686ef"
              },
              {
                "allocation_id": "",
                "ipv6_address": "",
                "outpost_id": "",
                "private_ipv4_address": "",
                "subnet_id": "subnet-041575a978b598341"
              }
            ],
            "subnets": [
              "subnet-01318918a6a4686ef",
              "subnet-041575a978b598341"
            ],
            "tags": null,
            "tags_all": {},
            "timeouts": null,
            "vpc_id": "vpc-049eeba9fae3f6bde",
            "xff_header_processing_mode": "append",
            "zone_id": "Z35SXDOTRQ7X7K"
          },
          "sensitive_attributes": [],
          "private": "eyJlMmJmYjczMC1lY2FhLTExZTYtOGY4OC0zNDM2M2JjN2M0YzAiOnsiY3JlYXRlIjo2MDAwMDAwMDAwMDAsImRlbGV0ZSI6NjAwMDAwMDAwMDAwLCJ1cGRhdGUiOjYwMDAwMDAwMDAwMH19",
          "dependencies": [
            "module.ilios_lb.aws_security_group.lb_sg",
            "module.ilios_vpc.aws_subnet.ilios_public",
            "module.ilios_vpc.aws_vpc.ilios_vpc"
          ]
        }
      ]
    },
    {
      "module": "module.ilios_lb",
      "mode": "managed",
      "type": "aws_lb_listener",
      "name": "ilios_alb_listener",
      "provider": "provider[\"registry.terraform.io/hashicorp/aws\"]",
      "instances": [
        {
          "schema_version": 0,
          "attributes": {
            "alpn_policy": null,
            "arn": "arn:aws:elasticloadbalancing:us-east-1:571600859306:listener/app/test-lb/29873b33ed16f084/734711cfe04d62fd",
            "certificate_arn": null,
            "default_action": [
              {
                "authenticate_cognito": [],
                "authenticate_oidc": [],
                "fixed_response": [],
                "forward": [],
                "order": 1,
                "redirect": [],
                "target_group_arn": "arn:aws:elasticloadbalancing:us-east-1:571600859306:targetgroup/test-target-group/7e8436338875bf7d",
                "type": "forward"
              }
            ],
            "id": "arn:aws:elasticloadbalancing:us-east-1:571600859306:listener/app/test-lb/29873b33ed16f084/734711cfe04d62fd",
            "load_balancer_arn": "arn:aws:elasticloadbalancing:us-east-1:571600859306:loadbalancer/app/test-lb/29873b33ed16f084",
            "mutual_authentication": [],
            "port": 80,
            "protocol": "HTTP",
            "routing_http_request_x_amzn_mtls_clientcert_header_name": null,
            "routing_http_request_x_amzn_mtls_clientcert_issuer_header_name": null,
            "routing_http_request_x_amzn_mtls_clientcert_leaf_header_name": null,
            "routing_http_request_x_amzn_mtls_clientcert_serial_number_header_name": null,
            "routing_http_request_x_amzn_mtls_clientcert_subject_header_name": null,
            "routing_http_request_x_amzn_mtls_clientcert_validity_header_name": null,
            "routing_http_request_x_amzn_tls_cipher_suite_header_name": null,
            "routing_http_request_x_amzn_tls_version_header_name": null,
            "routing_http_response_access_control_allow_credentials_header_value": "",
            "routing_http_response_access_control_allow_headers_header_value": "",
            "routing_http_response_access_control_allow_methods_header_value": "",
            "routing_http_response_access_control_allow_origin_header_value": "",
            "routing_http_response_access_control_expose_headers_header_value": "",
            "routing_http_response_access_control_max_age_header_value": "",
            "routing_http_response_content_security_policy_header_value": "",
            "routing_http_response_server_enabled": false,
            "routing_http_response_strict_transport_security_header_value": "",
            "routing_http_response_x_content_type_options_header_value": "",
            "routing_http_response_x_frame_options_header_value": "",
            "ssl_policy": "",
            "tags": null,
            "tags_all": {},
            "tcp_idle_timeout_seconds": null,
            "timeouts": null
          },
          "sensitive_attributes": [],
          "private": "eyJlMmJmYjczMC1lY2FhLTExZTYtOGY4OC0zNDM2M2JjN2M0YzAiOnsiY3JlYXRlIjozMDAwMDAwMDAwMDAsInVwZGF0ZSI6MzAwMDAwMDAwMDAwfX0=",
          "dependencies": [
            "module.ilios_lb.aws_lb.ilios_alb",
            "module.ilios_lb.aws_lb_target_group.ilios_alb_tg",
            "module.ilios_lb.aws_security_group.lb_sg",
            "module.ilios_vpc.aws_subnet.ilios_public",
            "module.ilios_vpc.aws_vpc.ilios_vpc"
          ]
        }
      ]
    },
    {
      "module": "module.ilios_lb",
      "mode": "managed",
      "type": "aws_lb_target_group",
      "name": "ilios_alb_tg",
      "provider": "provider[\"registry.terraform.io/hashicorp/aws\"]",
      "instances": [
        {
          "schema_version": 0,
          "attributes": {
            "arn": "arn:aws:elasticloadbalancing:us-east-1:571600859306:targetgroup/test-target-group/7e8436338875bf7d",
            "arn_suffix": "targetgroup/test-target-group/7e8436338875bf7d",
            "connection_termination": null,
            "deregistration_delay": "300",
            "health_check": [
              {
                "enabled": true,
                "healthy_threshold": 2,
                "interval": 10,
                "matcher": "200",
                "path": "/",
                "port": "traffic-port",
                "protocol": "HTTP",
                "timeout": 5,
                "unhealthy_threshold": 2
              }
            ],
            "id": "arn:aws:elasticloadbalancing:us-east-1:571600859306:targetgroup/test-target-group/7e8436338875bf7d",
            "ip_address_type": "ipv4",
            "lambda_multi_value_headers_enabled": false,
            "load_balancer_arns": [],
            "load_balancing_algorithm_type": "round_robin",
            "load_balancing_anomaly_mitigation": "off",
            "load_balancing_cross_zone_enabled": "use_load_balancer_configuration",
            "name": "test-target-group",
            "name_prefix": "",
            "port": 80,
            "preserve_client_ip": null,
            "protocol": "HTTP",
            "protocol_version": "HTTP1",
            "proxy_protocol_v2": false,
            "slow_start": 0,
            "stickiness": [
              {
                "cookie_duration": 86400,
                "cookie_name": "",
                "enabled": false,
                "type": "lb_cookie"
              }
            ],
            "tags": {
              "Environment": "production"
            },
            "tags_all": {
              "Environment": "production"
            },
            "target_failover": [
              {
                "on_deregistration": null,
                "on_unhealthy": null
              }
            ],
            "target_group_health": [
              {
                "dns_failover": [
                  {
                    "minimum_healthy_targets_count": "1",
                    "minimum_healthy_targets_percentage": "off"
                  }
                ],
                "unhealthy_state_routing": [
                  {
                    "minimum_healthy_targets_count": 1,
                    "minimum_healthy_targets_percentage": "off"
                  }
                ]
              }
            ],
            "target_health_state": [
              {
                "enable_unhealthy_connection_termination": null,
                "unhealthy_draining_interval": null
              }
            ],
            "target_type": "instance",
            "vpc_id": "vpc-049eeba9fae3f6bde"
          },
          "sensitive_attributes": [],
          "private": "bnVsbA==",
          "dependencies": [
            "module.ilios_vpc.aws_vpc.ilios_vpc"
          ]
        }
      ]
    },
    {
      "module": "module.ilios_lb",
      "mode": "managed",
      "type": "aws_lb_target_group_attachment",
      "name": "ilios_alb_tga",
      "provider": "provider[\"registry.terraform.io/hashicorp/aws\"]",
      "instances": [
        {
          "schema_version": 0,
          "attributes": {
            "availability_zone": null,
            "id": "arn:aws:elasticloadbalancing:us-east-1:571600859306:targetgroup/test-target-group/7e8436338875bf7d-2025030620164197380000000f",
            "port": 80,
            "target_group_arn": "arn:aws:elasticloadbalancing:us-east-1:571600859306:targetgroup/test-target-group/7e8436338875bf7d",
            "target_id": "i-0b2b137fbe1a9ce91"
          },
          "sensitive_attributes": [],
          "private": "bnVsbA==",
          "dependencies": [
            "module.ilios_lb.aws_instance.ilios_alb_instance",
            "module.ilios_lb.aws_lb_target_group.ilios_alb_tg",
            "module.ilios_lb.aws_security_group.lb_sg",
            "module.ilios_lb.data.aws_ami.latest_amazon_linux",
            "module.ilios_vpc.aws_subnet.ilios_public",
            "module.ilios_vpc.aws_vpc.ilios_vpc"
          ]
        }
      ]
    },
    {
      "module": "module.ilios_lb",
      "mode": "managed",
      "type": "aws_security_group",
      "name": "lb_sg",
      "provider": "provider[\"registry.terraform.io/hashicorp/aws\"]",
      "instances": [
        {
          "schema_version": 1,
          "attributes": {
            "arn": "arn:aws:ec2:us-east-1:571600859306:security-group/sg-0b1378ce4f4fb9fdf",
            "description": "Allow HTTP inbound traffic",
            "egress": [],
            "id": "sg-0b1378ce4f4fb9fdf",
            "ingress": [],
            "name": "ilios-lb-sg",
            "name_prefix": "",
            "owner_id": "571600859306",
            "revoke_rules_on_delete": false,
            "tags": null,
            "tags_all": {},
            "timeouts": null,
            "vpc_id": "vpc-049eeba9fae3f6bde"
          },
          "sensitive_attributes": [],
          "private": "eyJlMmJmYjczMC1lY2FhLTExZTYtOGY4OC0zNDM2M2JjN2M0YzAiOnsiY3JlYXRlIjo2MDAwMDAwMDAwMDAsImRlbGV0ZSI6OTAwMDAwMDAwMDAwfSwic2NoZW1hX3ZlcnNpb24iOiIxIn0=",
          "dependencies": [
            "module.ilios_vpc.aws_vpc.ilios_vpc"
          ]
        }
      ]
    },
    {
      "module": "module.ilios_lb",
      "mode": "managed",
      "type": "aws_security_group_rule",
      "name": "lb_sg_rule_egress",
      "provider": "provider[\"registry.terraform.io/hashicorp/aws\"]",
      "instances": [
        {
          "schema_version": 2,
          "attributes": {
            "cidr_blocks": [
              "10.0.0.0/16"
            ],
            "description": null,
            "from_port": 0,
            "id": "sgrule-3407231852",
            "ipv6_cidr_blocks": null,
            "prefix_list_ids": null,
            "protocol": "-1",
            "security_group_id": "sg-0b1378ce4f4fb9fdf",
            "security_group_rule_id": "sgr-082098e47e592d4d2",
            "self": false,
            "source_security_group_id": null,
            "timeouts": null,
            "to_port": 0,
            "type": "egress"
          },
          "sensitive_attributes": [],
          "private": "eyJlMmJmYjczMC1lY2FhLTExZTYtOGY4OC0zNDM2M2JjN2M0YzAiOnsiY3JlYXRlIjozMDAwMDAwMDAwMDB9LCJzY2hlbWFfdmVyc2lvbiI6IjIifQ==",
          "dependencies": [
            "module.ilios_lb.aws_security_group.lb_sg",
            "module.ilios_vpc.aws_vpc.ilios_vpc"
          ]
        }
      ]
    },
    {
      "module": "module.ilios_lb",
      "mode": "managed",
      "type": "aws_security_group_rule",
      "name": "lb_sg_rule_ingress",
      "provider": "provider[\"registry.terraform.io/hashicorp/aws\"]",
      "instances": [
        {
          "schema_version": 2,
          "attributes": {
            "cidr_blocks": [
              "10.0.0.0/16"
            ],
            "description": null,
            "from_port": 80,
            "id": "sgrule-2619042769",
            "ipv6_cidr_blocks": null,
            "prefix_list_ids": null,
            "protocol": "tcp",
            "security_group_id": "sg-0b1378ce4f4fb9fdf",
            "security_group_rule_id": "sgr-017d1bbe84176c7dc",
            "self": false,
            "source_security_group_id": null,
            "timeouts": null,
            "to_port": 80,
            "type": "ingress"
          },
          "sensitive_attributes": [],
          "private": "eyJlMmJmYjczMC1lY2FhLTExZTYtOGY4OC0zNDM2M2JjN2M0YzAiOnsiY3JlYXRlIjozMDAwMDAwMDAwMDB9LCJzY2hlbWFfdmVyc2lvbiI6IjIifQ==",
          "dependencies": [
            "module.ilios_lb.aws_security_group.lb_sg",
            "module.ilios_vpc.aws_vpc.ilios_vpc"
          ]
        }
      ]
    },
    {
      "module": "module.ilios_oidc",
      "mode": "data",
      "type": "tls_certificate",
      "name": "github",
      "provider": "provider[\"registry.terraform.io/hashicorp/tls\"]",
      "instances": [
        {
          "schema_version": 0,
          "attributes": {
            "certificates": [
              {
                "cert_pem": "-----BEGIN CERTIFICATE-----\nMIIFgTCCBGmgAwIBAgIQOXJEOvkit1HX02wQ3TE1lTANBgkqhkiG9w0BAQwFADB7\nMQswCQYDVQQGEwJHQjEbMBkGA1UECAwSR3JlYXRlciBNYW5jaGVzdGVyMRAwDgYD\nVQQHDAdTYWxmb3JkMRowGAYDVQQKDBFDb21vZG8gQ0EgTGltaXRlZDEhMB8GA1UE\nAwwYQUFBIENlcnRpZmljYXRlIFNlcnZpY2VzMB4XDTE5MDMxMjAwMDAwMFoXDTI4\nMTIzMTIzNTk1OVowgYgxCzAJBgNVBAYTAlVTMRMwEQYDVQQIEwpOZXcgSmVyc2V5\nMRQwEgYDVQQHEwtKZXJzZXkgQ2l0eTEeMBwGA1UEChMVVGhlIFVTRVJUUlVTVCBO\nZXR3b3JrMS4wLAYDVQQDEyVVU0VSVHJ1c3QgUlNBIENlcnRpZmljYXRpb24gQXV0\naG9yaXR5MIICIjANBgkqhkiG9w0BAQEFAAOCAg8AMIICCgKCAgEAgBJlFzYOw9sI\ns9CsVw127c0n00ytUINh4qogTQktZAnczomfzD2p7PbPwdzx07HWezcoEStH2jnG\nvDoZtF+mvX2do2NCtnbyqTsrkfjib9DsFiCQCT7i6HTJGLSR1GJk23+jBvGIGGqQ\nIjy8/hPwhxR79uQfjtTkUcYRZ0YIUcuGFFQ/vDP+fmyc/xadGL1RjjWmp2bIcmfb\nIWax1Jt4A8BQOujM8Ny8nkz+rwWWNR9XWrf/zvk9tyy29lTdyOcSOk2uTIq3XJq0\ntyA9yn8iNK5+O2hmAUTnAU5GU5szYPeUvlM3kHND8zLDU+/bqv50TmnHa4xgk97E\nxwzf4TKuzJM7UXiVZ4vuPVb+DNBpDxsP8yUmazNt925H+nND5X4OpWaxKXwyhGNV\nicQNwZNUMBkTrNN9N6frXTpsNVzbQdcS2qlJC9/YgIoJk2KOtWbPJYjNhLixP6Q5\nD9kCnusSTJV882sFqV4Wg8y4Z+LoE53MW4LTTLPtW//e5XOsIzstAL81VXQJSdhJ\nWBp/kjbmUZIO8yZ9HE0XvMnsQybQv0FfQKlERPSZ51eHnlAfV1SoPv10Yy+xUGUJ\n5lhCLkMaTLTwJUdZ+gQek9QmRkpQgbLevni3/GcV4clXhB4PY9bpYrrWX1Uu6lzG\nKAgEJTm4Diup8kyXHAc/DVL17e8vgg8CAwEAAaOB8jCB7zAfBgNVHSMEGDAWgBSg\nEQojPpbxB+zirynvgqV/0DCktDAdBgNVHQ4EFgQUU3m/WqorSs9UgOHYm8Cd8rID\nZsswDgYDVR0PAQH/BAQDAgGGMA8GA1UdEwEB/wQFMAMBAf8wEQYDVR0gBAowCDAG\nBgRVHSAAMEMGA1UdHwQ8MDowOKA2oDSGMmh0dHA6Ly9jcmwuY29tb2RvY2EuY29t\nL0FBQUNlcnRpZmljYXRlU2VydmljZXMuY3JsMDQGCCsGAQUFBwEBBCgwJjAkBggr\nBgEFBQcwAYYYaHR0cDovL29jc3AuY29tb2RvY2EuY29tMA0GCSqGSIb3DQEBDAUA\nA4IBAQAYh1HcdCE9nIrgJ7cz0C7M7PDmy14R3iJvm3WOnnL+5Nb+qh+cli3vA0p+\nrvSNb3I8QzvAP+u431yqqcau8vzY7qN7Q/aGNnwU4M309z/+3ri0ivCRlv79Q2R+\n/czSAaF9ffgZGclCKxO/WIu6pKJmBHaIkU4MiRTOok3JMrO66BQavHHxW/BBC5gA\nCiIDEOUMsfnNkjcZ7Tvx5Dq2+UUTJnWvu6rvP3t3O9LEApE9GQDTF1w52z97GA1F\nzZOFli9d31kWTz9RvdVFGD/tSo7oBmF0Ixa1DVBzJ0RHfxBdiSprhTEUxOipakyA\nvGp4z7h/jnZymQyd/teRCBaho1+V\n-----END CERTIFICATE-----\n",
                "is_ca": true,
                "issuer": "CN=AAA Certificate Services,O=Comodo CA Limited,L=Salford,ST=Greater Manchester,C=GB",
                "not_after": "2028-12-31T23:59:59Z",
                "not_before": "2019-03-12T00:00:00Z",
                "public_key_algorithm": "RSA",
                "serial_number": "76359301477803385872276235234032301461",
                "sha1_fingerprint": "d89e3bd43d5d909b47a18977aa9d5ce36cee184c",
                "signature_algorithm": "SHA384-RSA",
                "subject": "CN=USERTrust RSA Certification Authority,O=The USERTRUST Network,L=Jersey City,ST=New Jersey,C=US",
                "version": 3
              },
              {
                "cert_pem": "-----BEGIN CERTIFICATE-----\nMIIGEzCCA/ugAwIBAgIQfVtRJrR2uhHbdBYLvFMNpzANBgkqhkiG9w0BAQwFADCB\niDELMAkGA1UEBhMCVVMxEzARBgNVBAgTCk5ldyBKZXJzZXkxFDASBgNVBAcTC0pl\ncnNleSBDaXR5MR4wHAYDVQQKExVUaGUgVVNFUlRSVVNUIE5ldHdvcmsxLjAsBgNV\nBAMTJVVTRVJUcnVzdCBSU0EgQ2VydGlmaWNhdGlvbiBBdXRob3JpdHkwHhcNMTgx\nMTAyMDAwMDAwWhcNMzAxMjMxMjM1OTU5WjCBjzELMAkGA1UEBhMCR0IxGzAZBgNV\nBAgTEkdyZWF0ZXIgTWFuY2hlc3RlcjEQMA4GA1UEBxMHU2FsZm9yZDEYMBYGA1UE\nChMPU2VjdGlnbyBMaW1pdGVkMTcwNQYDVQQDEy5TZWN0aWdvIFJTQSBEb21haW4g\nVmFsaWRhdGlvbiBTZWN1cmUgU2VydmVyIENBMIIBIjANBgkqhkiG9w0BAQEFAAOC\nAQ8AMIIBCgKCAQEA1nMz1tc8INAA0hdFuNY+B6I/x0HuMjDJsGz99J/LEpgPLT+N\nTQEMgg8Xf2Iu6bhIefsWg06t1zIlk7cHv7lQP6lMw0Aq6Tn/2YHKHxYyQdqAJrkj\neocgHuP/IJo8lURvh3UGkEC0MpMWCRAIIz7S3YcPb11RFGoKacVPAXJpz9OTTG0E\noKMbgn6xmrntxZ7FN3ifmgg0+1YuWMQJDgZkW7w33PGfKGioVrCSo1yfu4iYCBsk\nHaswha6vsC6eep3BwEIc4gLw6uBK0u+QDrTBQBbwb4VCSmT3pDCg/r8uoydajotY\nuK3DGReEY+1vVv2Dy2A0xHS+5p3b4eTlygxfFQIDAQABo4IBbjCCAWowHwYDVR0j\nBBgwFoAUU3m/WqorSs9UgOHYm8Cd8rIDZsswHQYDVR0OBBYEFI2MXsRUrYrhd+mb\n+ZsF4bgBjWHhMA4GA1UdDwEB/wQEAwIBhjASBgNVHRMBAf8ECDAGAQH/AgEAMB0G\nA1UdJQQWMBQGCCsGAQUFBwMBBggrBgEFBQcDAjAbBgNVHSAEFDASMAYGBFUdIAAw\nCAYGZ4EMAQIBMFAGA1UdHwRJMEcwRaBDoEGGP2h0dHA6Ly9jcmwudXNlcnRydXN0\nLmNvbS9VU0VSVHJ1c3RSU0FDZXJ0aWZpY2F0aW9uQXV0aG9yaXR5LmNybDB2Bggr\nBgEFBQcBAQRqMGgwPwYIKwYBBQUHMAKGM2h0dHA6Ly9jcnQudXNlcnRydXN0LmNv\nbS9VU0VSVHJ1c3RSU0FBZGRUcnVzdENBLmNydDAlBggrBgEFBQcwAYYZaHR0cDov\nL29jc3AudXNlcnRydXN0LmNvbTANBgkqhkiG9w0BAQwFAAOCAgEAMr9hvQ5Iw0/H\nukdN+Jx4GQHcEx2Ab/zDcLRSmjEzmldS+zGea6TvVKqJjUAXaPgREHzSyrHxVYbH\n7rM2kYb2OVG/Rr8PoLq0935JxCo2F57kaDl6r5ROVm+yezu/Coa9zcV3HAO4OLGi\nH19+24rcRki2aArPsrW04jTkZ6k4Zgle0rj8nSg6F0AnwnJOKf0hPHzPE/uWLMUx\nRP0T7dWbqWlod3zu4f+k+TY4CFM5ooQ0nBnzvg6s1SQ36yOoeNDT5++SR2RiOSLv\nxvcRviKFxmZEJCaOEDKNyJOuB56DPi/Z+fVGjmO+wea03KbNIaiGCpXZLoUmGv38\nsbZXQm2V0TP2ORQGgkE49Y9Y3IBbpNV9lXj9p5v//cWoaasm56ekBYdbqbe4oyAL\nl6lFhd2zi+WJN44pDfwGF/Y4QA5C5BIG+3vzxhFoYt/jmPQT2BVPi7Fp2RBgvGQq\n6jG35LWjOhSbJuMLe/0CjraZwTiXWTb2qHSihrZe68Zk6s+go/lunrotEbaGmAhY\nLcmsJWTyXnW0OMGuf1pGg+pRyrbxmRE1a6Vqe8YAsOf4vmSyrcjC8azjUeqkk+B5\nyOGBQMkKW+ESPMFgKuOXwIlCypTPRpgSabuY0MLTDXJLR27lk8QyKGOHQ+SwMj4K\n00u/I5sUKUErmgQfky3xxzlIPK1aEn8=\n-----END CERTIFICATE-----\n",
                "is_ca": true,
                "issuer": "CN=USERTrust RSA Certification Authority,O=The USERTRUST Network,L=Jersey City,ST=New Jersey,C=US",
                "not_after": "2030-12-31T23:59:59Z",
                "not_before": "2018-11-02T00:00:00Z",
                "public_key_algorithm": "RSA",
                "serial_number": "166627644428940058458651716034439089575",
                "sha1_fingerprint": "33e4e80807204c2b6182a3a14b591acd25b5f0db",
                "signature_algorithm": "SHA384-RSA",
                "subject": "CN=Sectigo RSA Domain Validation Secure Server CA,O=Sectigo Limited,L=Salford,ST=Greater Manchester,C=GB",
                "version": 3
              },
              {
                "cert_pem": "-----BEGIN CERTIFICATE-----\nMIIHaDCCBlCgAwIBAgIRAJPStHPK5CQSa0JN71PyO7UwDQYJKoZIhvcNAQELBQAw\ngY8xCzAJBgNVBAYTAkdCMRswGQYDVQQIExJHcmVhdGVyIE1hbmNoZXN0ZXIxEDAO\nBgNVBAcTB1NhbGZvcmQxGDAWBgNVBAoTD1NlY3RpZ28gTGltaXRlZDE3MDUGA1UE\nAxMuU2VjdGlnbyBSU0EgRG9tYWluIFZhbGlkYXRpb24gU2VjdXJlIFNlcnZlciBD\nQTAeFw0yNDA3MDgwMDAwMDBaFw0yNTA3MDgyMzU5NTlaMCoxKDAmBgNVBAMMHyou\nYWN0aW9ucy5naXRodWJ1c2VyY29udGVudC5jb20wggIiMA0GCSqGSIb3DQEBAQUA\nA4ICDwAwggIKAoICAQDo4bImOjN2CKPLUnYciOPgwTvPUMG34nROjJCpDRdP+8Wv\nfsTf8oyR7gtVKSmDdkFWYPt7wWk20xbECEZdiCYqhcXsoWqfqCKEfp/cruNzwtQK\ncsfmpziyhnuQuQ+n6TL6cewi8+mdSgTUt7UDKSPaM7X5dJiQ/Au54Tj7l2T8Wf+g\n8PZdsAWUfmu+Ku8YxoBo4QaeSPxiZcPpMLzdy2wMV6RoA8t0uJSFztJAQu6rsgOl\nG1KK0TqTjGsNQz2FTISR7JEaDH9NK7BXJIXRG9Jn64LKHnC0cnF/y/kZ/qO1E+Bn\nMpLZOz2O8LcOMQU2LwlLESEBWaOHaWXryoJDPC03HNI4ysDKfHwQJtUkNFLrpOm6\nIsB409EhgW5jgGaNJGMatW4LKeuatmpwGRmQNLUPu5inpE8ogu7MdAej/DPGWUm8\nanjWIdK/61Gj/XDnHbFhInCvupY7yBiSbgDgs6t+F67Dyu6EiSP8trp1ejKr9kOj\n/0nFNu5lKqqUVXO9ZdAMmARtaWN23gLMxbGOJyvZXfvSoWYli+hNaiiafewcoIRH\n2U9/+wTltsuIDWAAkZMQ5uAJZvZ0c280MI1ZxFjYhjUZtuzqoCP49tJ9e9/ku72/\nUW00KWbHrrUUDcJd2o2xP3hLmlbexqkWhGksv4hbP0x6d2MPO+/8uTbXY4ORfwID\nAQABo4IDITCCAx0wHwYDVR0jBBgwFoAUjYxexFStiuF36Zv5mwXhuAGNYeEwHQYD\nVR0OBBYEFBB+AKRKk8n6lBaK7fGe1WquRSwKMA4GA1UdDwEB/wQEAwIFoDAMBgNV\nHRMBAf8EAjAAMB0GA1UdJQQWMBQGCCsGAQUFBwMBBggrBgEFBQcDAjBJBgNVHSAE\nQjBAMDQGCysGAQQBsjEBAgIHMCUwIwYIKwYBBQUHAgEWF2h0dHBzOi8vc2VjdGln\nby5jb20vQ1BTMAgGBmeBDAECATCBhAYIKwYBBQUHAQEEeDB2ME8GCCsGAQUFBzAC\nhkNodHRwOi8vY3J0LnNlY3RpZ28uY29tL1NlY3RpZ29SU0FEb21haW5WYWxpZGF0\naW9uU2VjdXJlU2VydmVyQ0EuY3J0MCMGCCsGAQUFBzABhhdodHRwOi8vb2NzcC5z\nZWN0aWdvLmNvbTCCAX8GCisGAQQB1nkCBAIEggFvBIIBawFpAHUA3dzKNJXX4RYF\n55Uy+sef+D0cUN/bADoUEnYKLKy7yCoAAAGQj6U8BgAABAMARjBEAiAqLo8wDJRk\nWL+JMB3JmexKL4ugh5NP0dFIZMU2TY2bswIgQHtzAFZqQmJun/RUdngNRDmkA3HK\nGiXY0QmVwul/BpAAdwAN4fIwK9MNwUBiEgnqVS78R3R8sdfpMO8OQh60fk6qNAAA\nAZCPpTvcAAAEAwBIMEYCIQDizVlgOl4dSjw8rj64tNqly5EHdNOawh+JoPS8cwbl\ndgIhAJsW/Rxv4xVc/QLU6IajxC8CbEPTpOMRLXA7DhqzVn7EAHcAEvFONL1TckyE\nBhnDjz96E/jntWKHiJxtMAWE6+WGJjoAAAGQj6U7qwAABAMASDBGAiEAx7qSQTPH\nDFkvcOfgioODlWNRhZvOO3tnTO4kYt1ubPMCIQCQgl9KCM4j+C66C2/S87bTnQ6t\n9AXo9qI68HsRRqDSizBJBgNVHREEQjBAgh8qLmFjdGlvbnMuZ2l0aHVidXNlcmNv\nbnRlbnQuY29tgh1hY3Rpb25zLmdpdGh1YnVzZXJjb250ZW50LmNvbTANBgkqhkiG\n9w0BAQsFAAOCAQEAVb9+iUtlsPIfBDLYuOOD0Cn2T3Au0QDjbwRsY3TYIqSjwemk\n5CYuecJnFyOM6FVZ5IwZtr7gBbgLECiIGe7kN/zZ2gIXRKnH3Sk3WatYWKt4disK\nHMHjkaJzsVYE+oSnEuW+hOJiYDCPbRt2bKrdmVScoFJ5QKuEQczFefCEjaoQf1S4\n4YMniGkl+RfsLXCkdsq/ylAZMGqFGTpDtwxmt2NMQiH5vD8BaD+tbsKQ9O/9tSFI\nH56u+fcqnh55elQyE+HunPZGJ42KovjahZC6ubBCkZFmdybJth76EHqJRE595wwQ\nlUS6z5DuTN7D7iYE3dMool/bpxeLWJhj0lKzvw==\n-----END CERTIFICATE-----\n",
                "is_ca": false,
                "issuer": "CN=Sectigo RSA Domain Validation Secure Server CA,O=Sectigo Limited,L=Salford,ST=Greater Manchester,C=GB",
                "not_after": "2025-07-08T23:59:59Z",
                "not_before": "2024-07-08T00:00:00Z",
                "public_key_algorithm": "RSA",
                "serial_number": "196490557728434070975673617422193146805",
                "sha1_fingerprint": "74f3a68f16524f15424927704c9506f55a9316bd",
                "signature_algorithm": "SHA256-RSA",
                "subject": "CN=*.actions.githubusercontent.com",
                "version": 3
              }
            ],
            "content": null,
            "id": "8d232a145587e7e891fc7c3dc13630d472810d21",
            "url": "https://token.actions.githubusercontent.com",
            "verify_chain": true
          },
          "sensitive_attributes": []
        }
      ]
    },
    {
      "module": "module.ilios_oidc",
      "mode": "managed",
      "type": "aws_iam_openid_connect_provider",
      "name": "github",
      "provider": "provider[\"registry.terraform.io/hashicorp/aws\"]",
      "instances": [
        {
          "schema_version": 0,
          "attributes": {
            "arn": "arn:aws:iam::571600859306:oidc-provider/token.actions.githubusercontent.com",
            "client_id_list": [
              "sts.amazonaws.com"
            ],
            "id": "arn:aws:iam::571600859306:oidc-provider/token.actions.githubusercontent.com",
            "tags": null,
            "tags_all": {},
            "thumbprint_list": [
              "d89e3bd43d5d909b47a18977aa9d5ce36cee184c"
            ],
            "url": "token.actions.githubusercontent.com"
          },
          "sensitive_attributes": [],
          "private": "bnVsbA==",
          "dependencies": [
            "module.ilios_oidc.data.tls_certificate.github"
          ]
        }
      ]
    },
    {
      "module": "module.ilios_oidc",
      "mode": "managed",
      "type": "aws_iam_policy",
      "name": "github_oidc_policy",
      "provider": "provider[\"registry.terraform.io/hashicorp/aws\"]",
      "instances": [
        {
          "schema_version": 0,
          "attributes": {
            "arn": "arn:aws:iam::571600859306:policy/GitHubOIDCPolicy",
            "attachment_count": 0,
            "description": "Policy for GitHub Actions OIDC authentication",
            "id": "arn:aws:iam::571600859306:policy/GitHubOIDCPolicy",
            "name": "GitHubOIDCPolicy",
            "name_prefix": "",
            "path": "/",
            "policy": "{\"Statement\":[{\"Action\":[\"eks:DescribeCluster\",\"eks:ListClusters\",\"eks:DescribeNodegroup\",\"eks:ListNodegroups\",\"eks:ListUpdates\",\"eks:AccessKubernetesApi\",\"iam:CreateRole\",\"iam:DeleteRole\",\"iam:GetRole\",\"iam:PassRole\",\"iam:AttachRolePolicy\",\"iam:DetachRolePolicy\",\"iam:CreateOpenIDConnectProvider\",\"iam:CreatePolicy\",\"iam:DeletePolicy\",\"iam:GetPolicy\"],\"Effect\":\"Allow\",\"Resource\":\"*\"}],\"Version\":\"2012-10-17\"}",
            "policy_id": "ANPAYKFQQ6CVKJPTI75YM",
            "tags": null,
            "tags_all": {}
          },
          "sensitive_attributes": [],
          "private": "bnVsbA=="
        }
      ]
    },
    {
      "module": "module.ilios_oidc",
      "mode": "managed",
      "type": "aws_iam_policy_attachment",
      "name": "github_oidc_policy_attach",
      "provider": "provider[\"registry.terraform.io/hashicorp/aws\"]",
      "instances": [
        {
          "schema_version": 0,
          "attributes": {
            "groups": null,
            "id": "GitHubOIDCPolicyAttachment",
            "name": "GitHubOIDCPolicyAttachment",
            "policy_arn": "arn:aws:iam::571600859306:policy/GitHubOIDCPolicy",
            "roles": [
              "GitHubActionsOIDCRole"
            ],
            "users": null
          },
          "sensitive_attributes": [],
          "private": "bnVsbA==",
          "dependencies": [
            "module.ilios_oidc.aws_iam_openid_connect_provider.github",
            "module.ilios_oidc.aws_iam_policy.github_oidc_policy",
            "module.ilios_oidc.aws_iam_role.github_oidc_role",
            "module.ilios_oidc.data.tls_certificate.github"
          ]
        }
      ]
    },
    {
      "module": "module.ilios_oidc",
      "mode": "managed",
      "type": "aws_iam_role",
      "name": "github_oidc_role",
      "provider": "provider[\"registry.terraform.io/hashicorp/aws\"]",
      "instances": [
        {
          "schema_version": 0,
          "attributes": {
            "arn": "arn:aws:iam::571600859306:role/GitHubActionsOIDCRole",
            "assume_role_policy": "{\"Statement\":[{\"Action\":\"sts:AssumeRoleWithWebIdentity\",\"Condition\":{\"StringEquals\":{\"token.actions.githubusercontent.com:aud\":\"sts.amazonaws.com\"},\"StringLike\":{\"token.actions.githubusercontent.com:sub\":[\"repo:tdthurston/ilios-base-tf-infra:*\",\"repo:tdthurston/ilios-golang-api:*\"]}},\"Effect\":\"Allow\",\"Principal\":{\"Federated\":\"arn:aws:iam::571600859306:oidc-provider/token.actions.githubusercontent.com\"}}],\"Version\":\"2012-10-17\"}",
            "create_date": "2025-03-06T20:16:12Z",
            "description": "",
            "force_detach_policies": false,
            "id": "GitHubActionsOIDCRole",
            "inline_policy": [],
            "managed_policy_arns": [],
            "max_session_duration": 3600,
            "name": "GitHubActionsOIDCRole",
            "name_prefix": "",
            "path": "/",
            "permissions_boundary": "",
            "tags": null,
            "tags_all": {},
            "unique_id": "AROAYKFQQ6CVFBZTGVMJB"
          },
          "sensitive_attributes": [],
          "private": "bnVsbA==",
          "dependencies": [
            "module.ilios_oidc.aws_iam_openid_connect_provider.github",
            "module.ilios_oidc.data.tls_certificate.github"
          ]
        }
      ]
    },
    {
      "module": "module.ilios_vpc",
      "mode": "managed",
      "type": "aws_eip",
      "name": "ilios_eip",
      "provider": "provider[\"registry.terraform.io/hashicorp/aws\"]",
      "instances": [
        {
          "schema_version": 0,
          "attributes": {
            "address": null,
            "allocation_id": "eipalloc-0c11855b935da4914",
            "arn": "arn:aws:ec2:us-east-1:571600859306:elastic-ip/eipalloc-0c11855b935da4914",
            "associate_with_private_ip": null,
            "association_id": "",
            "carrier_ip": "",
            "customer_owned_ip": "",
            "customer_owned_ipv4_pool": "",
            "domain": "vpc",
            "id": "eipalloc-0c11855b935da4914",
            "instance": "",
            "ipam_pool_id": null,
            "network_border_group": "us-east-1",
            "network_interface": "",
            "private_dns": null,
            "private_ip": "",
            "ptr_record": "",
            "public_dns": "ec2-54-164-223-228.compute-1.amazonaws.com",
            "public_ip": "54.164.223.228",
            "public_ipv4_pool": "amazon",
            "tags": null,
            "tags_all": {},
            "timeouts": null,
            "vpc": true
          },
          "sensitive_attributes": [],
          "private": "eyJlMmJmYjczMC1lY2FhLTExZTYtOGY4OC0zNDM2M2JjN2M0YzAiOnsiZGVsZXRlIjoxODAwMDAwMDAwMDAsInJlYWQiOjkwMDAwMDAwMDAwMCwidXBkYXRlIjozMDAwMDAwMDAwMDB9fQ=="
        }
      ]
    },
    {
      "module": "module.ilios_vpc",
      "mode": "managed",
      "type": "aws_internet_gateway",
      "name": "ilios_igw",
      "provider": "provider[\"registry.terraform.io/hashicorp/aws\"]",
      "instances": [
        {
          "schema_version": 0,
          "attributes": {
            "arn": "arn:aws:ec2:us-east-1:571600859306:internet-gateway/igw-0b26e9c2b094a8dd9",
            "id": "igw-0b26e9c2b094a8dd9",
            "owner_id": "571600859306",
            "tags": {
              "Name": "ilios-igw"
            },
            "tags_all": {
              "Name": "ilios-igw"
            },
            "timeouts": null,
            "vpc_id": "vpc-049eeba9fae3f6bde"
          },
          "sensitive_attributes": [],
          "private": "eyJlMmJmYjczMC1lY2FhLTExZTYtOGY4OC0zNDM2M2JjN2M0YzAiOnsiY3JlYXRlIjoxMjAwMDAwMDAwMDAwLCJkZWxldGUiOjEyMDAwMDAwMDAwMDAsInVwZGF0ZSI6MTIwMDAwMDAwMDAwMH19",
          "dependencies": [
            "module.ilios_vpc.aws_vpc.ilios_vpc"
          ]
        }
      ]
    },
    {
      "module": "module.ilios_vpc",
      "mode": "managed",
      "type": "aws_nat_gateway",
      "name": "ilios_nat_gw",
      "provider": "provider[\"registry.terraform.io/hashicorp/aws\"]",
      "instances": [
        {
          "schema_version": 0,
          "attributes": {
            "allocation_id": "eipalloc-0c11855b935da4914",
            "association_id": "eipassoc-0bd0d975457dd374b",
            "connectivity_type": "public",
            "id": "nat-02435deac15579a15",
            "network_interface_id": "eni-0ceb17e798bf519e3",
            "private_ip": "10.0.1.11",
            "public_ip": "54.164.223.228",
            "secondary_allocation_ids": null,
            "secondary_private_ip_address_count": 0,
            "secondary_private_ip_addresses": [],
            "subnet_id": "subnet-01318918a6a4686ef",
            "tags": {
              "Name": "ilios-nat-gw"
            },
            "tags_all": {
              "Name": "ilios-nat-gw"
            },
            "timeouts": null
          },
          "sensitive_attributes": [],
          "private": "eyJlMmJmYjczMC1lY2FhLTExZTYtOGY4OC0zNDM2M2JjN2M0YzAiOnsiY3JlYXRlIjo2MDAwMDAwMDAwMDAsImRlbGV0ZSI6MTgwMDAwMDAwMDAwMCwidXBkYXRlIjo2MDAwMDAwMDAwMDB9fQ==",
          "dependencies": [
            "module.ilios_vpc.aws_eip.ilios_eip",
            "module.ilios_vpc.aws_internet_gateway.ilios_igw",
            "module.ilios_vpc.aws_subnet.ilios_public",
            "module.ilios_vpc.aws_vpc.ilios_vpc"
          ]
        }
      ]
    },
    {
      "module": "module.ilios_vpc",
      "mode": "managed",
      "type": "aws_route",
      "name": "ilios_private_route",
      "provider": "provider[\"registry.terraform.io/hashicorp/aws\"]",
      "instances": [
        {
          "schema_version": 0,
          "attributes": {
            "carrier_gateway_id": "",
            "core_network_arn": "",
            "destination_cidr_block": "0.0.0.0/0",
            "destination_ipv6_cidr_block": "",
            "destination_prefix_list_id": "",
            "egress_only_gateway_id": "",
            "gateway_id": "",
            "id": "r-rtb-0c1bd203f2c8084331080289494",
            "instance_id": "",
            "instance_owner_id": "",
            "local_gateway_id": "",
            "nat_gateway_id": "nat-02435deac15579a15",
            "network_interface_id": "",
            "origin": "CreateRoute",
            "route_table_id": "rtb-0c1bd203f2c808433",
            "state": "active",
            "timeouts": null,
            "transit_gateway_id": "",
            "vpc_endpoint_id": "",
            "vpc_peering_connection_id": ""
          },
          "sensitive_attributes": [],
          "private": "eyJlMmJmYjczMC1lY2FhLTExZTYtOGY4OC0zNDM2M2JjN2M0YzAiOnsiY3JlYXRlIjozMDAwMDAwMDAwMDAsImRlbGV0ZSI6MzAwMDAwMDAwMDAwLCJ1cGRhdGUiOjEyMDAwMDAwMDAwMH19",
          "dependencies": [
            "module.ilios_vpc.aws_eip.ilios_eip",
            "module.ilios_vpc.aws_internet_gateway.ilios_igw",
            "module.ilios_vpc.aws_nat_gateway.ilios_nat_gw",
            "module.ilios_vpc.aws_route_table.ilios_private_rt",
            "module.ilios_vpc.aws_subnet.ilios_public",
            "module.ilios_vpc.aws_vpc.ilios_vpc"
          ]
        }
      ]
    },
    {
      "module": "module.ilios_vpc",
      "mode": "managed",
      "type": "aws_route",
      "name": "ilios_public_route",
      "provider": "provider[\"registry.terraform.io/hashicorp/aws\"]",
      "instances": [
        {
          "schema_version": 0,
          "attributes": {
            "carrier_gateway_id": "",
            "core_network_arn": "",
            "destination_cidr_block": "0.0.0.0/0",
            "destination_ipv6_cidr_block": "",
            "destination_prefix_list_id": "",
            "egress_only_gateway_id": "",
            "gateway_id": "igw-0b26e9c2b094a8dd9",
            "id": "r-rtb-05e400a321ce4f2b51080289494",
            "instance_id": "",
            "instance_owner_id": "",
            "local_gateway_id": "",
            "nat_gateway_id": "",
            "network_interface_id": "",
            "origin": "CreateRoute",
            "route_table_id": "rtb-05e400a321ce4f2b5",
            "state": "active",
            "timeouts": null,
            "transit_gateway_id": "",
            "vpc_endpoint_id": "",
            "vpc_peering_connection_id": ""
          },
          "sensitive_attributes": [],
          "private": "eyJlMmJmYjczMC1lY2FhLTExZTYtOGY4OC0zNDM2M2JjN2M0YzAiOnsiY3JlYXRlIjozMDAwMDAwMDAwMDAsImRlbGV0ZSI6MzAwMDAwMDAwMDAwLCJ1cGRhdGUiOjEyMDAwMDAwMDAwMH19",
          "dependencies": [
            "module.ilios_vpc.aws_internet_gateway.ilios_igw",
            "module.ilios_vpc.aws_route_table.ilios_public_rt",
            "module.ilios_vpc.aws_vpc.ilios_vpc"
          ]
        }
      ]
    },
    {
      "module": "module.ilios_vpc",
      "mode": "managed",
      "type": "aws_route_table",
      "name": "ilios_private_rt",
      "provider": "provider[\"registry.terraform.io/hashicorp/aws\"]",
      "instances": [
        {
          "schema_version": 0,
          "attributes": {
            "arn": "arn:aws:ec2:us-east-1:571600859306:route-table/rtb-0c1bd203f2c808433",
            "id": "rtb-0c1bd203f2c808433",
            "owner_id": "571600859306",
            "propagating_vgws": [],
            "route": [],
            "tags": {
              "Name": "ilios-private-rt"
            },
            "tags_all": {
              "Name": "ilios-private-rt"
            },
            "timeouts": null,
            "vpc_id": "vpc-049eeba9fae3f6bde"
          },
          "sensitive_attributes": [],
          "private": "eyJlMmJmYjczMC1lY2FhLTExZTYtOGY4OC0zNDM2M2JjN2M0YzAiOnsiY3JlYXRlIjozMDAwMDAwMDAwMDAsImRlbGV0ZSI6MzAwMDAwMDAwMDAwLCJ1cGRhdGUiOjEyMDAwMDAwMDAwMH19",
          "dependencies": [
            "module.ilios_vpc.aws_vpc.ilios_vpc"
          ]
        }
      ]
    },
    {
      "module": "module.ilios_vpc",
      "mode": "managed",
      "type": "aws_route_table",
      "name": "ilios_public_rt",
      "provider": "provider[\"registry.terraform.io/hashicorp/aws\"]",
      "instances": [
        {
          "schema_version": 0,
          "attributes": {
            "arn": "arn:aws:ec2:us-east-1:571600859306:route-table/rtb-05e400a321ce4f2b5",
            "id": "rtb-05e400a321ce4f2b5",
            "owner_id": "571600859306",
            "propagating_vgws": [],
            "route": [],
            "tags": {
              "Name": "ilios-public-rt"
            },
            "tags_all": {
              "Name": "ilios-public-rt"
            },
            "timeouts": null,
            "vpc_id": "vpc-049eeba9fae3f6bde"
          },
          "sensitive_attributes": [],
          "private": "eyJlMmJmYjczMC1lY2FhLTExZTYtOGY4OC0zNDM2M2JjN2M0YzAiOnsiY3JlYXRlIjozMDAwMDAwMDAwMDAsImRlbGV0ZSI6MzAwMDAwMDAwMDAwLCJ1cGRhdGUiOjEyMDAwMDAwMDAwMH19",
          "dependencies": [
            "module.ilios_vpc.aws_vpc.ilios_vpc"
          ]
        }
      ]
    },
    {
      "module": "module.ilios_vpc",
      "mode": "managed",
      "type": "aws_route_table_association",
      "name": "ilios_private_sa",
      "provider": "provider[\"registry.terraform.io/hashicorp/aws\"]",
      "instances": [
        {
          "index_key": 0,
          "schema_version": 0,
          "attributes": {
            "gateway_id": "",
            "id": "rtbassoc-0940cff8504c10d7d",
            "route_table_id": "rtb-0c1bd203f2c808433",
            "subnet_id": "subnet-0f48a4d464601de99",
            "timeouts": null
          },
          "sensitive_attributes": [],
          "private": "eyJlMmJmYjczMC1lY2FhLTExZTYtOGY4OC0zNDM2M2JjN2M0YzAiOnsiY3JlYXRlIjozMDAwMDAwMDAwMDAsImRlbGV0ZSI6MzAwMDAwMDAwMDAwLCJ1cGRhdGUiOjEyMDAwMDAwMDAwMH19",
          "dependencies": [
            "module.ilios_vpc.aws_route_table.ilios_private_rt",
            "module.ilios_vpc.aws_subnet.ilios_private",
            "module.ilios_vpc.aws_vpc.ilios_vpc"
          ]
        },
        {
          "index_key": 1,
          "schema_version": 0,
          "attributes": {
            "gateway_id": "",
            "id": "rtbassoc-0e1172d36162b38a8",
            "route_table_id": "rtb-0c1bd203f2c808433",
            "subnet_id": "subnet-0403e7e3af5efb9b1",
            "timeouts": null
          },
          "sensitive_attributes": [],
          "private": "eyJlMmJmYjczMC1lY2FhLTExZTYtOGY4OC0zNDM2M2JjN2M0YzAiOnsiY3JlYXRlIjozMDAwMDAwMDAwMDAsImRlbGV0ZSI6MzAwMDAwMDAwMDAwLCJ1cGRhdGUiOjEyMDAwMDAwMDAwMH19",
          "dependencies": [
            "module.ilios_vpc.aws_route_table.ilios_private_rt",
            "module.ilios_vpc.aws_subnet.ilios_private",
            "module.ilios_vpc.aws_vpc.ilios_vpc"
          ]
        }
      ]
    },
    {
      "module": "module.ilios_vpc",
      "mode": "managed",
      "type": "aws_route_table_association",
      "name": "ilios_public_sa",
      "provider": "provider[\"registry.terraform.io/hashicorp/aws\"]",
      "instances": [
        {
          "index_key": 0,
          "schema_version": 0,
          "attributes": {
            "gateway_id": "",
            "id": "rtbassoc-0b14fcd30d7dce1a6",
            "route_table_id": "rtb-05e400a321ce4f2b5",
            "subnet_id": "subnet-01318918a6a4686ef",
            "timeouts": null
          },
          "sensitive_attributes": [],
          "private": "eyJlMmJmYjczMC1lY2FhLTExZTYtOGY4OC0zNDM2M2JjN2M0YzAiOnsiY3JlYXRlIjozMDAwMDAwMDAwMDAsImRlbGV0ZSI6MzAwMDAwMDAwMDAwLCJ1cGRhdGUiOjEyMDAwMDAwMDAwMH19",
          "dependencies": [
            "module.ilios_vpc.aws_route_table.ilios_public_rt",
            "module.ilios_vpc.aws_subnet.ilios_public",
            "module.ilios_vpc.aws_vpc.ilios_vpc"
          ]
        },
        {
          "index_key": 1,
          "schema_version": 0,
          "attributes": {
            "gateway_id": "",
            "id": "rtbassoc-0ada743a61a055442",
            "route_table_id": "rtb-05e400a321ce4f2b5",
            "subnet_id": "subnet-041575a978b598341",
            "timeouts": null
          },
          "sensitive_attributes": [],
          "private": "eyJlMmJmYjczMC1lY2FhLTExZTYtOGY4OC0zNDM2M2JjN2M0YzAiOnsiY3JlYXRlIjozMDAwMDAwMDAwMDAsImRlbGV0ZSI6MzAwMDAwMDAwMDAwLCJ1cGRhdGUiOjEyMDAwMDAwMDAwMH19",
          "dependencies": [
            "module.ilios_vpc.aws_route_table.ilios_public_rt",
            "module.ilios_vpc.aws_subnet.ilios_public",
            "module.ilios_vpc.aws_vpc.ilios_vpc"
          ]
        }
      ]
    },
    {
      "module": "module.ilios_vpc",
      "mode": "managed",
      "type": "aws_subnet",
      "name": "ilios_private",
      "provider": "provider[\"registry.terraform.io/hashicorp/aws\"]",
      "instances": [
        {
          "index_key": 0,
          "schema_version": 1,
          "attributes": {
            "arn": "arn:aws:ec2:us-east-1:571600859306:subnet/subnet-0f48a4d464601de99",
            "assign_ipv6_address_on_creation": false,
            "availability_zone": "us-east-1a",
            "availability_zone_id": "use1-az6",
            "cidr_block": "10.0.3.0/24",
            "customer_owned_ipv4_pool": "",
            "enable_dns64": false,
            "enable_lni_at_device_index": 0,
            "enable_resource_name_dns_a_record_on_launch": false,
            "enable_resource_name_dns_aaaa_record_on_launch": false,
            "id": "subnet-0f48a4d464601de99",
            "ipv6_cidr_block": "",
            "ipv6_cidr_block_association_id": "",
            "ipv6_native": false,
            "map_customer_owned_ip_on_launch": false,
            "map_public_ip_on_launch": false,
            "outpost_arn": "",
            "owner_id": "571600859306",
            "private_dns_hostname_type_on_launch": "ip-name",
            "tags": {
              "Name": "private-subnet-1"
            },
            "tags_all": {
              "Name": "private-subnet-1"
            },
            "timeouts": null,
            "vpc_id": "vpc-049eeba9fae3f6bde"
          },
          "sensitive_attributes": [],
          "private": "eyJlMmJmYjczMC1lY2FhLTExZTYtOGY4OC0zNDM2M2JjN2M0YzAiOnsiY3JlYXRlIjo2MDAwMDAwMDAwMDAsImRlbGV0ZSI6MTIwMDAwMDAwMDAwMH0sInNjaGVtYV92ZXJzaW9uIjoiMSJ9",
          "dependencies": [
            "module.ilios_vpc.aws_vpc.ilios_vpc"
          ],
          "create_before_destroy": true
        },
        {
          "index_key": 1,
          "schema_version": 1,
          "attributes": {
            "arn": "arn:aws:ec2:us-east-1:571600859306:subnet/subnet-0403e7e3af5efb9b1",
            "assign_ipv6_address_on_creation": false,
            "availability_zone": "us-east-1b",
            "availability_zone_id": "use1-az1",
            "cidr_block": "10.0.4.0/24",
            "customer_owned_ipv4_pool": "",
            "enable_dns64": false,
            "enable_lni_at_device_index": 0,
            "enable_resource_name_dns_a_record_on_launch": false,
            "enable_resource_name_dns_aaaa_record_on_launch": false,
            "id": "subnet-0403e7e3af5efb9b1",
            "ipv6_cidr_block": "",
            "ipv6_cidr_block_association_id": "",
            "ipv6_native": false,
            "map_customer_owned_ip_on_launch": false,
            "map_public_ip_on_launch": false,
            "outpost_arn": "",
            "owner_id": "571600859306",
            "private_dns_hostname_type_on_launch": "ip-name",
            "tags": {
              "Name": "private-subnet-2"
            },
            "tags_all": {
              "Name": "private-subnet-2"
            },
            "timeouts": null,
            "vpc_id": "vpc-049eeba9fae3f6bde"
          },
          "sensitive_attributes": [],
          "private": "eyJlMmJmYjczMC1lY2FhLTExZTYtOGY4OC0zNDM2M2JjN2M0YzAiOnsiY3JlYXRlIjo2MDAwMDAwMDAwMDAsImRlbGV0ZSI6MTIwMDAwMDAwMDAwMH0sInNjaGVtYV92ZXJzaW9uIjoiMSJ9",
          "dependencies": [
            "module.ilios_vpc.aws_vpc.ilios_vpc"
          ],
          "create_before_destroy": true
        }
      ]
    },
    {
      "module": "module.ilios_vpc",
      "mode": "managed",
      "type": "aws_subnet",
      "name": "ilios_public",
      "provider": "provider[\"registry.terraform.io/hashicorp/aws\"]",
      "instances": [
        {
          "index_key": 0,
          "schema_version": 1,
          "attributes": {
            "arn": "arn:aws:ec2:us-east-1:571600859306:subnet/subnet-01318918a6a4686ef",
            "assign_ipv6_address_on_creation": false,
            "availability_zone": "us-east-1a",
            "availability_zone_id": "use1-az6",
            "cidr_block": "10.0.1.0/24",
            "customer_owned_ipv4_pool": "",
            "enable_dns64": false,
            "enable_lni_at_device_index": 0,
            "enable_resource_name_dns_a_record_on_launch": false,
            "enable_resource_name_dns_aaaa_record_on_launch": false,
            "id": "subnet-01318918a6a4686ef",
            "ipv6_cidr_block": "",
            "ipv6_cidr_block_association_id": "",
            "ipv6_native": false,
            "map_customer_owned_ip_on_launch": false,
            "map_public_ip_on_launch": true,
            "outpost_arn": "",
            "owner_id": "571600859306",
            "private_dns_hostname_type_on_launch": "ip-name",
            "tags": {
              "Name": "public-subnet-1"
            },
            "tags_all": {
              "Name": "public-subnet-1"
            },
            "timeouts": null,
            "vpc_id": "vpc-049eeba9fae3f6bde"
          },
          "sensitive_attributes": [],
          "private": "eyJlMmJmYjczMC1lY2FhLTExZTYtOGY4OC0zNDM2M2JjN2M0YzAiOnsiY3JlYXRlIjo2MDAwMDAwMDAwMDAsImRlbGV0ZSI6MTIwMDAwMDAwMDAwMH0sInNjaGVtYV92ZXJzaW9uIjoiMSJ9",
          "dependencies": [
            "module.ilios_vpc.aws_vpc.ilios_vpc"
          ]
        },
        {
          "index_key": 1,
          "schema_version": 1,
          "attributes": {
            "arn": "arn:aws:ec2:us-east-1:571600859306:subnet/subnet-041575a978b598341",
            "assign_ipv6_address_on_creation": false,
            "availability_zone": "us-east-1b",
            "availability_zone_id": "use1-az1",
            "cidr_block": "10.0.2.0/24",
            "customer_owned_ipv4_pool": "",
            "enable_dns64": false,
            "enable_lni_at_device_index": 0,
            "enable_resource_name_dns_a_record_on_launch": false,
            "enable_resource_name_dns_aaaa_record_on_launch": false,
            "id": "subnet-041575a978b598341",
            "ipv6_cidr_block": "",
            "ipv6_cidr_block_association_id": "",
            "ipv6_native": false,
            "map_customer_owned_ip_on_launch": false,
            "map_public_ip_on_launch": true,
            "outpost_arn": "",
            "owner_id": "571600859306",
            "private_dns_hostname_type_on_launch": "ip-name",
            "tags": {
              "Name": "public-subnet-2"
            },
            "tags_all": {
              "Name": "public-subnet-2"
            },
            "timeouts": null,
            "vpc_id": "vpc-049eeba9fae3f6bde"
          },
          "sensitive_attributes": [],
          "private": "eyJlMmJmYjczMC1lY2FhLTExZTYtOGY4OC0zNDM2M2JjN2M0YzAiOnsiY3JlYXRlIjo2MDAwMDAwMDAwMDAsImRlbGV0ZSI6MTIwMDAwMDAwMDAwMH0sInNjaGVtYV92ZXJzaW9uIjoiMSJ9",
          "dependencies": [
            "module.ilios_vpc.aws_vpc.ilios_vpc"
          ]
        }
      ]
    },
    {
      "module": "module.ilios_vpc",
      "mode": "managed",
      "type": "aws_vpc",
      "name": "ilios_vpc",
      "provider": "provider[\"registry.terraform.io/hashicorp/aws\"]",
      "instances": [
        {
          "schema_version": 1,
          "attributes": {
            "arn": "arn:aws:ec2:us-east-1:571600859306:vpc/vpc-049eeba9fae3f6bde",
            "assign_generated_ipv6_cidr_block": false,
            "cidr_block": "10.0.0.0/16",
            "default_network_acl_id": "acl-085a6a1966c4d9823",
            "default_route_table_id": "rtb-039256536eb9beefe",
            "default_security_group_id": "sg-08b9d51ae61680c66",
            "dhcp_options_id": "dopt-0de5d610c795d94b4",
            "enable_dns_hostnames": false,
            "enable_dns_support": true,
            "enable_network_address_usage_metrics": false,
            "id": "vpc-049eeba9fae3f6bde",
            "instance_tenancy": "default",
            "ipv4_ipam_pool_id": null,
            "ipv4_netmask_length": null,
            "ipv6_association_id": "",
            "ipv6_cidr_block": "",
            "ipv6_cidr_block_network_border_group": "",
            "ipv6_ipam_pool_id": "",
            "ipv6_netmask_length": 0,
            "main_route_table_id": "rtb-039256536eb9beefe",
            "owner_id": "571600859306",
            "tags": {
              "Name": "test-vpc"
            },
            "tags_all": {
              "Name": "test-vpc"
            }
          },
          "sensitive_attributes": [],
          "private": "eyJzY2hlbWFfdmVyc2lvbiI6IjEifQ==",
          "create_before_destroy": true
        }
      ]
    }
  ],
  "check_results": null
}
