{
  "version": 4,
  "terraform_version": "1.10.4",
  "serial": 41,
  "lineage": "9ed1ad17-2173-8369-bc70-aa73684fac1d",
  "outputs": {
    "cluster_endpoint": {
      "value": "https://1CC9E747DDE44455F1C0CEE0B1597498.gr7.us-east-1.eks.amazonaws.com",
      "type": "string"
    },
    "cluster_id": {
      "value": "test-cluster",
      "type": "string"
    },
    "instance_type": {
      "value": "t2.micro",
      "type": "string"
    },
    "internet_gateway_id": {
      "value": "igw-03776db49280047ef",
      "type": "string"
    },
    "lb_arn": {
      "value": "arn:aws:elasticloadbalancing:us-east-1:571600859306:loadbalancer/app/test-lb/578ca3b53552465e",
      "type": "string"
    },
    "listener_arn": {
      "value": "arn:aws:elasticloadbalancing:us-east-1:571600859306:listener/app/test-lb/578ca3b53552465e/338027d3d77c7e43",
      "type": "string"
    },
    "nat_gateway_id": {
      "value": "nat-0be9bce47869e70bf",
      "type": "string"
    },
    "private_subnet_ids": {
      "value": [
        "subnet-080c674d0b075c645",
        "subnet-00d2be9cc24ab1633"
      ],
      "type": [
        "tuple",
        [
          "string",
          "string"
        ]
      ]
    },
    "public_subnet_ids": {
      "value": [
        "subnet-053136a16e3d5b6ca",
        "subnet-00fe280766045ae2a"
      ],
      "type": [
        "tuple",
        [
          "string",
          "string"
        ]
      ]
    },
    "target_group_arn": {
      "value": "arn:aws:elasticloadbalancing:us-east-1:571600859306:targetgroup/ilios-alb-tg/e28af0df57272f8c",
      "type": "string"
    },
    "vpc_cidr_block": {
      "value": "10.0.0.0/16",
      "type": "string"
    },
    "vpc_id": {
      "value": "vpc-0e1acbe09ff81d088",
      "type": "string"
    }
  },
  "resources": [
    {
      "module": "module.ilios_eks_cluster",
      "mode": "managed",
      "type": "aws_eks_cluster",
      "name": "ilios_cluster",
      "provider": "provider[\"registry.terraform.io/hashicorp/aws\"]",
      "instances": [
        {
          "schema_version": 1,
          "attributes": {
            "access_config": [
              {
                "authentication_mode": "CONFIG_MAP",
                "bootstrap_cluster_creator_admin_permissions": true
              }
            ],
            "arn": "arn:aws:eks:us-east-1:571600859306:cluster/test-cluster",
            "bootstrap_self_managed_addons": true,
            "certificate_authority": [
              {
                "data": "LS0tLS1CRUdJTiBDRVJUSUZJQ0FURS0tLS0tCk1JSURCVENDQWUyZ0F3SUJBZ0lJZVB4dlo3N0FjRXd3RFFZSktvWklodmNOQVFFTEJRQXdGVEVUTUJFR0ExVUUKQXhNS2EzVmlaWEp1WlhSbGN6QWVGdzB5TlRBeU1qUXhNalU1TVRCYUZ3MHpOVEF5TWpJeE16QTBNVEJhTUJVeApFekFSQmdOVkJBTVRDbXQxWW1WeWJtVjBaWE13Z2dFaU1BMEdDU3FHU0liM0RRRUJBUVVBQTRJQkR3QXdnZ0VLCkFvSUJBUURxVjBvbXNkRVFGMG1tamlUQVlZSSthb1FnV3BYbzBVdk1aNXRQVjkvcjBmK2szUzNSM1A5L29nbHoKblkySzlKRVdIMU55VWU5M0lFcmp0LzEvM1JjTGZOSXlXeU9vS09EbVRnQndEVDl2bHE4UmJUYmd5bmEvTWhjWQpuZTM0Rjl6Z0NXR3F6TnJxeHIxckRUQ1dFL2dPcGRRMWxabjY3M0h2ajl6QkNubDN2QkY5NjgrUEh6U0ptN0h3CkNlazhSRVB4RWJCV0lYTUJBUm1ocW9Hdi9qS2NYaURkbFl1cjdxRCs4WCttUUxmck40V0N5YzNGMUoybnlaTzcKbUNzdGYvd2gwQUdjV2NxYnRSb0RsV1ExY21QaGk2cGZlaCsrZXZuSmp2WmRhcnJMMXh0clQySTE5YWU0RzlDeApzbnNOTDN4RnlnQUZzTTcvUXNTV2pYYStWMFJUQWdNQkFBR2pXVEJYTUE0R0ExVWREd0VCL3dRRUF3SUNwREFQCkJnTlZIUk1CQWY4RUJUQURBUUgvTUIwR0ExVWREZ1FXQkJTREF3bXRIeU1jbG5zdkhDSlhiU1R6WmViZ1NEQVYKQmdOVkhSRUVEakFNZ2dwcmRXSmxjbTVsZEdWek1BMEdDU3FHU0liM0RRRUJDd1VBQTRJQkFRQ0U0WkpyTTVQMgpCQmJna3JQNFBjSjBQdndlNDZMVEdBUDNDbmtKaWFvN2VwMmRHclM5L1JnalVkeFNsc0t0ejVXUnFYKzl0N2huCnJBeWxHa1BDOW9YSElyeEFsM1ZjNXlyakkrbmIvcmRUK2JNMVRnRzFadU9JbWdaOGI1eWxpMlNBNzVQb0FkU1UKQzNYQkJubzdvWk9JRG5DVFNpNkhmdUpSWmFPOGlMeUlsMVBkdktackFzV2lZZXU2UUpiQmxBQlloNU1qa3RHbgpxRTBzYU42b3VETisvREl4SUdYbzI0bHJnVDFONldXWHFVSFlYR0tmU2ZNK242ZnNCb1JJOWNId241RXBNcTRwCnRSQ3FPRkhKZUtNU3RZRW0rOEkrMFM0bHNyR1hQTU41eE1VT20yaG9lSFo4cmI4ZGpramFGbnhUdjg3Z1Y4a28KbnJoU1RybW5Xc3RNCi0tLS0tRU5EIENFUlRJRklDQVRFLS0tLS0K"
              }
            ],
            "cluster_id": null,
            "compute_config": [],
            "created_at": "2025-02-24T12:59:28Z",
            "enabled_cluster_log_types": [],
            "encryption_config": [],
            "endpoint": "https://1CC9E747DDE44455F1C0CEE0B1597498.gr7.us-east-1.eks.amazonaws.com",
            "id": "test-cluster",
            "identity": [
              {
                "oidc": [
                  {
                    "issuer": "https://oidc.eks.us-east-1.amazonaws.com/id/1CC9E747DDE44455F1C0CEE0B1597498"
                  }
                ]
              }
            ],
            "kubernetes_network_config": [
              {
                "elastic_load_balancing": [
                  {
                    "enabled": false
                  }
                ],
                "ip_family": "ipv4",
                "service_ipv4_cidr": "172.20.0.0/16",
                "service_ipv6_cidr": ""
              }
            ],
            "name": "test-cluster",
            "outpost_config": [],
            "platform_version": "eks.19",
            "remote_network_config": [],
            "role_arn": "arn:aws:iam::571600859306:role/cluster-role",
            "status": "ACTIVE",
            "storage_config": [],
            "tags": {},
            "tags_all": {},
            "timeouts": null,
            "upgrade_policy": [
              {
                "support_type": "EXTENDED"
              }
            ],
            "version": "1.31",
            "vpc_config": [
              {
                "cluster_security_group_id": "sg-0d8b6fad7db8cf011",
                "endpoint_private_access": false,
                "endpoint_public_access": true,
                "public_access_cidrs": [
                  "0.0.0.0/0"
                ],
                "security_group_ids": [
                  "sg-085e1c86702c93355"
                ],
                "subnet_ids": [
                  "subnet-00d2be9cc24ab1633",
                  "subnet-080c674d0b075c645"
                ],
                "vpc_id": "vpc-0e1acbe09ff81d088"
              }
            ],
            "zonal_shift_config": []
          },
          "sensitive_attributes": [],
          "private": "eyJlMmJmYjczMC1lY2FhLTExZTYtOGY4OC0zNDM2M2JjN2M0YzAiOnsiY3JlYXRlIjoxODAwMDAwMDAwMDAwLCJkZWxldGUiOjkwMDAwMDAwMDAwMCwidXBkYXRlIjozNjAwMDAwMDAwMDAwfSwic2NoZW1hX3ZlcnNpb24iOiIxIn0=",
          "dependencies": [
            "module.ilios_eks_cluster.aws_iam_role.cluster_role",
            "module.ilios_eks_cluster.aws_iam_role_policy_attachment.cluster_role_attachment",
            "module.ilios_eks_cluster.aws_security_group.cluster_sg",
            "module.ilios_vpc.aws_subnet.ilios_private",
            "module.ilios_vpc.aws_vpc.ilios_vpc"
          ]
        }
      ]
    },
    {
      "module": "module.ilios_eks_cluster",
      "mode": "managed",
      "type": "aws_eks_node_group",
      "name": "ilios_node_group",
      "provider": "provider[\"registry.terraform.io/hashicorp/aws\"]",
      "instances": [
        {
          "schema_version": 0,
          "attributes": {
            "ami_type": "AL2023_x86_64_STANDARD",
            "arn": "arn:aws:eks:us-east-1:571600859306:nodegroup/test-cluster/ilios-node-group/9aca9c08-77a3-4b09-3145-c6993fa617c6",
            "capacity_type": "ON_DEMAND",
            "cluster_name": "test-cluster",
            "disk_size": 20,
            "force_update_version": null,
            "id": "test-cluster:ilios-node-group",
            "instance_types": [
              "t2.micro"
            ],
            "labels": {},
            "launch_template": [],
            "node_group_name": "ilios-node-group",
            "node_group_name_prefix": "",
            "node_repair_config": [],
            "node_role_arn": "arn:aws:iam::571600859306:role/node-group-role",
            "release_version": "1.31.5-20250212",
            "remote_access": [],
            "resources": [
              {
                "autoscaling_groups": [
                  {
                    "name": "eks-ilios-node-group-9aca9c08-77a3-4b09-3145-c6993fa617c6"
                  }
                ],
                "remote_access_security_group_id": ""
              }
            ],
            "scaling_config": [
              {
                "desired_size": 2,
                "max_size": 3,
                "min_size": 1
              }
            ],
            "status": "ACTIVE",
            "subnet_ids": [
              "subnet-00d2be9cc24ab1633",
              "subnet-080c674d0b075c645"
            ],
            "tags": {
              "Name": "ilios-worker-node"
            },
            "tags_all": {
              "Name": "ilios-worker-node"
            },
            "taint": [],
            "timeouts": null,
            "update_config": [
              {
                "max_unavailable": 1,
                "max_unavailable_percentage": 0
              }
            ],
            "version": "1.31"
          },
          "sensitive_attributes": [],
          "private": "eyJlMmJmYjczMC1lY2FhLTExZTYtOGY4OC0zNDM2M2JjN2M0YzAiOnsiY3JlYXRlIjozNjAwMDAwMDAwMDAwLCJkZWxldGUiOjM2MDAwMDAwMDAwMDAsInVwZGF0ZSI6MzYwMDAwMDAwMDAwMH19",
          "dependencies": [
            "module.ilios_eks_cluster.aws_eks_cluster.ilios_cluster",
            "module.ilios_eks_cluster.aws_iam_role.cluster_role",
            "module.ilios_eks_cluster.aws_iam_role.node_group_role",
            "module.ilios_eks_cluster.aws_iam_role_policy_attachment.cluster_role_attachment",
            "module.ilios_eks_cluster.aws_iam_role_policy_attachment.ec2_container_policy_attachment",
            "module.ilios_eks_cluster.aws_iam_role_policy_attachment.eks_cni_policy_attachment",
            "module.ilios_eks_cluster.aws_iam_role_policy_attachment.worker_node_policy_attachment",
            "module.ilios_eks_cluster.aws_security_group.cluster_sg",
            "module.ilios_vpc.aws_subnet.ilios_private",
            "module.ilios_vpc.aws_vpc.ilios_vpc"
          ]
        }
      ]
    },
    {
      "module": "module.ilios_eks_cluster",
      "mode": "managed",
      "type": "aws_iam_role",
      "name": "cluster_role",
      "provider": "provider[\"registry.terraform.io/hashicorp/aws\"]",
      "instances": [
        {
          "schema_version": 0,
          "attributes": {
            "arn": "arn:aws:iam::571600859306:role/cluster-role",
            "assume_role_policy": "{\"Statement\":[{\"Action\":[\"sts:AssumeRole\",\"sts:TagSession\"],\"Effect\":\"Allow\",\"Principal\":{\"Service\":\"eks.amazonaws.com\"}}],\"Version\":\"2012-10-17\"}",
            "create_date": "2025-02-24T12:59:23Z",
            "description": "",
            "force_detach_policies": false,
            "id": "cluster-role",
            "inline_policy": [],
            "managed_policy_arns": [
              "arn:aws:iam::aws:policy/AmazonEKSClusterPolicy"
            ],
            "max_session_duration": 3600,
            "name": "cluster-role",
            "name_prefix": "",
            "path": "/",
            "permissions_boundary": "",
            "tags": {},
            "tags_all": {},
            "unique_id": "AROAYKFQQ6CVFGZXS3KSK"
          },
          "sensitive_attributes": [],
          "private": "bnVsbA=="
        }
      ]
    },
    {
      "module": "module.ilios_eks_cluster",
      "mode": "managed",
      "type": "aws_iam_role",
      "name": "node_group_role",
      "provider": "provider[\"registry.terraform.io/hashicorp/aws\"]",
      "instances": [
        {
          "schema_version": 0,
          "attributes": {
            "arn": "arn:aws:iam::571600859306:role/node-group-role",
            "assume_role_policy": "{\"Statement\":[{\"Action\":\"sts:AssumeRole\",\"Effect\":\"Allow\",\"Principal\":{\"Service\":\"ec2.amazonaws.com\"}}],\"Version\":\"2012-10-17\"}",
            "create_date": "2025-02-24T12:59:23Z",
            "description": "",
            "force_detach_policies": false,
            "id": "node-group-role",
            "inline_policy": [],
            "managed_policy_arns": [
              "arn:aws:iam::aws:policy/AmazonEC2ContainerRegistryReadOnly",
              "arn:aws:iam::aws:policy/AmazonEKSWorkerNodePolicy",
              "arn:aws:iam::aws:policy/AmazonEKS_CNI_Policy"
            ],
            "max_session_duration": 3600,
            "name": "node-group-role",
            "name_prefix": "",
            "path": "/",
            "permissions_boundary": "",
            "tags": {},
            "tags_all": {},
            "unique_id": "AROAYKFQQ6CVHBOI27B4O"
          },
          "sensitive_attributes": [],
          "private": "bnVsbA=="
        }
      ]
    },
    {
      "module": "module.ilios_eks_cluster",
      "mode": "managed",
      "type": "aws_iam_role_policy_attachment",
      "name": "cluster_role_attachment",
      "provider": "provider[\"registry.terraform.io/hashicorp/aws\"]",
      "instances": [
        {
          "schema_version": 0,
          "attributes": {
            "id": "cluster-role-20250224125923293600000001",
            "policy_arn": "arn:aws:iam::aws:policy/AmazonEKSClusterPolicy",
            "role": "cluster-role"
          },
          "sensitive_attributes": [],
          "private": "bnVsbA==",
          "dependencies": [
            "module.ilios_eks_cluster.aws_iam_role.cluster_role"
          ]
        }
      ]
    },
    {
      "module": "module.ilios_eks_cluster",
      "mode": "managed",
      "type": "aws_iam_role_policy_attachment",
      "name": "ec2_container_policy_attachment",
      "provider": "provider[\"registry.terraform.io/hashicorp/aws\"]",
      "instances": [
        {
          "schema_version": 0,
          "attributes": {
            "id": "node-group-role-20250224125923293800000002",
            "policy_arn": "arn:aws:iam::aws:policy/AmazonEC2ContainerRegistryReadOnly",
            "role": "node-group-role"
          },
          "sensitive_attributes": [],
          "private": "bnVsbA==",
          "dependencies": [
            "module.ilios_eks_cluster.aws_iam_role.node_group_role"
          ]
        }
      ]
    },
    {
      "module": "module.ilios_eks_cluster",
      "mode": "managed",
      "type": "aws_iam_role_policy_attachment",
      "name": "eks_cni_policy_attachment",
      "provider": "provider[\"registry.terraform.io/hashicorp/aws\"]",
      "instances": [
        {
          "schema_version": 0,
          "attributes": {
            "id": "node-group-role-20250224125923334800000003",
            "policy_arn": "arn:aws:iam::aws:policy/AmazonEKS_CNI_Policy",
            "role": "node-group-role"
          },
          "sensitive_attributes": [],
          "private": "bnVsbA==",
          "dependencies": [
            "module.ilios_eks_cluster.aws_iam_role.node_group_role"
          ]
        }
      ]
    },
    {
      "module": "module.ilios_eks_cluster",
      "mode": "managed",
      "type": "aws_iam_role_policy_attachment",
      "name": "worker_node_policy_attachment",
      "provider": "provider[\"registry.terraform.io/hashicorp/aws\"]",
      "instances": [
        {
          "schema_version": 0,
          "attributes": {
            "id": "node-group-role-20250224125923339300000004",
            "policy_arn": "arn:aws:iam::aws:policy/AmazonEKSWorkerNodePolicy",
            "role": "node-group-role"
          },
          "sensitive_attributes": [],
          "private": "bnVsbA==",
          "dependencies": [
            "module.ilios_eks_cluster.aws_iam_role.node_group_role"
          ]
        }
      ]
    },
    {
      "module": "module.ilios_eks_cluster",
      "mode": "managed",
      "type": "aws_security_group",
      "name": "cluster_sg",
      "provider": "provider[\"registry.terraform.io/hashicorp/aws\"]",
      "instances": [
        {
          "schema_version": 1,
          "attributes": {
            "arn": "arn:aws:ec2:us-east-1:571600859306:security-group/sg-085e1c86702c93355",
            "description": "Security group for EKS cluster",
            "egress": [
              {
                "cidr_blocks": [
                  "0.0.0.0/0"
                ],
                "description": "",
                "from_port": 0,
                "ipv6_cidr_blocks": [],
                "prefix_list_ids": [],
                "protocol": "-1",
                "security_groups": [],
                "self": false,
                "to_port": 0
              }
            ],
            "id": "sg-085e1c86702c93355",
            "ingress": [
              {
                "cidr_blocks": [
                  "0.0.0.0/0"
                ],
                "description": "",
                "from_port": 80,
                "ipv6_cidr_blocks": [],
                "prefix_list_ids": [],
                "protocol": "tcp",
                "security_groups": [],
                "self": false,
                "to_port": 80
              }
            ],
            "name": "eks-cluster-sg",
            "name_prefix": "",
            "owner_id": "571600859306",
            "revoke_rules_on_delete": false,
            "tags": {},
            "tags_all": {},
            "timeouts": null,
            "vpc_id": "vpc-0e1acbe09ff81d088"
          },
          "sensitive_attributes": [],
          "private": "eyJlMmJmYjczMC1lY2FhLTExZTYtOGY4OC0zNDM2M2JjN2M0YzAiOnsiY3JlYXRlIjo2MDAwMDAwMDAwMDAsImRlbGV0ZSI6OTAwMDAwMDAwMDAwfSwic2NoZW1hX3ZlcnNpb24iOiIxIn0=",
          "dependencies": [
            "module.ilios_vpc.aws_vpc.ilios_vpc"
          ]
        }
      ]
    },
    {
      "module": "module.ilios_eks_cluster",
      "mode": "managed",
      "type": "aws_security_group",
      "name": "node_group_sg",
      "provider": "provider[\"registry.terraform.io/hashicorp/aws\"]",
      "instances": [
        {
          "schema_version": 1,
          "attributes": {
            "arn": "arn:aws:ec2:us-east-1:571600859306:security-group/sg-0ef4a1761436a9430",
            "description": "Security group for EKS node group",
            "egress": [
              {
                "cidr_blocks": [
                  "0.0.0.0/0"
                ],
                "description": "",
                "from_port": 0,
                "ipv6_cidr_blocks": [],
                "prefix_list_ids": [],
                "protocol": "-1",
                "security_groups": [],
                "self": false,
                "to_port": 0
              }
            ],
            "id": "sg-0ef4a1761436a9430",
            "ingress": [
              {
                "cidr_blocks": [
                  "0.0.0.0/0"
                ],
                "description": "",
                "from_port": 22,
                "ipv6_cidr_blocks": [],
                "prefix_list_ids": [],
                "protocol": "tcp",
                "security_groups": [],
                "self": false,
                "to_port": 22
              },
              {
                "cidr_blocks": [
                  "0.0.0.0/0"
                ],
                "description": "",
                "from_port": 80,
                "ipv6_cidr_blocks": [],
                "prefix_list_ids": [],
                "protocol": "tcp",
                "security_groups": [],
                "self": false,
                "to_port": 80
              }
            ],
            "name": "eks-node-group-sg",
            "name_prefix": "",
            "owner_id": "571600859306",
            "revoke_rules_on_delete": false,
            "tags": {},
            "tags_all": {},
            "timeouts": null,
            "vpc_id": "vpc-0e1acbe09ff81d088"
          },
          "sensitive_attributes": [],
          "private": "eyJlMmJmYjczMC1lY2FhLTExZTYtOGY4OC0zNDM2M2JjN2M0YzAiOnsiY3JlYXRlIjo2MDAwMDAwMDAwMDAsImRlbGV0ZSI6OTAwMDAwMDAwMDAwfSwic2NoZW1hX3ZlcnNpb24iOiIxIn0=",
          "dependencies": [
            "module.ilios_vpc.aws_vpc.ilios_vpc"
          ]
        }
      ]
    },
    {
      "module": "module.ilios_eks_cluster",
      "mode": "managed",
      "type": "aws_security_group_rule",
      "name": "eks_cluster_egress",
      "provider": "provider[\"registry.terraform.io/hashicorp/aws\"]",
      "instances": [
        {
          "schema_version": 2,
          "attributes": {
            "cidr_blocks": [
              "0.0.0.0/0"
            ],
            "description": null,
            "from_port": 0,
            "id": "sgrule-3051901705",
            "ipv6_cidr_blocks": null,
            "prefix_list_ids": null,
            "protocol": "-1",
            "security_group_id": "sg-085e1c86702c93355",
            "security_group_rule_id": "sgr-06336859eb2b41661",
            "self": false,
            "source_security_group_id": null,
            "timeouts": null,
            "to_port": 0,
            "type": "egress"
          },
          "sensitive_attributes": [],
          "private": "eyJlMmJmYjczMC1lY2FhLTExZTYtOGY4OC0zNDM2M2JjN2M0YzAiOnsiY3JlYXRlIjozMDAwMDAwMDAwMDB9LCJzY2hlbWFfdmVyc2lvbiI6IjIifQ==",
          "dependencies": [
            "module.ilios_eks_cluster.aws_security_group.cluster_sg",
            "module.ilios_vpc.aws_vpc.ilios_vpc"
          ]
        }
      ]
    },
    {
      "module": "module.ilios_eks_cluster",
      "mode": "managed",
      "type": "aws_security_group_rule",
      "name": "eks_cluster_ingress",
      "provider": "provider[\"registry.terraform.io/hashicorp/aws\"]",
      "instances": [
        {
          "schema_version": 2,
          "attributes": {
            "cidr_blocks": [
              "0.0.0.0/0"
            ],
            "description": null,
            "from_port": 80,
            "id": "sgrule-3565269681",
            "ipv6_cidr_blocks": null,
            "prefix_list_ids": null,
            "protocol": "tcp",
            "security_group_id": "sg-085e1c86702c93355",
            "security_group_rule_id": "sgr-069e137cedf0aef5b",
            "self": false,
            "source_security_group_id": null,
            "timeouts": null,
            "to_port": 80,
            "type": "ingress"
          },
          "sensitive_attributes": [],
          "private": "eyJlMmJmYjczMC1lY2FhLTExZTYtOGY4OC0zNDM2M2JjN2M0YzAiOnsiY3JlYXRlIjozMDAwMDAwMDAwMDB9LCJzY2hlbWFfdmVyc2lvbiI6IjIifQ==",
          "dependencies": [
            "module.ilios_eks_cluster.aws_security_group.cluster_sg",
            "module.ilios_vpc.aws_vpc.ilios_vpc"
          ]
        }
      ]
    },
    {
      "module": "module.ilios_eks_cluster",
      "mode": "managed",
      "type": "aws_security_group_rule",
      "name": "eks_node_group_egress",
      "provider": "provider[\"registry.terraform.io/hashicorp/aws\"]",
      "instances": [
        {
          "schema_version": 2,
          "attributes": {
            "cidr_blocks": [
              "0.0.0.0/0"
            ],
            "description": null,
            "from_port": 0,
            "id": "sgrule-3589309929",
            "ipv6_cidr_blocks": null,
            "prefix_list_ids": null,
            "protocol": "-1",
            "security_group_id": "sg-0ef4a1761436a9430",
            "security_group_rule_id": "sgr-0c095a62a33ed4a3f",
            "self": false,
            "source_security_group_id": null,
            "timeouts": null,
            "to_port": 0,
            "type": "egress"
          },
          "sensitive_attributes": [],
          "private": "eyJlMmJmYjczMC1lY2FhLTExZTYtOGY4OC0zNDM2M2JjN2M0YzAiOnsiY3JlYXRlIjozMDAwMDAwMDAwMDB9LCJzY2hlbWFfdmVyc2lvbiI6IjIifQ==",
          "dependencies": [
            "module.ilios_eks_cluster.aws_security_group.node_group_sg",
            "module.ilios_vpc.aws_vpc.ilios_vpc"
          ]
        }
      ]
    },
    {
      "module": "module.ilios_eks_cluster",
      "mode": "managed",
      "type": "aws_security_group_rule",
      "name": "eks_node_group_ingress_https",
      "provider": "provider[\"registry.terraform.io/hashicorp/aws\"]",
      "instances": [
        {
          "schema_version": 2,
          "attributes": {
            "cidr_blocks": [
              "0.0.0.0/0"
            ],
            "description": null,
            "from_port": 80,
            "id": "sgrule-3925169684",
            "ipv6_cidr_blocks": null,
            "prefix_list_ids": null,
            "protocol": "tcp",
            "security_group_id": "sg-0ef4a1761436a9430",
            "security_group_rule_id": "sgr-01a13b4ba03d264c4",
            "self": false,
            "source_security_group_id": null,
            "timeouts": null,
            "to_port": 80,
            "type": "ingress"
          },
          "sensitive_attributes": [],
          "private": "eyJlMmJmYjczMC1lY2FhLTExZTYtOGY4OC0zNDM2M2JjN2M0YzAiOnsiY3JlYXRlIjozMDAwMDAwMDAwMDB9LCJzY2hlbWFfdmVyc2lvbiI6IjIifQ==",
          "dependencies": [
            "module.ilios_eks_cluster.aws_security_group.node_group_sg",
            "module.ilios_vpc.aws_vpc.ilios_vpc"
          ]
        }
      ]
    },
    {
      "module": "module.ilios_eks_cluster",
      "mode": "managed",
      "type": "aws_security_group_rule",
      "name": "eks_node_group_ingress_ssh",
      "provider": "provider[\"registry.terraform.io/hashicorp/aws\"]",
      "instances": [
        {
          "schema_version": 2,
          "attributes": {
            "cidr_blocks": [
              "0.0.0.0/0"
            ],
            "description": null,
            "from_port": 22,
            "id": "sgrule-1602161569",
            "ipv6_cidr_blocks": null,
            "prefix_list_ids": null,
            "protocol": "tcp",
            "security_group_id": "sg-0ef4a1761436a9430",
            "security_group_rule_id": "sgr-0a9f2170eee98d82b",
            "self": false,
            "source_security_group_id": null,
            "timeouts": null,
            "to_port": 22,
            "type": "ingress"
          },
          "sensitive_attributes": [],
          "private": "eyJlMmJmYjczMC1lY2FhLTExZTYtOGY4OC0zNDM2M2JjN2M0YzAiOnsiY3JlYXRlIjozMDAwMDAwMDAwMDB9LCJzY2hlbWFfdmVyc2lvbiI6IjIifQ==",
          "dependencies": [
            "module.ilios_eks_cluster.aws_security_group.node_group_sg",
            "module.ilios_vpc.aws_vpc.ilios_vpc"
          ]
        }
      ]
    },
    {
      "module": "module.ilios_lb",
      "mode": "data",
      "type": "aws_ami",
      "name": "latest_amazon_linux",
      "provider": "provider[\"registry.terraform.io/hashicorp/aws\"]",
      "instances": [
        {
          "schema_version": 0,
          "attributes": {
            "architecture": "x86_64",
            "arn": "arn:aws:ec2:us-east-1::image/ami-0c104f6f4a5d9d1d5",
            "block_device_mappings": [
              {
                "device_name": "/dev/xvda",
                "ebs": {
                  "delete_on_termination": "true",
                  "encrypted": "false",
                  "iops": "0",
                  "snapshot_id": "snap-02679f31921b46a1c",
                  "throughput": "0",
                  "volume_size": "8",
                  "volume_type": "gp2"
                },
                "no_device": "",
                "virtual_name": ""
              }
            ],
            "boot_mode": "",
            "creation_date": "2025-02-01T08:25:18.000Z",
            "deprecation_time": "2025-07-01T00:00:00.000Z",
            "description": "Amazon Linux 2 AMI 2.0.20250201.0 x86_64 HVM gp2",
            "ena_support": true,
            "executable_users": null,
            "filter": [
              {
                "name": "name",
                "values": [
                  "amzn2-ami-hvm-*-x86_64-gp2"
                ]
              },
              {
                "name": "virtualization-type",
                "values": [
                  "hvm"
                ]
              }
            ],
            "hypervisor": "xen",
            "id": "ami-0c104f6f4a5d9d1d5",
            "image_id": "ami-0c104f6f4a5d9d1d5",
            "image_location": "amazon/amzn2-ami-hvm-2.0.20250201.0-x86_64-gp2",
            "image_owner_alias": "amazon",
            "image_type": "machine",
            "imds_support": "",
            "include_deprecated": false,
            "kernel_id": "",
            "most_recent": true,
            "name": "amzn2-ami-hvm-2.0.20250201.0-x86_64-gp2",
            "name_regex": null,
            "owner_id": "137112412989",
            "owners": [
              "amazon"
            ],
            "platform": "",
            "platform_details": "Linux/UNIX",
            "product_codes": [],
            "public": true,
            "ramdisk_id": "",
            "root_device_name": "/dev/xvda",
            "root_device_type": "ebs",
            "root_snapshot_id": "snap-02679f31921b46a1c",
            "sriov_net_support": "simple",
            "state": "available",
            "state_reason": {
              "code": "UNSET",
              "message": "UNSET"
            },
            "tags": {},
            "timeouts": null,
            "tpm_support": "",
            "uefi_data": null,
            "usage_operation": "RunInstances",
            "virtualization_type": "hvm"
          },
          "sensitive_attributes": []
        }
      ]
    },
    {
      "module": "module.ilios_lb",
      "mode": "managed",
      "type": "aws_instance",
      "name": "ilios_alb_instance",
      "provider": "provider[\"registry.terraform.io/hashicorp/aws\"]",
      "instances": [
        {
          "schema_version": 1,
          "attributes": {
            "ami": "ami-0c104f6f4a5d9d1d5",
            "arn": "arn:aws:ec2:us-east-1:571600859306:instance/i-0c0712d8e1c42868c",
            "associate_public_ip_address": true,
            "availability_zone": "us-east-1a",
            "capacity_reservation_specification": [
              {
                "capacity_reservation_preference": "open",
                "capacity_reservation_target": []
              }
            ],
            "cpu_core_count": 1,
            "cpu_options": [
              {
                "amd_sev_snp": "",
                "core_count": 1,
                "threads_per_core": 1
              }
            ],
            "cpu_threads_per_core": 1,
            "credit_specification": [
              {
                "cpu_credits": "standard"
              }
            ],
            "disable_api_stop": false,
            "disable_api_termination": false,
            "ebs_block_device": [],
            "ebs_optimized": false,
            "enable_primary_ipv6": null,
            "enclave_options": [
              {
                "enabled": false
              }
            ],
            "ephemeral_block_device": [],
            "get_password_data": false,
            "hibernation": false,
            "host_id": "",
            "host_resource_group_arn": null,
            "iam_instance_profile": "",
            "id": "i-0c0712d8e1c42868c",
            "instance_initiated_shutdown_behavior": "stop",
            "instance_lifecycle": "",
            "instance_market_options": [],
            "instance_state": "running",
            "instance_type": "t2.micro",
            "ipv6_address_count": 0,
            "ipv6_addresses": [],
            "key_name": "",
            "launch_template": [],
            "maintenance_options": [
              {
                "auto_recovery": "default"
              }
            ],
            "metadata_options": [
              {
                "http_endpoint": "enabled",
                "http_protocol_ipv6": "disabled",
                "http_put_response_hop_limit": 1,
                "http_tokens": "optional",
                "instance_metadata_tags": "disabled"
              }
            ],
            "monitoring": false,
            "network_interface": [],
            "outpost_arn": "",
            "password_data": "",
            "placement_group": "",
            "placement_partition_number": 0,
            "primary_network_interface_id": "eni-0ea5e9dabe54f6021",
            "private_dns": "ip-10-0-1-136.ec2.internal",
            "private_dns_name_options": [
              {
                "enable_resource_name_dns_a_record": false,
                "enable_resource_name_dns_aaaa_record": false,
                "hostname_type": "ip-name"
              }
            ],
            "private_ip": "10.0.1.136",
            "public_dns": "",
            "public_ip": "100.24.28.174",
            "root_block_device": [
              {
                "delete_on_termination": true,
                "device_name": "/dev/xvda",
                "encrypted": false,
                "iops": 100,
                "kms_key_id": "",
                "tags": {},
                "tags_all": {},
                "throughput": 0,
                "volume_id": "vol-03448f9b4c6f27c4b",
                "volume_size": 8,
                "volume_type": "gp2"
              }
            ],
            "secondary_private_ips": [],
            "security_groups": [],
            "source_dest_check": true,
            "spot_instance_request_id": "",
            "subnet_id": "subnet-053136a16e3d5b6ca",
            "tags": {
              "Name": "ilios-alb-instance"
            },
            "tags_all": {
              "Name": "ilios-alb-instance"
            },
            "tenancy": "default",
            "timeouts": null,
            "user_data": null,
            "user_data_base64": null,
            "user_data_replace_on_change": false,
            "volume_tags": null,
            "vpc_security_group_ids": [
              "sg-05c6f172f24892f22"
            ]
          },
          "sensitive_attributes": [],
          "private": "eyJlMmJmYjczMC1lY2FhLTExZTYtOGY4OC0zNDM2M2JjN2M0YzAiOnsiY3JlYXRlIjo2MDAwMDAwMDAwMDAsImRlbGV0ZSI6MTIwMDAwMDAwMDAwMCwicmVhZCI6OTAwMDAwMDAwMDAwLCJ1cGRhdGUiOjYwMDAwMDAwMDAwMH0sInNjaGVtYV92ZXJzaW9uIjoiMSJ9",
          "dependencies": [
            "module.ilios_lb.aws_security_group.lb_sg",
            "module.ilios_lb.data.aws_ami.latest_amazon_linux",
            "module.ilios_vpc.aws_subnet.ilios_public",
            "module.ilios_vpc.aws_vpc.ilios_vpc"
          ]
        }
      ]
    },
    {
      "module": "module.ilios_lb",
      "mode": "managed",
      "type": "aws_lb",
      "name": "ilios_alb",
      "provider": "provider[\"registry.terraform.io/hashicorp/aws\"]",
      "instances": [
        {
          "schema_version": 0,
          "attributes": {
            "access_logs": [
              {
                "bucket": "",
                "enabled": false,
                "prefix": ""
              }
            ],
            "arn": "arn:aws:elasticloadbalancing:us-east-1:571600859306:loadbalancer/app/test-lb/578ca3b53552465e",
            "arn_suffix": "app/test-lb/578ca3b53552465e",
            "client_keep_alive": 3600,
            "connection_logs": [
              {
                "bucket": "",
                "enabled": false,
                "prefix": ""
              }
            ],
            "customer_owned_ipv4_pool": "",
            "desync_mitigation_mode": "defensive",
            "dns_name": "test-lb-777270876.us-east-1.elb.amazonaws.com",
            "dns_record_client_routing_policy": null,
            "drop_invalid_header_fields": false,
            "enable_cross_zone_load_balancing": true,
            "enable_deletion_protection": false,
            "enable_http2": true,
            "enable_tls_version_and_cipher_suite_headers": false,
            "enable_waf_fail_open": false,
            "enable_xff_client_port": false,
            "enable_zonal_shift": false,
            "enforce_security_group_inbound_rules_on_private_link_traffic": "",
            "id": "arn:aws:elasticloadbalancing:us-east-1:571600859306:loadbalancer/app/test-lb/578ca3b53552465e",
            "idle_timeout": 60,
            "internal": false,
            "ip_address_type": "ipv4",
            "load_balancer_type": "application",
            "name": "test-lb",
            "name_prefix": "",
            "preserve_host_header": false,
            "security_groups": [
              "sg-05c6f172f24892f22"
            ],
            "subnet_mapping": [
              {
                "allocation_id": "",
                "ipv6_address": "",
                "outpost_id": "",
                "private_ipv4_address": "",
                "subnet_id": "subnet-00fe280766045ae2a"
              },
              {
                "allocation_id": "",
                "ipv6_address": "",
                "outpost_id": "",
                "private_ipv4_address": "",
                "subnet_id": "subnet-053136a16e3d5b6ca"
              }
            ],
            "subnets": [
              "subnet-00fe280766045ae2a",
              "subnet-053136a16e3d5b6ca"
            ],
            "tags": {
              "Environment": "production"
            },
            "tags_all": {
              "Environment": "production"
            },
            "timeouts": null,
            "vpc_id": "vpc-0e1acbe09ff81d088",
            "xff_header_processing_mode": "append",
            "zone_id": "Z35SXDOTRQ7X7K"
          },
          "sensitive_attributes": [],
          "private": "eyJlMmJmYjczMC1lY2FhLTExZTYtOGY4OC0zNDM2M2JjN2M0YzAiOnsiY3JlYXRlIjo2MDAwMDAwMDAwMDAsImRlbGV0ZSI6NjAwMDAwMDAwMDAwLCJ1cGRhdGUiOjYwMDAwMDAwMDAwMH19",
          "dependencies": [
            "module.ilios_lb.aws_security_group.lb_sg",
            "module.ilios_vpc.aws_subnet.ilios_public",
            "module.ilios_vpc.aws_vpc.ilios_vpc"
          ]
        }
      ]
    },
    {
      "module": "module.ilios_lb",
      "mode": "managed",
      "type": "aws_lb_listener",
      "name": "ilios_alb_listener",
      "provider": "provider[\"registry.terraform.io/hashicorp/aws\"]",
      "instances": [
        {
          "schema_version": 0,
          "attributes": {
            "alpn_policy": null,
            "arn": "arn:aws:elasticloadbalancing:us-east-1:571600859306:listener/app/test-lb/578ca3b53552465e/338027d3d77c7e43",
            "certificate_arn": null,
            "default_action": [
              {
                "authenticate_cognito": [],
                "authenticate_oidc": [],
                "fixed_response": [],
                "forward": [],
                "order": 1,
                "redirect": [],
                "target_group_arn": "arn:aws:elasticloadbalancing:us-east-1:571600859306:targetgroup/ilios-alb-tg/e28af0df57272f8c",
                "type": "forward"
              }
            ],
            "id": "arn:aws:elasticloadbalancing:us-east-1:571600859306:listener/app/test-lb/578ca3b53552465e/338027d3d77c7e43",
            "load_balancer_arn": "arn:aws:elasticloadbalancing:us-east-1:571600859306:loadbalancer/app/test-lb/578ca3b53552465e",
            "mutual_authentication": [],
            "port": 80,
            "protocol": "HTTP",
            "routing_http_request_x_amzn_mtls_clientcert_header_name": null,
            "routing_http_request_x_amzn_mtls_clientcert_issuer_header_name": null,
            "routing_http_request_x_amzn_mtls_clientcert_leaf_header_name": null,
            "routing_http_request_x_amzn_mtls_clientcert_serial_number_header_name": null,
            "routing_http_request_x_amzn_mtls_clientcert_subject_header_name": null,
            "routing_http_request_x_amzn_mtls_clientcert_validity_header_name": null,
            "routing_http_request_x_amzn_tls_cipher_suite_header_name": null,
            "routing_http_request_x_amzn_tls_version_header_name": null,
            "routing_http_response_access_control_allow_credentials_header_value": "",
            "routing_http_response_access_control_allow_headers_header_value": "",
            "routing_http_response_access_control_allow_methods_header_value": "",
            "routing_http_response_access_control_allow_origin_header_value": "",
            "routing_http_response_access_control_expose_headers_header_value": "",
            "routing_http_response_access_control_max_age_header_value": "",
            "routing_http_response_content_security_policy_header_value": "",
            "routing_http_response_server_enabled": false,
            "routing_http_response_strict_transport_security_header_value": "",
            "routing_http_response_x_content_type_options_header_value": "",
            "routing_http_response_x_frame_options_header_value": "",
            "ssl_policy": "",
            "tags": {},
            "tags_all": {},
            "tcp_idle_timeout_seconds": null,
            "timeouts": null
          },
          "sensitive_attributes": [],
          "private": "eyJlMmJmYjczMC1lY2FhLTExZTYtOGY4OC0zNDM2M2JjN2M0YzAiOnsiY3JlYXRlIjozMDAwMDAwMDAwMDAsInVwZGF0ZSI6MzAwMDAwMDAwMDAwfX0=",
          "dependencies": [
            "module.ilios_lb.aws_lb.ilios_alb",
            "module.ilios_lb.aws_lb_target_group.ilios_alb_tg",
            "module.ilios_lb.aws_security_group.lb_sg",
            "module.ilios_vpc.aws_subnet.ilios_public",
            "module.ilios_vpc.aws_vpc.ilios_vpc"
          ]
        }
      ]
    },
    {
      "module": "module.ilios_lb",
      "mode": "managed",
      "type": "aws_lb_target_group",
      "name": "ilios_alb_tg",
      "provider": "provider[\"registry.terraform.io/hashicorp/aws\"]",
      "instances": [
        {
          "schema_version": 0,
          "attributes": {
            "arn": "arn:aws:elasticloadbalancing:us-east-1:571600859306:targetgroup/ilios-alb-tg/e28af0df57272f8c",
            "arn_suffix": "targetgroup/ilios-alb-tg/e28af0df57272f8c",
            "connection_termination": null,
            "deregistration_delay": "300",
            "health_check": [
              {
                "enabled": true,
                "healthy_threshold": 2,
                "interval": 10,
                "matcher": "200",
                "path": "/",
                "port": "traffic-port",
                "protocol": "HTTP",
                "timeout": 5,
                "unhealthy_threshold": 2
              }
            ],
            "id": "arn:aws:elasticloadbalancing:us-east-1:571600859306:targetgroup/ilios-alb-tg/e28af0df57272f8c",
            "ip_address_type": "ipv4",
            "lambda_multi_value_headers_enabled": false,
            "load_balancer_arns": [
              "arn:aws:elasticloadbalancing:us-east-1:571600859306:loadbalancer/app/test-lb/578ca3b53552465e"
            ],
            "load_balancing_algorithm_type": "round_robin",
            "load_balancing_anomaly_mitigation": "off",
            "load_balancing_cross_zone_enabled": "use_load_balancer_configuration",
            "name": "ilios-alb-tg",
            "name_prefix": "",
            "port": 80,
            "preserve_client_ip": null,
            "protocol": "HTTP",
            "protocol_version": "HTTP1",
            "proxy_protocol_v2": false,
            "slow_start": 0,
            "stickiness": [
              {
                "cookie_duration": 86400,
                "cookie_name": "",
                "enabled": false,
                "type": "lb_cookie"
              }
            ],
            "tags": {
              "Environment": "production"
            },
            "tags_all": {
              "Environment": "production"
            },
            "target_failover": [
              {
                "on_deregistration": null,
                "on_unhealthy": null
              }
            ],
            "target_group_health": [
              {
                "dns_failover": [
                  {
                    "minimum_healthy_targets_count": "1",
                    "minimum_healthy_targets_percentage": "off"
                  }
                ],
                "unhealthy_state_routing": [
                  {
                    "minimum_healthy_targets_count": 1,
                    "minimum_healthy_targets_percentage": "off"
                  }
                ]
              }
            ],
            "target_health_state": [
              {
                "enable_unhealthy_connection_termination": null,
                "unhealthy_draining_interval": null
              }
            ],
            "target_type": "instance",
            "vpc_id": "vpc-0e1acbe09ff81d088"
          },
          "sensitive_attributes": [],
          "private": "bnVsbA==",
          "dependencies": [
            "module.ilios_vpc.aws_vpc.ilios_vpc"
          ]
        }
      ]
    },
    {
      "module": "module.ilios_lb",
      "mode": "managed",
      "type": "aws_lb_target_group_attachment",
      "name": "ilios_alb_tga",
      "provider": "provider[\"registry.terraform.io/hashicorp/aws\"]",
      "instances": [
        {
          "schema_version": 0,
          "attributes": {
            "availability_zone": null,
            "id": "arn:aws:elasticloadbalancing:us-east-1:571600859306:targetgroup/ilios-alb-tg/e28af0df57272f8c-20250224125949730100000009",
            "port": 80,
            "target_group_arn": "arn:aws:elasticloadbalancing:us-east-1:571600859306:targetgroup/ilios-alb-tg/e28af0df57272f8c",
            "target_id": "i-0c0712d8e1c42868c"
          },
          "sensitive_attributes": [],
          "private": "bnVsbA==",
          "dependencies": [
            "module.ilios_lb.aws_instance.ilios_alb_instance",
            "module.ilios_lb.aws_lb_target_group.ilios_alb_tg",
            "module.ilios_lb.aws_security_group.lb_sg",
            "module.ilios_lb.data.aws_ami.latest_amazon_linux",
            "module.ilios_vpc.aws_subnet.ilios_public",
            "module.ilios_vpc.aws_vpc.ilios_vpc"
          ]
        }
      ]
    },
    {
      "module": "module.ilios_lb",
      "mode": "managed",
      "type": "aws_security_group",
      "name": "lb_sg",
      "provider": "provider[\"registry.terraform.io/hashicorp/aws\"]",
      "instances": [
        {
          "schema_version": 1,
          "attributes": {
            "arn": "arn:aws:ec2:us-east-1:571600859306:security-group/sg-05c6f172f24892f22",
            "description": "Allow HTTP inbound traffic",
            "egress": [
              {
                "cidr_blocks": [
                  "10.0.0.0/16"
                ],
                "description": "",
                "from_port": 0,
                "ipv6_cidr_blocks": [],
                "prefix_list_ids": [],
                "protocol": "-1",
                "security_groups": [],
                "self": false,
                "to_port": 0
              }
            ],
            "id": "sg-05c6f172f24892f22",
            "ingress": [
              {
                "cidr_blocks": [
                  "10.0.0.0/16"
                ],
                "description": "",
                "from_port": 80,
                "ipv6_cidr_blocks": [],
                "prefix_list_ids": [],
                "protocol": "tcp",
                "security_groups": [],
                "self": false,
                "to_port": 80
              }
            ],
            "name": "ilios-lb-sg",
            "name_prefix": "",
            "owner_id": "571600859306",
            "revoke_rules_on_delete": false,
            "tags": {},
            "tags_all": {},
            "timeouts": null,
            "vpc_id": "vpc-0e1acbe09ff81d088"
          },
          "sensitive_attributes": [],
          "private": "eyJlMmJmYjczMC1lY2FhLTExZTYtOGY4OC0zNDM2M2JjN2M0YzAiOnsiY3JlYXRlIjo2MDAwMDAwMDAwMDAsImRlbGV0ZSI6OTAwMDAwMDAwMDAwfSwic2NoZW1hX3ZlcnNpb24iOiIxIn0=",
          "dependencies": [
            "module.ilios_vpc.aws_vpc.ilios_vpc"
          ]
        }
      ]
    },
    {
      "module": "module.ilios_lb",
      "mode": "managed",
      "type": "aws_security_group_rule",
      "name": "lb_sg_rule_egress",
      "provider": "provider[\"registry.terraform.io/hashicorp/aws\"]",
      "instances": [
        {
          "schema_version": 2,
          "attributes": {
            "cidr_blocks": [
              "10.0.0.0/16"
            ],
            "description": null,
            "from_port": 0,
            "id": "sgrule-989657332",
            "ipv6_cidr_blocks": null,
            "prefix_list_ids": null,
            "protocol": "-1",
            "security_group_id": "sg-05c6f172f24892f22",
            "security_group_rule_id": "sgr-0e9867a6c4ca81add",
            "self": false,
            "source_security_group_id": null,
            "timeouts": null,
            "to_port": 0,
            "type": "egress"
          },
          "sensitive_attributes": [],
          "private": "eyJlMmJmYjczMC1lY2FhLTExZTYtOGY4OC0zNDM2M2JjN2M0YzAiOnsiY3JlYXRlIjozMDAwMDAwMDAwMDB9LCJzY2hlbWFfdmVyc2lvbiI6IjIifQ==",
          "dependencies": [
            "module.ilios_lb.aws_security_group.lb_sg",
            "module.ilios_vpc.aws_vpc.ilios_vpc"
          ]
        }
      ]
    },
    {
      "module": "module.ilios_lb",
      "mode": "managed",
      "type": "aws_security_group_rule",
      "name": "lb_sg_rule_ingress",
      "provider": "provider[\"registry.terraform.io/hashicorp/aws\"]",
      "instances": [
        {
          "schema_version": 2,
          "attributes": {
            "cidr_blocks": [
              "10.0.0.0/16"
            ],
            "description": null,
            "from_port": 80,
            "id": "sgrule-1593835658",
            "ipv6_cidr_blocks": null,
            "prefix_list_ids": null,
            "protocol": "tcp",
            "security_group_id": "sg-05c6f172f24892f22",
            "security_group_rule_id": "sgr-0f7c4fe9482bbfb09",
            "self": false,
            "source_security_group_id": null,
            "timeouts": null,
            "to_port": 80,
            "type": "ingress"
          },
          "sensitive_attributes": [],
          "private": "eyJlMmJmYjczMC1lY2FhLTExZTYtOGY4OC0zNDM2M2JjN2M0YzAiOnsiY3JlYXRlIjozMDAwMDAwMDAwMDB9LCJzY2hlbWFfdmVyc2lvbiI6IjIifQ==",
          "dependencies": [
            "module.ilios_lb.aws_security_group.lb_sg",
            "module.ilios_vpc.aws_vpc.ilios_vpc"
          ]
        }
      ]
    },
    {
      "module": "module.ilios_vpc",
      "mode": "managed",
      "type": "aws_eip",
      "name": "ilios_eip",
      "provider": "provider[\"registry.terraform.io/hashicorp/aws\"]",
      "instances": [
        {
          "schema_version": 0,
          "attributes": {
            "address": null,
            "allocation_id": "eipalloc-0fd5ce7b73326ae04",
            "arn": "arn:aws:ec2:us-east-1:571600859306:elastic-ip/eipalloc-0fd5ce7b73326ae04",
            "associate_with_private_ip": null,
            "association_id": "eipassoc-0a7c6873e41f492be",
            "carrier_ip": "",
            "customer_owned_ip": "",
            "customer_owned_ipv4_pool": "",
            "domain": "vpc",
            "id": "eipalloc-0fd5ce7b73326ae04",
            "instance": "",
            "ipam_pool_id": null,
            "network_border_group": "us-east-1",
            "network_interface": "eni-07db1d8599fbcbd4e",
            "private_dns": "ip-10-0-1-44.ec2.internal",
            "private_ip": "10.0.1.44",
            "ptr_record": "",
            "public_dns": "ec2-13-216-27-192.compute-1.amazonaws.com",
            "public_ip": "13.216.27.192",
            "public_ipv4_pool": "amazon",
            "tags": {},
            "tags_all": {},
            "timeouts": null,
            "vpc": true
          },
          "sensitive_attributes": [],
          "private": "eyJlMmJmYjczMC1lY2FhLTExZTYtOGY4OC0zNDM2M2JjN2M0YzAiOnsiZGVsZXRlIjoxODAwMDAwMDAwMDAsInJlYWQiOjkwMDAwMDAwMDAwMCwidXBkYXRlIjozMDAwMDAwMDAwMDB9fQ=="
        }
      ]
    },
    {
      "module": "module.ilios_vpc",
      "mode": "managed",
      "type": "aws_internet_gateway",
      "name": "ilios_igw",
      "provider": "provider[\"registry.terraform.io/hashicorp/aws\"]",
      "instances": [
        {
          "schema_version": 0,
          "attributes": {
            "arn": "arn:aws:ec2:us-east-1:571600859306:internet-gateway/igw-03776db49280047ef",
            "id": "igw-03776db49280047ef",
            "owner_id": "571600859306",
            "tags": {
              "Name": "ilios-igw"
            },
            "tags_all": {
              "Name": "ilios-igw"
            },
            "timeouts": null,
            "vpc_id": "vpc-0e1acbe09ff81d088"
          },
          "sensitive_attributes": [],
          "private": "eyJlMmJmYjczMC1lY2FhLTExZTYtOGY4OC0zNDM2M2JjN2M0YzAiOnsiY3JlYXRlIjoxMjAwMDAwMDAwMDAwLCJkZWxldGUiOjEyMDAwMDAwMDAwMDAsInVwZGF0ZSI6MTIwMDAwMDAwMDAwMH19",
          "dependencies": [
            "module.ilios_vpc.aws_vpc.ilios_vpc"
          ]
        }
      ]
    },
    {
      "module": "module.ilios_vpc",
      "mode": "managed",
      "type": "aws_nat_gateway",
      "name": "ilios_nat_gw",
      "provider": "provider[\"registry.terraform.io/hashicorp/aws\"]",
      "instances": [
        {
          "schema_version": 0,
          "attributes": {
            "allocation_id": "eipalloc-0fd5ce7b73326ae04",
            "association_id": "eipassoc-0a7c6873e41f492be",
            "connectivity_type": "public",
            "id": "nat-0be9bce47869e70bf",
            "network_interface_id": "eni-07db1d8599fbcbd4e",
            "private_ip": "10.0.1.44",
            "public_ip": "13.216.27.192",
            "secondary_allocation_ids": [],
            "secondary_private_ip_address_count": 0,
            "secondary_private_ip_addresses": [],
            "subnet_id": "subnet-053136a16e3d5b6ca",
            "tags": {
              "Name": "ilios-nat-gw"
            },
            "tags_all": {
              "Name": "ilios-nat-gw"
            },
            "timeouts": null
          },
          "sensitive_attributes": [],
          "private": "eyJlMmJmYjczMC1lY2FhLTExZTYtOGY4OC0zNDM2M2JjN2M0YzAiOnsiY3JlYXRlIjo2MDAwMDAwMDAwMDAsImRlbGV0ZSI6MTgwMDAwMDAwMDAwMCwidXBkYXRlIjo2MDAwMDAwMDAwMDB9fQ==",
          "dependencies": [
            "module.ilios_vpc.aws_eip.ilios_eip",
            "module.ilios_vpc.aws_internet_gateway.ilios_igw",
            "module.ilios_vpc.aws_subnet.ilios_public",
            "module.ilios_vpc.aws_vpc.ilios_vpc"
          ]
        }
      ]
    },
    {
      "module": "module.ilios_vpc",
      "mode": "managed",
      "type": "aws_route",
      "name": "ilios_private_route",
      "provider": "provider[\"registry.terraform.io/hashicorp/aws\"]",
      "instances": [
        {
          "schema_version": 0,
          "attributes": {
            "carrier_gateway_id": "",
            "core_network_arn": "",
            "destination_cidr_block": "0.0.0.0/0",
            "destination_ipv6_cidr_block": "",
            "destination_prefix_list_id": "",
            "egress_only_gateway_id": "",
            "gateway_id": "",
            "id": "r-rtb-0a8621c53612a865f1080289494",
            "instance_id": "",
            "instance_owner_id": "",
            "local_gateway_id": "",
            "nat_gateway_id": "nat-0be9bce47869e70bf",
            "network_interface_id": "",
            "origin": "CreateRoute",
            "route_table_id": "rtb-0a8621c53612a865f",
            "state": "active",
            "timeouts": null,
            "transit_gateway_id": "",
            "vpc_endpoint_id": "",
            "vpc_peering_connection_id": ""
          },
          "sensitive_attributes": [],
          "private": "eyJlMmJmYjczMC1lY2FhLTExZTYtOGY4OC0zNDM2M2JjN2M0YzAiOnsiY3JlYXRlIjozMDAwMDAwMDAwMDAsImRlbGV0ZSI6MzAwMDAwMDAwMDAwLCJ1cGRhdGUiOjEyMDAwMDAwMDAwMH19",
          "dependencies": [
            "module.ilios_vpc.aws_eip.ilios_eip",
            "module.ilios_vpc.aws_internet_gateway.ilios_igw",
            "module.ilios_vpc.aws_nat_gateway.ilios_nat_gw",
            "module.ilios_vpc.aws_route_table.ilios_private_rt",
            "module.ilios_vpc.aws_subnet.ilios_public",
            "module.ilios_vpc.aws_vpc.ilios_vpc"
          ]
        }
      ]
    },
    {
      "module": "module.ilios_vpc",
      "mode": "managed",
      "type": "aws_route",
      "name": "ilios_public_route",
      "provider": "provider[\"registry.terraform.io/hashicorp/aws\"]",
      "instances": [
        {
          "schema_version": 0,
          "attributes": {
            "carrier_gateway_id": "",
            "core_network_arn": "",
            "destination_cidr_block": "0.0.0.0/0",
            "destination_ipv6_cidr_block": "",
            "destination_prefix_list_id": "",
            "egress_only_gateway_id": "",
            "gateway_id": "igw-03776db49280047ef",
            "id": "r-rtb-0a294a8317df5de441080289494",
            "instance_id": "",
            "instance_owner_id": "",
            "local_gateway_id": "",
            "nat_gateway_id": "",
            "network_interface_id": "",
            "origin": "CreateRoute",
            "route_table_id": "rtb-0a294a8317df5de44",
            "state": "active",
            "timeouts": null,
            "transit_gateway_id": "",
            "vpc_endpoint_id": "",
            "vpc_peering_connection_id": ""
          },
          "sensitive_attributes": [],
          "private": "eyJlMmJmYjczMC1lY2FhLTExZTYtOGY4OC0zNDM2M2JjN2M0YzAiOnsiY3JlYXRlIjozMDAwMDAwMDAwMDAsImRlbGV0ZSI6MzAwMDAwMDAwMDAwLCJ1cGRhdGUiOjEyMDAwMDAwMDAwMH19",
          "dependencies": [
            "module.ilios_vpc.aws_internet_gateway.ilios_igw",
            "module.ilios_vpc.aws_route_table.ilios_public_rt",
            "module.ilios_vpc.aws_vpc.ilios_vpc"
          ]
        }
      ]
    },
    {
      "module": "module.ilios_vpc",
      "mode": "managed",
      "type": "aws_route_table",
      "name": "ilios_private_rt",
      "provider": "provider[\"registry.terraform.io/hashicorp/aws\"]",
      "instances": [
        {
          "schema_version": 0,
          "attributes": {
            "arn": "arn:aws:ec2:us-east-1:571600859306:route-table/rtb-0a8621c53612a865f",
            "id": "rtb-0a8621c53612a865f",
            "owner_id": "571600859306",
            "propagating_vgws": [],
            "route": [
              {
                "carrier_gateway_id": "",
                "cidr_block": "0.0.0.0/0",
                "core_network_arn": "",
                "destination_prefix_list_id": "",
                "egress_only_gateway_id": "",
                "gateway_id": "",
                "ipv6_cidr_block": "",
                "local_gateway_id": "",
                "nat_gateway_id": "nat-0be9bce47869e70bf",
                "network_interface_id": "",
                "transit_gateway_id": "",
                "vpc_endpoint_id": "",
                "vpc_peering_connection_id": ""
              }
            ],
            "tags": {
              "Name": "ilios-private-rt"
            },
            "tags_all": {
              "Name": "ilios-private-rt"
            },
            "timeouts": null,
            "vpc_id": "vpc-0e1acbe09ff81d088"
          },
          "sensitive_attributes": [],
          "private": "eyJlMmJmYjczMC1lY2FhLTExZTYtOGY4OC0zNDM2M2JjN2M0YzAiOnsiY3JlYXRlIjozMDAwMDAwMDAwMDAsImRlbGV0ZSI6MzAwMDAwMDAwMDAwLCJ1cGRhdGUiOjEyMDAwMDAwMDAwMH19",
          "dependencies": [
            "module.ilios_vpc.aws_vpc.ilios_vpc"
          ]
        }
      ]
    },
    {
      "module": "module.ilios_vpc",
      "mode": "managed",
      "type": "aws_route_table",
      "name": "ilios_public_rt",
      "provider": "provider[\"registry.terraform.io/hashicorp/aws\"]",
      "instances": [
        {
          "schema_version": 0,
          "attributes": {
            "arn": "arn:aws:ec2:us-east-1:571600859306:route-table/rtb-0a294a8317df5de44",
            "id": "rtb-0a294a8317df5de44",
            "owner_id": "571600859306",
            "propagating_vgws": [],
            "route": [
              {
                "carrier_gateway_id": "",
                "cidr_block": "0.0.0.0/0",
                "core_network_arn": "",
                "destination_prefix_list_id": "",
                "egress_only_gateway_id": "",
                "gateway_id": "igw-03776db49280047ef",
                "ipv6_cidr_block": "",
                "local_gateway_id": "",
                "nat_gateway_id": "",
                "network_interface_id": "",
                "transit_gateway_id": "",
                "vpc_endpoint_id": "",
                "vpc_peering_connection_id": ""
              }
            ],
            "tags": {
              "Name": "ilios-public-rt"
            },
            "tags_all": {
              "Name": "ilios-public-rt"
            },
            "timeouts": null,
            "vpc_id": "vpc-0e1acbe09ff81d088"
          },
          "sensitive_attributes": [],
          "private": "eyJlMmJmYjczMC1lY2FhLTExZTYtOGY4OC0zNDM2M2JjN2M0YzAiOnsiY3JlYXRlIjozMDAwMDAwMDAwMDAsImRlbGV0ZSI6MzAwMDAwMDAwMDAwLCJ1cGRhdGUiOjEyMDAwMDAwMDAwMH19",
          "dependencies": [
            "module.ilios_vpc.aws_vpc.ilios_vpc"
          ]
        }
      ]
    },
    {
      "module": "module.ilios_vpc",
      "mode": "managed",
      "type": "aws_route_table_association",
      "name": "ilios_private_sa",
      "provider": "provider[\"registry.terraform.io/hashicorp/aws\"]",
      "instances": [
        {
          "index_key": 0,
          "schema_version": 0,
          "attributes": {
            "gateway_id": "",
            "id": "rtbassoc-04b3dd7edfefcda8b",
            "route_table_id": "rtb-0a8621c53612a865f",
            "subnet_id": "subnet-080c674d0b075c645",
            "timeouts": null
          },
          "sensitive_attributes": [],
          "private": "eyJlMmJmYjczMC1lY2FhLTExZTYtOGY4OC0zNDM2M2JjN2M0YzAiOnsiY3JlYXRlIjozMDAwMDAwMDAwMDAsImRlbGV0ZSI6MzAwMDAwMDAwMDAwLCJ1cGRhdGUiOjEyMDAwMDAwMDAwMH19",
          "dependencies": [
            "module.ilios_vpc.aws_route_table.ilios_private_rt",
            "module.ilios_vpc.aws_subnet.ilios_private",
            "module.ilios_vpc.aws_vpc.ilios_vpc"
          ]
        },
        {
          "index_key": 1,
          "schema_version": 0,
          "attributes": {
            "gateway_id": "",
            "id": "rtbassoc-00a682202d9cea1f9",
            "route_table_id": "rtb-0a8621c53612a865f",
            "subnet_id": "subnet-00d2be9cc24ab1633",
            "timeouts": null
          },
          "sensitive_attributes": [],
          "private": "eyJlMmJmYjczMC1lY2FhLTExZTYtOGY4OC0zNDM2M2JjN2M0YzAiOnsiY3JlYXRlIjozMDAwMDAwMDAwMDAsImRlbGV0ZSI6MzAwMDAwMDAwMDAwLCJ1cGRhdGUiOjEyMDAwMDAwMDAwMH19",
          "dependencies": [
            "module.ilios_vpc.aws_route_table.ilios_private_rt",
            "module.ilios_vpc.aws_subnet.ilios_private",
            "module.ilios_vpc.aws_vpc.ilios_vpc"
          ]
        }
      ]
    },
    {
      "module": "module.ilios_vpc",
      "mode": "managed",
      "type": "aws_route_table_association",
      "name": "ilios_public_sa",
      "provider": "provider[\"registry.terraform.io/hashicorp/aws\"]",
      "instances": [
        {
          "index_key": 0,
          "schema_version": 0,
          "attributes": {
            "gateway_id": "",
            "id": "rtbassoc-0327914ff3ef8bee8",
            "route_table_id": "rtb-0a294a8317df5de44",
            "subnet_id": "subnet-053136a16e3d5b6ca",
            "timeouts": null
          },
          "sensitive_attributes": [],
          "private": "eyJlMmJmYjczMC1lY2FhLTExZTYtOGY4OC0zNDM2M2JjN2M0YzAiOnsiY3JlYXRlIjozMDAwMDAwMDAwMDAsImRlbGV0ZSI6MzAwMDAwMDAwMDAwLCJ1cGRhdGUiOjEyMDAwMDAwMDAwMH19",
          "dependencies": [
            "module.ilios_vpc.aws_route_table.ilios_public_rt",
            "module.ilios_vpc.aws_subnet.ilios_public",
            "module.ilios_vpc.aws_vpc.ilios_vpc"
          ]
        },
        {
          "index_key": 1,
          "schema_version": 0,
          "attributes": {
            "gateway_id": "",
            "id": "rtbassoc-0adf2ed8412a7ca4f",
            "route_table_id": "rtb-0a294a8317df5de44",
            "subnet_id": "subnet-00fe280766045ae2a",
            "timeouts": null
          },
          "sensitive_attributes": [],
          "private": "eyJlMmJmYjczMC1lY2FhLTExZTYtOGY4OC0zNDM2M2JjN2M0YzAiOnsiY3JlYXRlIjozMDAwMDAwMDAwMDAsImRlbGV0ZSI6MzAwMDAwMDAwMDAwLCJ1cGRhdGUiOjEyMDAwMDAwMDAwMH19",
          "dependencies": [
            "module.ilios_vpc.aws_route_table.ilios_public_rt",
            "module.ilios_vpc.aws_subnet.ilios_public",
            "module.ilios_vpc.aws_vpc.ilios_vpc"
          ]
        }
      ]
    },
    {
      "module": "module.ilios_vpc",
      "mode": "managed",
      "type": "aws_subnet",
      "name": "ilios_private",
      "provider": "provider[\"registry.terraform.io/hashicorp/aws\"]",
      "instances": [
        {
          "index_key": 0,
          "schema_version": 1,
          "attributes": {
            "arn": "arn:aws:ec2:us-east-1:571600859306:subnet/subnet-080c674d0b075c645",
            "assign_ipv6_address_on_creation": false,
            "availability_zone": "us-east-1a",
            "availability_zone_id": "use1-az6",
            "cidr_block": "10.0.3.0/24",
            "customer_owned_ipv4_pool": "",
            "enable_dns64": false,
            "enable_lni_at_device_index": 0,
            "enable_resource_name_dns_a_record_on_launch": false,
            "enable_resource_name_dns_aaaa_record_on_launch": false,
            "id": "subnet-080c674d0b075c645",
            "ipv6_cidr_block": "",
            "ipv6_cidr_block_association_id": "",
            "ipv6_native": false,
            "map_customer_owned_ip_on_launch": false,
            "map_public_ip_on_launch": false,
            "outpost_arn": "",
            "owner_id": "571600859306",
            "private_dns_hostname_type_on_launch": "ip-name",
            "tags": {
              "Name": "private-subnet-1"
            },
            "tags_all": {
              "Name": "private-subnet-1"
            },
            "timeouts": null,
            "vpc_id": "vpc-0e1acbe09ff81d088"
          },
          "sensitive_attributes": [],
          "private": "eyJlMmJmYjczMC1lY2FhLTExZTYtOGY4OC0zNDM2M2JjN2M0YzAiOnsiY3JlYXRlIjo2MDAwMDAwMDAwMDAsImRlbGV0ZSI6MTIwMDAwMDAwMDAwMH0sInNjaGVtYV92ZXJzaW9uIjoiMSJ9",
          "dependencies": [
            "module.ilios_vpc.aws_vpc.ilios_vpc"
          ]
        },
        {
          "index_key": 1,
          "schema_version": 1,
          "attributes": {
            "arn": "arn:aws:ec2:us-east-1:571600859306:subnet/subnet-00d2be9cc24ab1633",
            "assign_ipv6_address_on_creation": false,
            "availability_zone": "us-east-1b",
            "availability_zone_id": "use1-az1",
            "cidr_block": "10.0.4.0/24",
            "customer_owned_ipv4_pool": "",
            "enable_dns64": false,
            "enable_lni_at_device_index": 0,
            "enable_resource_name_dns_a_record_on_launch": false,
            "enable_resource_name_dns_aaaa_record_on_launch": false,
            "id": "subnet-00d2be9cc24ab1633",
            "ipv6_cidr_block": "",
            "ipv6_cidr_block_association_id": "",
            "ipv6_native": false,
            "map_customer_owned_ip_on_launch": false,
            "map_public_ip_on_launch": false,
            "outpost_arn": "",
            "owner_id": "571600859306",
            "private_dns_hostname_type_on_launch": "ip-name",
            "tags": {
              "Name": "private-subnet-2"
            },
            "tags_all": {
              "Name": "private-subnet-2"
            },
            "timeouts": null,
            "vpc_id": "vpc-0e1acbe09ff81d088"
          },
          "sensitive_attributes": [],
          "private": "eyJlMmJmYjczMC1lY2FhLTExZTYtOGY4OC0zNDM2M2JjN2M0YzAiOnsiY3JlYXRlIjo2MDAwMDAwMDAwMDAsImRlbGV0ZSI6MTIwMDAwMDAwMDAwMH0sInNjaGVtYV92ZXJzaW9uIjoiMSJ9",
          "dependencies": [
            "module.ilios_vpc.aws_vpc.ilios_vpc"
          ]
        }
      ]
    },
    {
      "module": "module.ilios_vpc",
      "mode": "managed",
      "type": "aws_subnet",
      "name": "ilios_public",
      "provider": "provider[\"registry.terraform.io/hashicorp/aws\"]",
      "instances": [
        {
          "index_key": 0,
          "schema_version": 1,
          "attributes": {
            "arn": "arn:aws:ec2:us-east-1:571600859306:subnet/subnet-053136a16e3d5b6ca",
            "assign_ipv6_address_on_creation": false,
            "availability_zone": "us-east-1a",
            "availability_zone_id": "use1-az6",
            "cidr_block": "10.0.1.0/24",
            "customer_owned_ipv4_pool": "",
            "enable_dns64": false,
            "enable_lni_at_device_index": 0,
            "enable_resource_name_dns_a_record_on_launch": false,
            "enable_resource_name_dns_aaaa_record_on_launch": false,
            "id": "subnet-053136a16e3d5b6ca",
            "ipv6_cidr_block": "",
            "ipv6_cidr_block_association_id": "",
            "ipv6_native": false,
            "map_customer_owned_ip_on_launch": false,
            "map_public_ip_on_launch": true,
            "outpost_arn": "",
            "owner_id": "571600859306",
            "private_dns_hostname_type_on_launch": "ip-name",
            "tags": {
              "Name": "public-subnet-1"
            },
            "tags_all": {
              "Name": "public-subnet-1"
            },
            "timeouts": null,
            "vpc_id": "vpc-0e1acbe09ff81d088"
          },
          "sensitive_attributes": [],
          "private": "eyJlMmJmYjczMC1lY2FhLTExZTYtOGY4OC0zNDM2M2JjN2M0YzAiOnsiY3JlYXRlIjo2MDAwMDAwMDAwMDAsImRlbGV0ZSI6MTIwMDAwMDAwMDAwMH0sInNjaGVtYV92ZXJzaW9uIjoiMSJ9",
          "dependencies": [
            "module.ilios_vpc.aws_vpc.ilios_vpc"
          ]
        },
        {
          "index_key": 1,
          "schema_version": 1,
          "attributes": {
            "arn": "arn:aws:ec2:us-east-1:571600859306:subnet/subnet-00fe280766045ae2a",
            "assign_ipv6_address_on_creation": false,
            "availability_zone": "us-east-1b",
            "availability_zone_id": "use1-az1",
            "cidr_block": "10.0.2.0/24",
            "customer_owned_ipv4_pool": "",
            "enable_dns64": false,
            "enable_lni_at_device_index": 0,
            "enable_resource_name_dns_a_record_on_launch": false,
            "enable_resource_name_dns_aaaa_record_on_launch": false,
            "id": "subnet-00fe280766045ae2a",
            "ipv6_cidr_block": "",
            "ipv6_cidr_block_association_id": "",
            "ipv6_native": false,
            "map_customer_owned_ip_on_launch": false,
            "map_public_ip_on_launch": true,
            "outpost_arn": "",
            "owner_id": "571600859306",
            "private_dns_hostname_type_on_launch": "ip-name",
            "tags": {
              "Name": "public-subnet-2"
            },
            "tags_all": {
              "Name": "public-subnet-2"
            },
            "timeouts": null,
            "vpc_id": "vpc-0e1acbe09ff81d088"
          },
          "sensitive_attributes": [],
          "private": "eyJlMmJmYjczMC1lY2FhLTExZTYtOGY4OC0zNDM2M2JjN2M0YzAiOnsiY3JlYXRlIjo2MDAwMDAwMDAwMDAsImRlbGV0ZSI6MTIwMDAwMDAwMDAwMH0sInNjaGVtYV92ZXJzaW9uIjoiMSJ9",
          "dependencies": [
            "module.ilios_vpc.aws_vpc.ilios_vpc"
          ]
        }
      ]
    },
    {
      "module": "module.ilios_vpc",
      "mode": "managed",
      "type": "aws_vpc",
      "name": "ilios_vpc",
      "provider": "provider[\"registry.terraform.io/hashicorp/aws\"]",
      "instances": [
        {
          "schema_version": 1,
          "attributes": {
            "arn": "arn:aws:ec2:us-east-1:571600859306:vpc/vpc-0e1acbe09ff81d088",
            "assign_generated_ipv6_cidr_block": false,
            "cidr_block": "10.0.0.0/16",
            "default_network_acl_id": "acl-0f43e9c12e6fd21c6",
            "default_route_table_id": "rtb-02dd7cde7fe14fea5",
            "default_security_group_id": "sg-0721a7932e89caf73",
            "dhcp_options_id": "dopt-0de5d610c795d94b4",
            "enable_dns_hostnames": false,
            "enable_dns_support": true,
            "enable_network_address_usage_metrics": false,
            "id": "vpc-0e1acbe09ff81d088",
            "instance_tenancy": "default",
            "ipv4_ipam_pool_id": null,
            "ipv4_netmask_length": null,
            "ipv6_association_id": "",
            "ipv6_cidr_block": "",
            "ipv6_cidr_block_network_border_group": "",
            "ipv6_ipam_pool_id": "",
            "ipv6_netmask_length": 0,
            "main_route_table_id": "rtb-02dd7cde7fe14fea5",
            "owner_id": "571600859306",
            "tags": {
              "Name": "test-vpc"
            },
            "tags_all": {
              "Name": "test-vpc"
            }
          },
          "sensitive_attributes": [],
          "private": "eyJzY2hlbWFfdmVyc2lvbiI6IjEifQ=="
        }
      ]
    }
  ],
  "check_results": null
}
