{
  "version": 4,
  "terraform_version": "1.10.3",
  "serial": 136,
  "lineage": "60e4b00d-fca1-ff3a-0dff-e844ab59beb8",
  "outputs": {
    "alb_dns_name": {
      "value": "test-lb-1412191970.us-east-1.elb.amazonaws.com",
      "type": "string"
    },
    "aws_region": {
      "value": "us-east-1",
      "type": "string"
    },
    "cluster_ca_certificate": {
      "value": "LS0tLS1CRUdJTiBDRVJUSUZJQ0FURS0tLS0tCk1JSURCVENDQWUyZ0F3SUJBZ0lJZXNtaFhLTVYzT293RFFZSktvWklodmNOQVFFTEJRQXdGVEVUTUJFR0ExVUUKQXhNS2EzVmlaWEp1WlhSbGN6QWVGdzB5TlRBek1EVXlNRFUyTkRGYUZ3MHpOVEF6TURNeU1UQXhOREZhTUJVeApFekFSQmdOVkJBTVRDbXQxWW1WeWJtVjBaWE13Z2dFaU1BMEdDU3FHU0liM0RRRUJBUVVBQTRJQkR3QXdnZ0VLCkFvSUJBUUNvb3VRTENZd1d0SzdZeEthV2NRRTNQb3JPbEtKcHE1RVVGQkpuYkJ2SW8vMlBZUGNiK0dSdzRmR3kKa1F1YmFFM05iKzcya2JPY2d4alZ6ZEhjMU5RT3hPSHp0U1NoU3NLenJGR2xzc1RjUlE1eXpGcDVjU0xsdU8rdgpVTUZiYVdpYmNOWkRwcDVuNkVnMm85T0dEOGxRbVNTV25hcUJoeWpTVThzY3pSRkRFNTExVWRReS96L3FRSi9hCm5YR3lPeVVwVDE5QSt4T2w0bFBGYStwWTcwT3JTTVhTRG1qNUpqaG8zVkxZaXg1VGY1NU1NMmFrMk80OS95ancKS0NrQmRwUzZ6dFpuOE93Y1RBaWw1K1paVW0xODZzY3Z4eXAySEZrTEc2c0dkVkN5Y29QdVhxQkRIWDNaNmNJRQpZOUowNzZ6NDNGc0tCQnZVVkhhS3pCL0taMlB6QWdNQkFBR2pXVEJYTUE0R0ExVWREd0VCL3dRRUF3SUNwREFQCkJnTlZIUk1CQWY4RUJUQURBUUgvTUIwR0ExVWREZ1FXQkJSWWNUazBDWDdxcGU2RUJ1Q0NqVHlzVHo0TElqQVYKQmdOVkhSRUVEakFNZ2dwcmRXSmxjbTVsZEdWek1BMEdDU3FHU0liM0RRRUJDd1VBQTRJQkFRQ2V3QUZJYTRzZQp2L21WMmpEQ3R3TXZ3Vjc2RXJKNzlJNzFsZWFYNXRvd01mQW4rVDlJZ002WTVyV1FPeDVjTWcyS3NsUi9QSzRkCjJJMkw0MHpMYTVPUUw5REljSFJQNXhkM1VCb2ZsWTgyTjNYdFVTeW41V3V6SmZpem40SWl5ZU5McFVEOGhxS1IKc0JDRW5QOE1zc2JFYlF6TFdvZlFiOEgzSCt2enhrSldGd3hkNzJlQ0h5SnFYcW1nMGhBQlV2aFBEbWJIVm1vTgpudmhTV290cGZHbWMraStTQjliTlg5TjFtc2h4Wmw4dDBqMWg1RFc0V2pQamp4Sm9yTm1WbVBoTFpQWDBMZC9JCjQwd0Q5K1lFNW54cWtWSEo0MWliQnR4Y1o5a3ZDRzE4NDdPbWhvVjh3Z2UySFFiM04rcVA2djZGb0tZWXpoOW8KcUZ5ZTRGYmZFWTQ3Ci0tLS0tRU5EIENFUlRJRklDQVRFLS0tLS0K",
      "type": "string"
    },
    "cluster_endpoint": {
      "value": "https://4BAFC03EF42489B15AAEEAA84A1280C9.gr7.us-east-1.eks.amazonaws.com",
      "type": "string"
    },
    "cluster_id": {
      "value": "test-cluster",
      "type": "string"
    },
    "instance_type": {
      "value": "t2.micro",
      "type": "string"
    },
    "internet_gateway_id": {
      "value": "igw-0e8edbcae18ea8ff9",
      "type": "string"
    },
    "lb_arn": {
      "value": "arn:aws:elasticloadbalancing:us-east-1:571600859306:loadbalancer/app/test-lb/2ae9ae9dea08934a",
      "type": "string"
    },
    "listener_arn": {
      "value": "arn:aws:elasticloadbalancing:us-east-1:571600859306:listener/app/test-lb/2ae9ae9dea08934a/249807f42eb24984",
      "type": "string"
    },
    "nat_gateway_id": {
      "value": "nat-0c979c807679203fb",
      "type": "string"
    },
    "oidc_role_arn": {
      "value": "arn:aws:iam::571600859306:role/GitHubActionsOIDCRole",
      "type": "string"
    },
    "private_subnet_ids": {
      "value": [
        "subnet-0f398e4f9adbfec62",
        "subnet-03c51f647058ea6cf"
      ],
      "type": [
        "tuple",
        [
          "string",
          "string"
        ]
      ]
    },
    "public_subnet_ids": {
      "value": [
        "subnet-056908f416d6627fa",
        "subnet-09d0af13c501c1ba5"
      ],
      "type": [
        "tuple",
        [
          "string",
          "string"
        ]
      ]
    },
    "target_group_arn": {
      "value": "arn:aws:elasticloadbalancing:us-east-1:571600859306:targetgroup/test-target-group/493b1a9268ca7e37",
      "type": "string"
    },
    "vpc_cidr_block": {
      "value": "10.0.0.0/16",
      "type": "string"
    },
    "vpc_id": {
      "value": "vpc-0ede042861a101eb1",
      "type": "string"
    }
  },
  "resources": [
    {
      "module": "module.ilios_eks_cluster",
      "mode": "managed",
      "type": "aws_eks_cluster",
      "name": "ilios_cluster",
      "provider": "provider[\"registry.terraform.io/hashicorp/aws\"]",
      "instances": [
        {
          "schema_version": 1,
          "attributes": {
            "access_config": [
              {
                "authentication_mode": "CONFIG_MAP",
                "bootstrap_cluster_creator_admin_permissions": true
              }
            ],
            "arn": "arn:aws:eks:us-east-1:571600859306:cluster/test-cluster",
            "bootstrap_self_managed_addons": true,
            "certificate_authority": [
              {
                "data": "LS0tLS1CRUdJTiBDRVJUSUZJQ0FURS0tLS0tCk1JSURCVENDQWUyZ0F3SUJBZ0lJZXNtaFhLTVYzT293RFFZSktvWklodmNOQVFFTEJRQXdGVEVUTUJFR0ExVUUKQXhNS2EzVmlaWEp1WlhSbGN6QWVGdzB5TlRBek1EVXlNRFUyTkRGYUZ3MHpOVEF6TURNeU1UQXhOREZhTUJVeApFekFSQmdOVkJBTVRDbXQxWW1WeWJtVjBaWE13Z2dFaU1BMEdDU3FHU0liM0RRRUJBUVVBQTRJQkR3QXdnZ0VLCkFvSUJBUUNvb3VRTENZd1d0SzdZeEthV2NRRTNQb3JPbEtKcHE1RVVGQkpuYkJ2SW8vMlBZUGNiK0dSdzRmR3kKa1F1YmFFM05iKzcya2JPY2d4alZ6ZEhjMU5RT3hPSHp0U1NoU3NLenJGR2xzc1RjUlE1eXpGcDVjU0xsdU8rdgpVTUZiYVdpYmNOWkRwcDVuNkVnMm85T0dEOGxRbVNTV25hcUJoeWpTVThzY3pSRkRFNTExVWRReS96L3FRSi9hCm5YR3lPeVVwVDE5QSt4T2w0bFBGYStwWTcwT3JTTVhTRG1qNUpqaG8zVkxZaXg1VGY1NU1NMmFrMk80OS95ancKS0NrQmRwUzZ6dFpuOE93Y1RBaWw1K1paVW0xODZzY3Z4eXAySEZrTEc2c0dkVkN5Y29QdVhxQkRIWDNaNmNJRQpZOUowNzZ6NDNGc0tCQnZVVkhhS3pCL0taMlB6QWdNQkFBR2pXVEJYTUE0R0ExVWREd0VCL3dRRUF3SUNwREFQCkJnTlZIUk1CQWY4RUJUQURBUUgvTUIwR0ExVWREZ1FXQkJSWWNUazBDWDdxcGU2RUJ1Q0NqVHlzVHo0TElqQVYKQmdOVkhSRUVEakFNZ2dwcmRXSmxjbTVsZEdWek1BMEdDU3FHU0liM0RRRUJDd1VBQTRJQkFRQ2V3QUZJYTRzZQp2L21WMmpEQ3R3TXZ3Vjc2RXJKNzlJNzFsZWFYNXRvd01mQW4rVDlJZ002WTVyV1FPeDVjTWcyS3NsUi9QSzRkCjJJMkw0MHpMYTVPUUw5REljSFJQNXhkM1VCb2ZsWTgyTjNYdFVTeW41V3V6SmZpem40SWl5ZU5McFVEOGhxS1IKc0JDRW5QOE1zc2JFYlF6TFdvZlFiOEgzSCt2enhrSldGd3hkNzJlQ0h5SnFYcW1nMGhBQlV2aFBEbWJIVm1vTgpudmhTV290cGZHbWMraStTQjliTlg5TjFtc2h4Wmw4dDBqMWg1RFc0V2pQamp4Sm9yTm1WbVBoTFpQWDBMZC9JCjQwd0Q5K1lFNW54cWtWSEo0MWliQnR4Y1o5a3ZDRzE4NDdPbWhvVjh3Z2UySFFiM04rcVA2djZGb0tZWXpoOW8KcUZ5ZTRGYmZFWTQ3Ci0tLS0tRU5EIENFUlRJRklDQVRFLS0tLS0K"
              }
            ],
            "cluster_id": null,
            "compute_config": [],
            "created_at": "2025-03-05T20:57:13Z",
            "enabled_cluster_log_types": null,
            "encryption_config": [],
            "endpoint": "https://4BAFC03EF42489B15AAEEAA84A1280C9.gr7.us-east-1.eks.amazonaws.com",
            "id": "test-cluster",
            "identity": [
              {
                "oidc": [
                  {
                    "issuer": "https://oidc.eks.us-east-1.amazonaws.com/id/4BAFC03EF42489B15AAEEAA84A1280C9"
                  }
                ]
              }
            ],
            "kubernetes_network_config": [
              {
                "elastic_load_balancing": [
                  {
                    "enabled": false
                  }
                ],
                "ip_family": "ipv4",
                "service_ipv4_cidr": "172.20.0.0/16",
                "service_ipv6_cidr": ""
              }
            ],
            "name": "test-cluster",
            "outpost_config": [],
            "platform_version": "eks.20",
            "remote_network_config": [],
            "role_arn": "arn:aws:iam::571600859306:role/cluster-role",
            "status": "ACTIVE",
            "storage_config": [],
            "tags": null,
            "tags_all": {},
            "timeouts": null,
            "upgrade_policy": [
              {
                "support_type": "EXTENDED"
              }
            ],
            "version": "1.31",
            "vpc_config": [
              {
                "cluster_security_group_id": "sg-0d8ce42b648e4d4e1",
                "endpoint_private_access": false,
                "endpoint_public_access": true,
                "public_access_cidrs": [
                  "0.0.0.0/0"
                ],
                "security_group_ids": [
                  "sg-015de8bf8d6e0347f"
                ],
                "subnet_ids": [
                  "subnet-03c51f647058ea6cf",
                  "subnet-0f398e4f9adbfec62"
                ],
                "vpc_id": "vpc-0ede042861a101eb1"
              }
            ],
            "zonal_shift_config": []
          },
          "sensitive_attributes": [],
          "private": "eyJlMmJmYjczMC1lY2FhLTExZTYtOGY4OC0zNDM2M2JjN2M0YzAiOnsiY3JlYXRlIjoxODAwMDAwMDAwMDAwLCJkZWxldGUiOjkwMDAwMDAwMDAwMCwidXBkYXRlIjozNjAwMDAwMDAwMDAwfSwic2NoZW1hX3ZlcnNpb24iOiIxIn0=",
          "dependencies": [
            "module.ilios_eks_cluster.aws_iam_role.cluster_role",
            "module.ilios_eks_cluster.aws_iam_role_policy_attachment.cluster_role_attachment",
            "module.ilios_eks_cluster.aws_security_group.cluster_sg",
            "module.ilios_vpc.aws_subnet.ilios_private",
            "module.ilios_vpc.aws_vpc.ilios_vpc"
          ]
        }
      ]
    },
    {
      "module": "module.ilios_eks_cluster",
      "mode": "managed",
      "type": "aws_eks_node_group",
      "name": "ilios_node_group",
      "provider": "provider[\"registry.terraform.io/hashicorp/aws\"]",
      "instances": [
        {
          "schema_version": 0,
          "attributes": {
            "ami_type": "AL2023_x86_64_STANDARD",
            "arn": "arn:aws:eks:us-east-1:571600859306:nodegroup/test-cluster/ilios-node-group/fecab40f-9f09-0ccb-de33-b91c6d9e3e14",
            "capacity_type": "ON_DEMAND",
            "cluster_name": "test-cluster",
            "disk_size": 20,
            "force_update_version": null,
            "id": "test-cluster:ilios-node-group",
            "instance_types": [
              "t2.micro"
            ],
            "labels": null,
            "launch_template": [],
            "node_group_name": "ilios-node-group",
            "node_group_name_prefix": "",
            "node_repair_config": [],
            "node_role_arn": "arn:aws:iam::571600859306:role/node-group-role",
            "release_version": "1.31.5-20250228",
            "remote_access": [],
            "resources": [
              {
                "autoscaling_groups": [
                  {
                    "name": "eks-ilios-node-group-fecab40f-9f09-0ccb-de33-b91c6d9e3e14"
                  }
                ],
                "remote_access_security_group_id": ""
              }
            ],
            "scaling_config": [
              {
                "desired_size": 2,
                "max_size": 3,
                "min_size": 1
              }
            ],
            "status": "ACTIVE",
            "subnet_ids": [
              "subnet-03c51f647058ea6cf",
              "subnet-0f398e4f9adbfec62"
            ],
            "tags": {
              "Name": "ilios-worker-node"
            },
            "tags_all": {
              "Name": "ilios-worker-node"
            },
            "taint": [],
            "timeouts": null,
            "update_config": [
              {
                "max_unavailable": 1,
                "max_unavailable_percentage": 0
              }
            ],
            "version": "1.31"
          },
          "sensitive_attributes": [],
          "private": "eyJlMmJmYjczMC1lY2FhLTExZTYtOGY4OC0zNDM2M2JjN2M0YzAiOnsiY3JlYXRlIjozNjAwMDAwMDAwMDAwLCJkZWxldGUiOjM2MDAwMDAwMDAwMDAsInVwZGF0ZSI6MzYwMDAwMDAwMDAwMH19",
          "dependencies": [
            "module.ilios_eks_cluster.aws_eks_cluster.ilios_cluster",
            "module.ilios_eks_cluster.aws_iam_role.cluster_role",
            "module.ilios_eks_cluster.aws_iam_role.node_group_role",
            "module.ilios_eks_cluster.aws_iam_role_policy_attachment.cluster_role_attachment",
            "module.ilios_eks_cluster.aws_iam_role_policy_attachment.ec2_container_policy_attachment",
            "module.ilios_eks_cluster.aws_iam_role_policy_attachment.eks_cni_policy_attachment",
            "module.ilios_eks_cluster.aws_iam_role_policy_attachment.worker_node_policy_attachment",
            "module.ilios_eks_cluster.aws_security_group.cluster_sg",
            "module.ilios_vpc.aws_subnet.ilios_private",
            "module.ilios_vpc.aws_vpc.ilios_vpc"
          ]
        }
      ]
    },
    {
      "module": "module.ilios_eks_cluster",
      "mode": "managed",
      "type": "aws_iam_role",
      "name": "cluster_role",
      "provider": "provider[\"registry.terraform.io/hashicorp/aws\"]",
      "instances": [
        {
          "schema_version": 0,
          "attributes": {
            "arn": "arn:aws:iam::571600859306:role/cluster-role",
            "assume_role_policy": "{\"Statement\":[{\"Action\":[\"sts:AssumeRole\",\"sts:TagSession\"],\"Effect\":\"Allow\",\"Principal\":{\"Service\":\"eks.amazonaws.com\"}}],\"Version\":\"2012-10-17\"}",
            "create_date": "2025-03-05T20:57:07Z",
            "description": "",
            "force_detach_policies": false,
            "id": "cluster-role",
            "inline_policy": [],
            "managed_policy_arns": [],
            "max_session_duration": 3600,
            "name": "cluster-role",
            "name_prefix": "",
            "path": "/",
            "permissions_boundary": "",
            "tags": null,
            "tags_all": {},
            "unique_id": "AROAYKFQQ6CVHHV4R7NNY"
          },
          "sensitive_attributes": [],
          "private": "bnVsbA=="
        }
      ]
    },
    {
      "module": "module.ilios_eks_cluster",
      "mode": "managed",
      "type": "aws_iam_role",
      "name": "node_group_role",
      "provider": "provider[\"registry.terraform.io/hashicorp/aws\"]",
      "instances": [
        {
          "schema_version": 0,
          "attributes": {
            "arn": "arn:aws:iam::571600859306:role/node-group-role",
            "assume_role_policy": "{\"Statement\":[{\"Action\":\"sts:AssumeRole\",\"Effect\":\"Allow\",\"Principal\":{\"Service\":\"ec2.amazonaws.com\"}}],\"Version\":\"2012-10-17\"}",
            "create_date": "2025-03-05T20:57:07Z",
            "description": "",
            "force_detach_policies": false,
            "id": "node-group-role",
            "inline_policy": [],
            "managed_policy_arns": [],
            "max_session_duration": 3600,
            "name": "node-group-role",
            "name_prefix": "",
            "path": "/",
            "permissions_boundary": "",
            "tags": null,
            "tags_all": {},
            "unique_id": "AROAYKFQQ6CVPIWH2SXAO"
          },
          "sensitive_attributes": [],
          "private": "bnVsbA=="
        }
      ]
    },
    {
      "module": "module.ilios_eks_cluster",
      "mode": "managed",
      "type": "aws_iam_role_policy_attachment",
      "name": "cluster_role_attachment",
      "provider": "provider[\"registry.terraform.io/hashicorp/aws\"]",
      "instances": [
        {
          "schema_version": 0,
          "attributes": {
            "id": "cluster-role-20250305205708194300000004",
            "policy_arn": "arn:aws:iam::aws:policy/AmazonEKSClusterPolicy",
            "role": "cluster-role"
          },
          "sensitive_attributes": [],
          "private": "bnVsbA==",
          "dependencies": [
            "module.ilios_eks_cluster.aws_iam_role.cluster_role"
          ]
        }
      ]
    },
    {
      "module": "module.ilios_eks_cluster",
      "mode": "managed",
      "type": "aws_iam_role_policy_attachment",
      "name": "ec2_container_policy_attachment",
      "provider": "provider[\"registry.terraform.io/hashicorp/aws\"]",
      "instances": [
        {
          "schema_version": 0,
          "attributes": {
            "id": "node-group-role-20250305205708072700000001",
            "policy_arn": "arn:aws:iam::aws:policy/AmazonEC2ContainerRegistryReadOnly",
            "role": "node-group-role"
          },
          "sensitive_attributes": [],
          "private": "bnVsbA==",
          "dependencies": [
            "module.ilios_eks_cluster.aws_iam_role.node_group_role"
          ]
        }
      ]
    },
    {
      "module": "module.ilios_eks_cluster",
      "mode": "managed",
      "type": "aws_iam_role_policy_attachment",
      "name": "eks_cni_policy_attachment",
      "provider": "provider[\"registry.terraform.io/hashicorp/aws\"]",
      "instances": [
        {
          "schema_version": 0,
          "attributes": {
            "id": "node-group-role-20250305205708112000000003",
            "policy_arn": "arn:aws:iam::aws:policy/AmazonEKS_CNI_Policy",
            "role": "node-group-role"
          },
          "sensitive_attributes": [],
          "private": "bnVsbA==",
          "dependencies": [
            "module.ilios_eks_cluster.aws_iam_role.node_group_role"
          ]
        }
      ]
    },
    {
      "module": "module.ilios_eks_cluster",
      "mode": "managed",
      "type": "aws_iam_role_policy_attachment",
      "name": "worker_node_policy_attachment",
      "provider": "provider[\"registry.terraform.io/hashicorp/aws\"]",
      "instances": [
        {
          "schema_version": 0,
          "attributes": {
            "id": "node-group-role-20250305205708072800000002",
            "policy_arn": "arn:aws:iam::aws:policy/AmazonEKSWorkerNodePolicy",
            "role": "node-group-role"
          },
          "sensitive_attributes": [],
          "private": "bnVsbA==",
          "dependencies": [
            "module.ilios_eks_cluster.aws_iam_role.node_group_role"
          ]
        }
      ]
    },
    {
      "module": "module.ilios_eks_cluster",
      "mode": "managed",
      "type": "aws_security_group",
      "name": "cluster_sg",
      "provider": "provider[\"registry.terraform.io/hashicorp/aws\"]",
      "instances": [
        {
          "schema_version": 1,
          "attributes": {
            "arn": "arn:aws:ec2:us-east-1:571600859306:security-group/sg-015de8bf8d6e0347f",
            "description": "Security group for EKS cluster",
            "egress": [],
            "id": "sg-015de8bf8d6e0347f",
            "ingress": [],
            "name": "eks-cluster-sg",
            "name_prefix": "",
            "owner_id": "571600859306",
            "revoke_rules_on_delete": false,
            "tags": null,
            "tags_all": {},
            "timeouts": null,
            "vpc_id": "vpc-0ede042861a101eb1"
          },
          "sensitive_attributes": [],
          "private": "eyJlMmJmYjczMC1lY2FhLTExZTYtOGY4OC0zNDM2M2JjN2M0YzAiOnsiY3JlYXRlIjo2MDAwMDAwMDAwMDAsImRlbGV0ZSI6OTAwMDAwMDAwMDAwfSwic2NoZW1hX3ZlcnNpb24iOiIxIn0=",
          "dependencies": [
            "module.ilios_vpc.aws_vpc.ilios_vpc"
          ]
        }
      ]
    },
    {
      "module": "module.ilios_eks_cluster",
      "mode": "managed",
      "type": "aws_security_group",
      "name": "node_group_sg",
      "provider": "provider[\"registry.terraform.io/hashicorp/aws\"]",
      "instances": [
        {
          "schema_version": 1,
          "attributes": {
            "arn": "arn:aws:ec2:us-east-1:571600859306:security-group/sg-0b1ce4620c7a87d7b",
            "description": "Security group for EKS node group",
            "egress": [],
            "id": "sg-0b1ce4620c7a87d7b",
            "ingress": [],
            "name": "eks-node-group-sg",
            "name_prefix": "",
            "owner_id": "571600859306",
            "revoke_rules_on_delete": false,
            "tags": null,
            "tags_all": {},
            "timeouts": null,
            "vpc_id": "vpc-0ede042861a101eb1"
          },
          "sensitive_attributes": [],
          "private": "eyJlMmJmYjczMC1lY2FhLTExZTYtOGY4OC0zNDM2M2JjN2M0YzAiOnsiY3JlYXRlIjo2MDAwMDAwMDAwMDAsImRlbGV0ZSI6OTAwMDAwMDAwMDAwfSwic2NoZW1hX3ZlcnNpb24iOiIxIn0=",
          "dependencies": [
            "module.ilios_vpc.aws_vpc.ilios_vpc"
          ]
        }
      ]
    },
    {
      "module": "module.ilios_eks_cluster",
      "mode": "managed",
      "type": "aws_security_group_rule",
      "name": "eks_cluster_egress",
      "provider": "provider[\"registry.terraform.io/hashicorp/aws\"]",
      "instances": [
        {
          "schema_version": 2,
          "attributes": {
            "cidr_blocks": [
              "0.0.0.0/0"
            ],
            "description": null,
            "from_port": 0,
            "id": "sgrule-3465398599",
            "ipv6_cidr_blocks": null,
            "prefix_list_ids": null,
            "protocol": "-1",
            "security_group_id": "sg-015de8bf8d6e0347f",
            "security_group_rule_id": "sgr-04707c3c78b523a42",
            "self": false,
            "source_security_group_id": null,
            "timeouts": null,
            "to_port": 0,
            "type": "egress"
          },
          "sensitive_attributes": [],
          "private": "eyJlMmJmYjczMC1lY2FhLTExZTYtOGY4OC0zNDM2M2JjN2M0YzAiOnsiY3JlYXRlIjozMDAwMDAwMDAwMDB9LCJzY2hlbWFfdmVyc2lvbiI6IjIifQ==",
          "dependencies": [
            "module.ilios_eks_cluster.aws_security_group.cluster_sg",
            "module.ilios_vpc.aws_vpc.ilios_vpc"
          ]
        }
      ]
    },
    {
      "module": "module.ilios_eks_cluster",
      "mode": "managed",
      "type": "aws_security_group_rule",
      "name": "eks_cluster_ingress",
      "provider": "provider[\"registry.terraform.io/hashicorp/aws\"]",
      "instances": [
        {
          "schema_version": 2,
          "attributes": {
            "cidr_blocks": [
              "0.0.0.0/0"
            ],
            "description": null,
            "from_port": 80,
            "id": "sgrule-1964311595",
            "ipv6_cidr_blocks": null,
            "prefix_list_ids": null,
            "protocol": "tcp",
            "security_group_id": "sg-015de8bf8d6e0347f",
            "security_group_rule_id": "sgr-0db9c9974a8e10f6e",
            "self": false,
            "source_security_group_id": null,
            "timeouts": null,
            "to_port": 80,
            "type": "ingress"
          },
          "sensitive_attributes": [],
          "private": "eyJlMmJmYjczMC1lY2FhLTExZTYtOGY4OC0zNDM2M2JjN2M0YzAiOnsiY3JlYXRlIjozMDAwMDAwMDAwMDB9LCJzY2hlbWFfdmVyc2lvbiI6IjIifQ==",
          "dependencies": [
            "module.ilios_eks_cluster.aws_security_group.cluster_sg",
            "module.ilios_vpc.aws_vpc.ilios_vpc"
          ]
        }
      ]
    },
    {
      "module": "module.ilios_eks_cluster",
      "mode": "managed",
      "type": "aws_security_group_rule",
      "name": "eks_node_group_egress",
      "provider": "provider[\"registry.terraform.io/hashicorp/aws\"]",
      "instances": [
        {
          "schema_version": 2,
          "attributes": {
            "cidr_blocks": [
              "0.0.0.0/0"
            ],
            "description": null,
            "from_port": 0,
            "id": "sgrule-3947823308",
            "ipv6_cidr_blocks": null,
            "prefix_list_ids": null,
            "protocol": "-1",
            "security_group_id": "sg-0b1ce4620c7a87d7b",
            "security_group_rule_id": "sgr-0d8d152f12dda4b6d",
            "self": false,
            "source_security_group_id": null,
            "timeouts": null,
            "to_port": 0,
            "type": "egress"
          },
          "sensitive_attributes": [],
          "private": "eyJlMmJmYjczMC1lY2FhLTExZTYtOGY4OC0zNDM2M2JjN2M0YzAiOnsiY3JlYXRlIjozMDAwMDAwMDAwMDB9LCJzY2hlbWFfdmVyc2lvbiI6IjIifQ==",
          "dependencies": [
            "module.ilios_eks_cluster.aws_security_group.node_group_sg",
            "module.ilios_vpc.aws_vpc.ilios_vpc"
          ]
        }
      ]
    },
    {
      "module": "module.ilios_eks_cluster",
      "mode": "managed",
      "type": "aws_security_group_rule",
      "name": "eks_node_group_ingress_https",
      "provider": "provider[\"registry.terraform.io/hashicorp/aws\"]",
      "instances": [
        {
          "schema_version": 2,
          "attributes": {
            "cidr_blocks": [
              "0.0.0.0/0"
            ],
            "description": null,
            "from_port": 80,
            "id": "sgrule-2009094196",
            "ipv6_cidr_blocks": null,
            "prefix_list_ids": null,
            "protocol": "tcp",
            "security_group_id": "sg-0b1ce4620c7a87d7b",
            "security_group_rule_id": "sgr-0ec5e83355859bb78",
            "self": false,
            "source_security_group_id": null,
            "timeouts": null,
            "to_port": 80,
            "type": "ingress"
          },
          "sensitive_attributes": [],
          "private": "eyJlMmJmYjczMC1lY2FhLTExZTYtOGY4OC0zNDM2M2JjN2M0YzAiOnsiY3JlYXRlIjozMDAwMDAwMDAwMDB9LCJzY2hlbWFfdmVyc2lvbiI6IjIifQ==",
          "dependencies": [
            "module.ilios_eks_cluster.aws_security_group.node_group_sg",
            "module.ilios_vpc.aws_vpc.ilios_vpc"
          ]
        }
      ]
    },
    {
      "module": "module.ilios_eks_cluster",
      "mode": "managed",
      "type": "aws_security_group_rule",
      "name": "eks_node_group_ingress_ssh",
      "provider": "provider[\"registry.terraform.io/hashicorp/aws\"]",
      "instances": [
        {
          "schema_version": 2,
          "attributes": {
            "cidr_blocks": [
              "0.0.0.0/0"
            ],
            "description": null,
            "from_port": 22,
            "id": "sgrule-3242853761",
            "ipv6_cidr_blocks": null,
            "prefix_list_ids": null,
            "protocol": "tcp",
            "security_group_id": "sg-0b1ce4620c7a87d7b",
            "security_group_rule_id": "sgr-03691616ad4d6172b",
            "self": false,
            "source_security_group_id": null,
            "timeouts": null,
            "to_port": 22,
            "type": "ingress"
          },
          "sensitive_attributes": [],
          "private": "eyJlMmJmYjczMC1lY2FhLTExZTYtOGY4OC0zNDM2M2JjN2M0YzAiOnsiY3JlYXRlIjozMDAwMDAwMDAwMDB9LCJzY2hlbWFfdmVyc2lvbiI6IjIifQ==",
          "dependencies": [
            "module.ilios_eks_cluster.aws_security_group.node_group_sg",
            "module.ilios_vpc.aws_vpc.ilios_vpc"
          ]
        }
      ]
    },
    {
      "module": "module.ilios_lb",
      "mode": "data",
      "type": "aws_ami",
      "name": "latest_amazon_linux",
      "provider": "provider[\"registry.terraform.io/hashicorp/aws\"]",
      "instances": [
        {
          "schema_version": 0,
          "attributes": {
            "architecture": "x86_64",
            "arn": "arn:aws:ec2:us-east-1::image/ami-0ace34e9f53c91c5d",
            "block_device_mappings": [
              {
                "device_name": "/dev/xvda",
                "ebs": {
                  "delete_on_termination": "true",
                  "encrypted": "false",
                  "iops": "0",
                  "snapshot_id": "snap-0bf568edc120fa91f",
                  "throughput": "0",
                  "volume_size": "8",
                  "volume_type": "gp2"
                },
                "no_device": "",
                "virtual_name": ""
              }
            ],
            "boot_mode": "",
            "creation_date": "2025-02-20T22:38:11.000Z",
            "deprecation_time": "2025-07-01T00:00:00.000Z",
            "description": "Amazon Linux 2 AMI 2.0.20250220.0 x86_64 HVM gp2",
            "ena_support": true,
            "executable_users": null,
            "filter": [
              {
                "name": "name",
                "values": [
                  "amzn2-ami-hvm-*-x86_64-gp2"
                ]
              },
              {
                "name": "virtualization-type",
                "values": [
                  "hvm"
                ]
              }
            ],
            "hypervisor": "xen",
            "id": "ami-0ace34e9f53c91c5d",
            "image_id": "ami-0ace34e9f53c91c5d",
            "image_location": "amazon/amzn2-ami-hvm-2.0.20250220.0-x86_64-gp2",
            "image_owner_alias": "amazon",
            "image_type": "machine",
            "imds_support": "",
            "include_deprecated": false,
            "kernel_id": "",
            "most_recent": true,
            "name": "amzn2-ami-hvm-2.0.20250220.0-x86_64-gp2",
            "name_regex": null,
            "owner_id": "137112412989",
            "owners": [
              "amazon"
            ],
            "platform": "",
            "platform_details": "Linux/UNIX",
            "product_codes": [],
            "public": true,
            "ramdisk_id": "",
            "root_device_name": "/dev/xvda",
            "root_device_type": "ebs",
            "root_snapshot_id": "snap-0bf568edc120fa91f",
            "sriov_net_support": "simple",
            "state": "available",
            "state_reason": {
              "code": "UNSET",
              "message": "UNSET"
            },
            "tags": {},
            "timeouts": null,
            "tpm_support": "",
            "uefi_data": null,
            "usage_operation": "RunInstances",
            "virtualization_type": "hvm"
          },
          "sensitive_attributes": []
        }
      ]
    },
    {
      "module": "module.ilios_lb",
      "mode": "managed",
      "type": "aws_instance",
      "name": "ilios_alb_instance",
      "provider": "provider[\"registry.terraform.io/hashicorp/aws\"]",
      "instances": [
        {
          "schema_version": 1,
          "attributes": {
            "ami": "ami-0ace34e9f53c91c5d",
            "arn": "arn:aws:ec2:us-east-1:571600859306:instance/i-0625814a8c5163150",
            "associate_public_ip_address": true,
            "availability_zone": "us-east-1a",
            "capacity_reservation_specification": [
              {
                "capacity_reservation_preference": "open",
                "capacity_reservation_target": []
              }
            ],
            "cpu_core_count": 1,
            "cpu_options": [
              {
                "amd_sev_snp": "",
                "core_count": 1,
                "threads_per_core": 1
              }
            ],
            "cpu_threads_per_core": 1,
            "credit_specification": [
              {
                "cpu_credits": "standard"
              }
            ],
            "disable_api_stop": false,
            "disable_api_termination": false,
            "ebs_block_device": [],
            "ebs_optimized": false,
            "enable_primary_ipv6": null,
            "enclave_options": [
              {
                "enabled": false
              }
            ],
            "ephemeral_block_device": [],
            "get_password_data": false,
            "hibernation": false,
            "host_id": "",
            "host_resource_group_arn": null,
            "iam_instance_profile": "",
            "id": "i-0625814a8c5163150",
            "instance_initiated_shutdown_behavior": "stop",
            "instance_lifecycle": "",
            "instance_market_options": [],
            "instance_state": "running",
            "instance_type": "t2.micro",
            "ipv6_address_count": 0,
            "ipv6_addresses": [],
            "key_name": "",
            "launch_template": [],
            "maintenance_options": [
              {
                "auto_recovery": "default"
              }
            ],
            "metadata_options": [
              {
                "http_endpoint": "enabled",
                "http_protocol_ipv6": "disabled",
                "http_put_response_hop_limit": 1,
                "http_tokens": "optional",
                "instance_metadata_tags": "disabled"
              }
            ],
            "monitoring": false,
            "network_interface": [],
            "outpost_arn": "",
            "password_data": "",
            "placement_group": "",
            "placement_partition_number": 0,
            "primary_network_interface_id": "eni-092ad132959093d54",
            "private_dns": "ip-10-0-1-171.ec2.internal",
            "private_dns_name_options": [
              {
                "enable_resource_name_dns_a_record": false,
                "enable_resource_name_dns_aaaa_record": false,
                "hostname_type": "ip-name"
              }
            ],
            "private_ip": "10.0.1.171",
            "public_dns": "",
            "public_ip": "18.207.192.158",
            "root_block_device": [
              {
                "delete_on_termination": true,
                "device_name": "/dev/xvda",
                "encrypted": false,
                "iops": 100,
                "kms_key_id": "",
                "tags": {},
                "tags_all": {},
                "throughput": 0,
                "volume_id": "vol-0e0f086e0d66cae87",
                "volume_size": 8,
                "volume_type": "gp2"
              }
            ],
            "secondary_private_ips": [],
            "security_groups": [],
            "source_dest_check": true,
            "spot_instance_request_id": "",
            "subnet_id": "subnet-056908f416d6627fa",
            "tags": null,
            "tags_all": {},
            "tenancy": "default",
            "timeouts": null,
            "user_data": null,
            "user_data_base64": null,
            "user_data_replace_on_change": false,
            "volume_tags": null,
            "vpc_security_group_ids": [
              "sg-093aee7974d35e729"
            ]
          },
          "sensitive_attributes": [],
          "private": "eyJlMmJmYjczMC1lY2FhLTExZTYtOGY4OC0zNDM2M2JjN2M0YzAiOnsiY3JlYXRlIjo2MDAwMDAwMDAwMDAsImRlbGV0ZSI6MTIwMDAwMDAwMDAwMCwicmVhZCI6OTAwMDAwMDAwMDAwLCJ1cGRhdGUiOjYwMDAwMDAwMDAwMH0sInNjaGVtYV92ZXJzaW9uIjoiMSJ9",
          "dependencies": [
            "module.ilios_lb.aws_security_group.lb_sg",
            "module.ilios_lb.data.aws_ami.latest_amazon_linux",
            "module.ilios_vpc.aws_subnet.ilios_public",
            "module.ilios_vpc.aws_vpc.ilios_vpc"
          ]
        }
      ]
    },
    {
      "module": "module.ilios_lb",
      "mode": "managed",
      "type": "aws_lb",
      "name": "ilios_alb",
      "provider": "provider[\"registry.terraform.io/hashicorp/aws\"]",
      "instances": [
        {
          "schema_version": 0,
          "attributes": {
            "access_logs": [
              {
                "bucket": "",
                "enabled": false,
                "prefix": ""
              }
            ],
            "arn": "arn:aws:elasticloadbalancing:us-east-1:571600859306:loadbalancer/app/test-lb/2ae9ae9dea08934a",
            "arn_suffix": "app/test-lb/2ae9ae9dea08934a",
            "client_keep_alive": 3600,
            "connection_logs": [
              {
                "bucket": "",
                "enabled": false,
                "prefix": ""
              }
            ],
            "customer_owned_ipv4_pool": "",
            "desync_mitigation_mode": "defensive",
            "dns_name": "test-lb-1412191970.us-east-1.elb.amazonaws.com",
            "dns_record_client_routing_policy": null,
            "drop_invalid_header_fields": false,
            "enable_cross_zone_load_balancing": true,
            "enable_deletion_protection": false,
            "enable_http2": true,
            "enable_tls_version_and_cipher_suite_headers": false,
            "enable_waf_fail_open": false,
            "enable_xff_client_port": false,
            "enable_zonal_shift": false,
            "enforce_security_group_inbound_rules_on_private_link_traffic": "",
            "id": "arn:aws:elasticloadbalancing:us-east-1:571600859306:loadbalancer/app/test-lb/2ae9ae9dea08934a",
            "idle_timeout": 60,
            "internal": false,
            "ip_address_type": "ipv4",
            "load_balancer_type": "application",
            "name": "test-lb",
            "name_prefix": "",
            "preserve_host_header": false,
            "security_groups": [
              "sg-093aee7974d35e729"
            ],
            "subnet_mapping": [
              {
                "allocation_id": "",
                "ipv6_address": "",
                "outpost_id": "",
                "private_ipv4_address": "",
                "subnet_id": "subnet-056908f416d6627fa"
              },
              {
                "allocation_id": "",
                "ipv6_address": "",
                "outpost_id": "",
                "private_ipv4_address": "",
                "subnet_id": "subnet-09d0af13c501c1ba5"
              }
            ],
            "subnets": [
              "subnet-056908f416d6627fa",
              "subnet-09d0af13c501c1ba5"
            ],
            "tags": null,
            "tags_all": {},
            "timeouts": null,
            "vpc_id": "vpc-0ede042861a101eb1",
            "xff_header_processing_mode": "append",
            "zone_id": "Z35SXDOTRQ7X7K"
          },
          "sensitive_attributes": [],
          "private": "eyJlMmJmYjczMC1lY2FhLTExZTYtOGY4OC0zNDM2M2JjN2M0YzAiOnsiY3JlYXRlIjo2MDAwMDAwMDAwMDAsImRlbGV0ZSI6NjAwMDAwMDAwMDAwLCJ1cGRhdGUiOjYwMDAwMDAwMDAwMH19",
          "dependencies": [
            "module.ilios_lb.aws_security_group.lb_sg",
            "module.ilios_vpc.aws_subnet.ilios_public",
            "module.ilios_vpc.aws_vpc.ilios_vpc"
          ]
        }
      ]
    },
    {
      "module": "module.ilios_lb",
      "mode": "managed",
      "type": "aws_lb_listener",
      "name": "ilios_alb_listener",
      "provider": "provider[\"registry.terraform.io/hashicorp/aws\"]",
      "instances": [
        {
          "schema_version": 0,
          "attributes": {
            "alpn_policy": null,
            "arn": "arn:aws:elasticloadbalancing:us-east-1:571600859306:listener/app/test-lb/2ae9ae9dea08934a/249807f42eb24984",
            "certificate_arn": null,
            "default_action": [
              {
                "authenticate_cognito": [],
                "authenticate_oidc": [],
                "fixed_response": [],
                "forward": [],
                "order": 1,
                "redirect": [],
                "target_group_arn": "arn:aws:elasticloadbalancing:us-east-1:571600859306:targetgroup/test-target-group/493b1a9268ca7e37",
                "type": "forward"
              }
            ],
            "id": "arn:aws:elasticloadbalancing:us-east-1:571600859306:listener/app/test-lb/2ae9ae9dea08934a/249807f42eb24984",
            "load_balancer_arn": "arn:aws:elasticloadbalancing:us-east-1:571600859306:loadbalancer/app/test-lb/2ae9ae9dea08934a",
            "mutual_authentication": [],
            "port": 80,
            "protocol": "HTTP",
            "routing_http_request_x_amzn_mtls_clientcert_header_name": null,
            "routing_http_request_x_amzn_mtls_clientcert_issuer_header_name": null,
            "routing_http_request_x_amzn_mtls_clientcert_leaf_header_name": null,
            "routing_http_request_x_amzn_mtls_clientcert_serial_number_header_name": null,
            "routing_http_request_x_amzn_mtls_clientcert_subject_header_name": null,
            "routing_http_request_x_amzn_mtls_clientcert_validity_header_name": null,
            "routing_http_request_x_amzn_tls_cipher_suite_header_name": null,
            "routing_http_request_x_amzn_tls_version_header_name": null,
            "routing_http_response_access_control_allow_credentials_header_value": "",
            "routing_http_response_access_control_allow_headers_header_value": "",
            "routing_http_response_access_control_allow_methods_header_value": "",
            "routing_http_response_access_control_allow_origin_header_value": "",
            "routing_http_response_access_control_expose_headers_header_value": "",
            "routing_http_response_access_control_max_age_header_value": "",
            "routing_http_response_content_security_policy_header_value": "",
            "routing_http_response_server_enabled": false,
            "routing_http_response_strict_transport_security_header_value": "",
            "routing_http_response_x_content_type_options_header_value": "",
            "routing_http_response_x_frame_options_header_value": "",
            "ssl_policy": "",
            "tags": null,
            "tags_all": {},
            "tcp_idle_timeout_seconds": null,
            "timeouts": null
          },
          "sensitive_attributes": [],
          "private": "eyJlMmJmYjczMC1lY2FhLTExZTYtOGY4OC0zNDM2M2JjN2M0YzAiOnsiY3JlYXRlIjozMDAwMDAwMDAwMDAsInVwZGF0ZSI6MzAwMDAwMDAwMDAwfX0=",
          "dependencies": [
            "module.ilios_lb.aws_lb.ilios_alb",
            "module.ilios_lb.aws_lb_target_group.ilios_alb_tg",
            "module.ilios_lb.aws_security_group.lb_sg",
            "module.ilios_vpc.aws_subnet.ilios_public",
            "module.ilios_vpc.aws_vpc.ilios_vpc"
          ]
        }
      ]
    },
    {
      "module": "module.ilios_lb",
      "mode": "managed",
      "type": "aws_lb_target_group",
      "name": "ilios_alb_tg",
      "provider": "provider[\"registry.terraform.io/hashicorp/aws\"]",
      "instances": [
        {
          "schema_version": 0,
          "attributes": {
            "arn": "arn:aws:elasticloadbalancing:us-east-1:571600859306:targetgroup/test-target-group/493b1a9268ca7e37",
            "arn_suffix": "targetgroup/test-target-group/493b1a9268ca7e37",
            "connection_termination": null,
            "deregistration_delay": "300",
            "health_check": [
              {
                "enabled": true,
                "healthy_threshold": 2,
                "interval": 10,
                "matcher": "200",
                "path": "/",
                "port": "traffic-port",
                "protocol": "HTTP",
                "timeout": 5,
                "unhealthy_threshold": 2
              }
            ],
            "id": "arn:aws:elasticloadbalancing:us-east-1:571600859306:targetgroup/test-target-group/493b1a9268ca7e37",
            "ip_address_type": "ipv4",
            "lambda_multi_value_headers_enabled": false,
            "load_balancer_arns": [],
            "load_balancing_algorithm_type": "round_robin",
            "load_balancing_anomaly_mitigation": "off",
            "load_balancing_cross_zone_enabled": "use_load_balancer_configuration",
            "name": "test-target-group",
            "name_prefix": "",
            "port": 80,
            "preserve_client_ip": null,
            "protocol": "HTTP",
            "protocol_version": "HTTP1",
            "proxy_protocol_v2": false,
            "slow_start": 0,
            "stickiness": [
              {
                "cookie_duration": 86400,
                "cookie_name": "",
                "enabled": false,
                "type": "lb_cookie"
              }
            ],
            "tags": {
              "Environment": "production"
            },
            "tags_all": {
              "Environment": "production"
            },
            "target_failover": [
              {
                "on_deregistration": null,
                "on_unhealthy": null
              }
            ],
            "target_group_health": [
              {
                "dns_failover": [
                  {
                    "minimum_healthy_targets_count": "1",
                    "minimum_healthy_targets_percentage": "off"
                  }
                ],
                "unhealthy_state_routing": [
                  {
                    "minimum_healthy_targets_count": 1,
                    "minimum_healthy_targets_percentage": "off"
                  }
                ]
              }
            ],
            "target_health_state": [
              {
                "enable_unhealthy_connection_termination": null,
                "unhealthy_draining_interval": null
              }
            ],
            "target_type": "instance",
            "vpc_id": "vpc-0ede042861a101eb1"
          },
          "sensitive_attributes": [],
          "private": "bnVsbA==",
          "dependencies": [
            "module.ilios_vpc.aws_vpc.ilios_vpc"
          ]
        }
      ]
    },
    {
      "module": "module.ilios_lb",
      "mode": "managed",
      "type": "aws_lb_target_group_attachment",
      "name": "ilios_alb_tga",
      "provider": "provider[\"registry.terraform.io/hashicorp/aws\"]",
      "instances": [
        {
          "schema_version": 0,
          "attributes": {
            "availability_zone": null,
            "id": "arn:aws:elasticloadbalancing:us-east-1:571600859306:targetgroup/test-target-group/493b1a9268ca7e37-20250305205734451100000009",
            "port": 80,
            "target_group_arn": "arn:aws:elasticloadbalancing:us-east-1:571600859306:targetgroup/test-target-group/493b1a9268ca7e37",
            "target_id": "i-0625814a8c5163150"
          },
          "sensitive_attributes": [],
          "private": "bnVsbA==",
          "dependencies": [
            "module.ilios_lb.aws_instance.ilios_alb_instance",
            "module.ilios_lb.aws_lb_target_group.ilios_alb_tg",
            "module.ilios_lb.aws_security_group.lb_sg",
            "module.ilios_lb.data.aws_ami.latest_amazon_linux",
            "module.ilios_vpc.aws_subnet.ilios_public",
            "module.ilios_vpc.aws_vpc.ilios_vpc"
          ]
        }
      ]
    },
    {
      "module": "module.ilios_lb",
      "mode": "managed",
      "type": "aws_security_group",
      "name": "lb_sg",
      "provider": "provider[\"registry.terraform.io/hashicorp/aws\"]",
      "instances": [
        {
          "schema_version": 1,
          "attributes": {
            "arn": "arn:aws:ec2:us-east-1:571600859306:security-group/sg-093aee7974d35e729",
            "description": "Allow HTTP inbound traffic",
            "egress": [],
            "id": "sg-093aee7974d35e729",
            "ingress": [],
            "name": "ilios-lb-sg",
            "name_prefix": "",
            "owner_id": "571600859306",
            "revoke_rules_on_delete": false,
            "tags": null,
            "tags_all": {},
            "timeouts": null,
            "vpc_id": "vpc-0ede042861a101eb1"
          },
          "sensitive_attributes": [],
          "private": "eyJlMmJmYjczMC1lY2FhLTExZTYtOGY4OC0zNDM2M2JjN2M0YzAiOnsiY3JlYXRlIjo2MDAwMDAwMDAwMDAsImRlbGV0ZSI6OTAwMDAwMDAwMDAwfSwic2NoZW1hX3ZlcnNpb24iOiIxIn0=",
          "dependencies": [
            "module.ilios_vpc.aws_vpc.ilios_vpc"
          ]
        }
      ]
    },
    {
      "module": "module.ilios_lb",
      "mode": "managed",
      "type": "aws_security_group_rule",
      "name": "lb_sg_rule_egress",
      "provider": "provider[\"registry.terraform.io/hashicorp/aws\"]",
      "instances": [
        {
          "schema_version": 2,
          "attributes": {
            "cidr_blocks": [
              "10.0.0.0/16"
            ],
            "description": null,
            "from_port": 0,
            "id": "sgrule-1129261669",
            "ipv6_cidr_blocks": null,
            "prefix_list_ids": null,
            "protocol": "-1",
            "security_group_id": "sg-093aee7974d35e729",
            "security_group_rule_id": "sgr-05d720e5c4e59bc0d",
            "self": false,
            "source_security_group_id": null,
            "timeouts": null,
            "to_port": 0,
            "type": "egress"
          },
          "sensitive_attributes": [],
          "private": "eyJlMmJmYjczMC1lY2FhLTExZTYtOGY4OC0zNDM2M2JjN2M0YzAiOnsiY3JlYXRlIjozMDAwMDAwMDAwMDB9LCJzY2hlbWFfdmVyc2lvbiI6IjIifQ==",
          "dependencies": [
            "module.ilios_lb.aws_security_group.lb_sg",
            "module.ilios_vpc.aws_vpc.ilios_vpc"
          ]
        }
      ]
    },
    {
      "module": "module.ilios_lb",
      "mode": "managed",
      "type": "aws_security_group_rule",
      "name": "lb_sg_rule_ingress",
      "provider": "provider[\"registry.terraform.io/hashicorp/aws\"]",
      "instances": [
        {
          "schema_version": 2,
          "attributes": {
            "cidr_blocks": [
              "10.0.0.0/16"
            ],
            "description": null,
            "from_port": 80,
            "id": "sgrule-3907667436",
            "ipv6_cidr_blocks": null,
            "prefix_list_ids": null,
            "protocol": "tcp",
            "security_group_id": "sg-093aee7974d35e729",
            "security_group_rule_id": "sgr-027102756121e26bb",
            "self": false,
            "source_security_group_id": null,
            "timeouts": null,
            "to_port": 80,
            "type": "ingress"
          },
          "sensitive_attributes": [],
          "private": "eyJlMmJmYjczMC1lY2FhLTExZTYtOGY4OC0zNDM2M2JjN2M0YzAiOnsiY3JlYXRlIjozMDAwMDAwMDAwMDB9LCJzY2hlbWFfdmVyc2lvbiI6IjIifQ==",
          "dependencies": [
            "module.ilios_lb.aws_security_group.lb_sg",
            "module.ilios_vpc.aws_vpc.ilios_vpc"
          ]
        }
      ]
    },
    {
      "module": "module.ilios_oidc",
      "mode": "data",
      "type": "tls_certificate",
      "name": "github",
      "provider": "provider[\"registry.terraform.io/hashicorp/tls\"]",
      "instances": [
        {
          "schema_version": 0,
          "attributes": {
            "certificates": [
              {
                "cert_pem": "-----BEGIN CERTIFICATE-----\nMIIFgTCCBGmgAwIBAgIQOXJEOvkit1HX02wQ3TE1lTANBgkqhkiG9w0BAQwFADB7\nMQswCQYDVQQGEwJHQjEbMBkGA1UECAwSR3JlYXRlciBNYW5jaGVzdGVyMRAwDgYD\nVQQHDAdTYWxmb3JkMRowGAYDVQQKDBFDb21vZG8gQ0EgTGltaXRlZDEhMB8GA1UE\nAwwYQUFBIENlcnRpZmljYXRlIFNlcnZpY2VzMB4XDTE5MDMxMjAwMDAwMFoXDTI4\nMTIzMTIzNTk1OVowgYgxCzAJBgNVBAYTAlVTMRMwEQYDVQQIEwpOZXcgSmVyc2V5\nMRQwEgYDVQQHEwtKZXJzZXkgQ2l0eTEeMBwGA1UEChMVVGhlIFVTRVJUUlVTVCBO\nZXR3b3JrMS4wLAYDVQQDEyVVU0VSVHJ1c3QgUlNBIENlcnRpZmljYXRpb24gQXV0\naG9yaXR5MIICIjANBgkqhkiG9w0BAQEFAAOCAg8AMIICCgKCAgEAgBJlFzYOw9sI\ns9CsVw127c0n00ytUINh4qogTQktZAnczomfzD2p7PbPwdzx07HWezcoEStH2jnG\nvDoZtF+mvX2do2NCtnbyqTsrkfjib9DsFiCQCT7i6HTJGLSR1GJk23+jBvGIGGqQ\nIjy8/hPwhxR79uQfjtTkUcYRZ0YIUcuGFFQ/vDP+fmyc/xadGL1RjjWmp2bIcmfb\nIWax1Jt4A8BQOujM8Ny8nkz+rwWWNR9XWrf/zvk9tyy29lTdyOcSOk2uTIq3XJq0\ntyA9yn8iNK5+O2hmAUTnAU5GU5szYPeUvlM3kHND8zLDU+/bqv50TmnHa4xgk97E\nxwzf4TKuzJM7UXiVZ4vuPVb+DNBpDxsP8yUmazNt925H+nND5X4OpWaxKXwyhGNV\nicQNwZNUMBkTrNN9N6frXTpsNVzbQdcS2qlJC9/YgIoJk2KOtWbPJYjNhLixP6Q5\nD9kCnusSTJV882sFqV4Wg8y4Z+LoE53MW4LTTLPtW//e5XOsIzstAL81VXQJSdhJ\nWBp/kjbmUZIO8yZ9HE0XvMnsQybQv0FfQKlERPSZ51eHnlAfV1SoPv10Yy+xUGUJ\n5lhCLkMaTLTwJUdZ+gQek9QmRkpQgbLevni3/GcV4clXhB4PY9bpYrrWX1Uu6lzG\nKAgEJTm4Diup8kyXHAc/DVL17e8vgg8CAwEAAaOB8jCB7zAfBgNVHSMEGDAWgBSg\nEQojPpbxB+zirynvgqV/0DCktDAdBgNVHQ4EFgQUU3m/WqorSs9UgOHYm8Cd8rID\nZsswDgYDVR0PAQH/BAQDAgGGMA8GA1UdEwEB/wQFMAMBAf8wEQYDVR0gBAowCDAG\nBgRVHSAAMEMGA1UdHwQ8MDowOKA2oDSGMmh0dHA6Ly9jcmwuY29tb2RvY2EuY29t\nL0FBQUNlcnRpZmljYXRlU2VydmljZXMuY3JsMDQGCCsGAQUFBwEBBCgwJjAkBggr\nBgEFBQcwAYYYaHR0cDovL29jc3AuY29tb2RvY2EuY29tMA0GCSqGSIb3DQEBDAUA\nA4IBAQAYh1HcdCE9nIrgJ7cz0C7M7PDmy14R3iJvm3WOnnL+5Nb+qh+cli3vA0p+\nrvSNb3I8QzvAP+u431yqqcau8vzY7qN7Q/aGNnwU4M309z/+3ri0ivCRlv79Q2R+\n/czSAaF9ffgZGclCKxO/WIu6pKJmBHaIkU4MiRTOok3JMrO66BQavHHxW/BBC5gA\nCiIDEOUMsfnNkjcZ7Tvx5Dq2+UUTJnWvu6rvP3t3O9LEApE9GQDTF1w52z97GA1F\nzZOFli9d31kWTz9RvdVFGD/tSo7oBmF0Ixa1DVBzJ0RHfxBdiSprhTEUxOipakyA\nvGp4z7h/jnZymQyd/teRCBaho1+V\n-----END CERTIFICATE-----\n",
                "is_ca": true,
                "issuer": "CN=AAA Certificate Services,O=Comodo CA Limited,L=Salford,ST=Greater Manchester,C=GB",
                "not_after": "2028-12-31T23:59:59Z",
                "not_before": "2019-03-12T00:00:00Z",
                "public_key_algorithm": "RSA",
                "serial_number": "76359301477803385872276235234032301461",
                "sha1_fingerprint": "d89e3bd43d5d909b47a18977aa9d5ce36cee184c",
                "signature_algorithm": "SHA384-RSA",
                "subject": "CN=USERTrust RSA Certification Authority,O=The USERTRUST Network,L=Jersey City,ST=New Jersey,C=US",
                "version": 3
              },
              {
                "cert_pem": "-----BEGIN CERTIFICATE-----\nMIIGEzCCA/ugAwIBAgIQfVtRJrR2uhHbdBYLvFMNpzANBgkqhkiG9w0BAQwFADCB\niDELMAkGA1UEBhMCVVMxEzARBgNVBAgTCk5ldyBKZXJzZXkxFDASBgNVBAcTC0pl\ncnNleSBDaXR5MR4wHAYDVQQKExVUaGUgVVNFUlRSVVNUIE5ldHdvcmsxLjAsBgNV\nBAMTJVVTRVJUcnVzdCBSU0EgQ2VydGlmaWNhdGlvbiBBdXRob3JpdHkwHhcNMTgx\nMTAyMDAwMDAwWhcNMzAxMjMxMjM1OTU5WjCBjzELMAkGA1UEBhMCR0IxGzAZBgNV\nBAgTEkdyZWF0ZXIgTWFuY2hlc3RlcjEQMA4GA1UEBxMHU2FsZm9yZDEYMBYGA1UE\nChMPU2VjdGlnbyBMaW1pdGVkMTcwNQYDVQQDEy5TZWN0aWdvIFJTQSBEb21haW4g\nVmFsaWRhdGlvbiBTZWN1cmUgU2VydmVyIENBMIIBIjANBgkqhkiG9w0BAQEFAAOC\nAQ8AMIIBCgKCAQEA1nMz1tc8INAA0hdFuNY+B6I/x0HuMjDJsGz99J/LEpgPLT+N\nTQEMgg8Xf2Iu6bhIefsWg06t1zIlk7cHv7lQP6lMw0Aq6Tn/2YHKHxYyQdqAJrkj\neocgHuP/IJo8lURvh3UGkEC0MpMWCRAIIz7S3YcPb11RFGoKacVPAXJpz9OTTG0E\noKMbgn6xmrntxZ7FN3ifmgg0+1YuWMQJDgZkW7w33PGfKGioVrCSo1yfu4iYCBsk\nHaswha6vsC6eep3BwEIc4gLw6uBK0u+QDrTBQBbwb4VCSmT3pDCg/r8uoydajotY\nuK3DGReEY+1vVv2Dy2A0xHS+5p3b4eTlygxfFQIDAQABo4IBbjCCAWowHwYDVR0j\nBBgwFoAUU3m/WqorSs9UgOHYm8Cd8rIDZsswHQYDVR0OBBYEFI2MXsRUrYrhd+mb\n+ZsF4bgBjWHhMA4GA1UdDwEB/wQEAwIBhjASBgNVHRMBAf8ECDAGAQH/AgEAMB0G\nA1UdJQQWMBQGCCsGAQUFBwMBBggrBgEFBQcDAjAbBgNVHSAEFDASMAYGBFUdIAAw\nCAYGZ4EMAQIBMFAGA1UdHwRJMEcwRaBDoEGGP2h0dHA6Ly9jcmwudXNlcnRydXN0\nLmNvbS9VU0VSVHJ1c3RSU0FDZXJ0aWZpY2F0aW9uQXV0aG9yaXR5LmNybDB2Bggr\nBgEFBQcBAQRqMGgwPwYIKwYBBQUHMAKGM2h0dHA6Ly9jcnQudXNlcnRydXN0LmNv\nbS9VU0VSVHJ1c3RSU0FBZGRUcnVzdENBLmNydDAlBggrBgEFBQcwAYYZaHR0cDov\nL29jc3AudXNlcnRydXN0LmNvbTANBgkqhkiG9w0BAQwFAAOCAgEAMr9hvQ5Iw0/H\nukdN+Jx4GQHcEx2Ab/zDcLRSmjEzmldS+zGea6TvVKqJjUAXaPgREHzSyrHxVYbH\n7rM2kYb2OVG/Rr8PoLq0935JxCo2F57kaDl6r5ROVm+yezu/Coa9zcV3HAO4OLGi\nH19+24rcRki2aArPsrW04jTkZ6k4Zgle0rj8nSg6F0AnwnJOKf0hPHzPE/uWLMUx\nRP0T7dWbqWlod3zu4f+k+TY4CFM5ooQ0nBnzvg6s1SQ36yOoeNDT5++SR2RiOSLv\nxvcRviKFxmZEJCaOEDKNyJOuB56DPi/Z+fVGjmO+wea03KbNIaiGCpXZLoUmGv38\nsbZXQm2V0TP2ORQGgkE49Y9Y3IBbpNV9lXj9p5v//cWoaasm56ekBYdbqbe4oyAL\nl6lFhd2zi+WJN44pDfwGF/Y4QA5C5BIG+3vzxhFoYt/jmPQT2BVPi7Fp2RBgvGQq\n6jG35LWjOhSbJuMLe/0CjraZwTiXWTb2qHSihrZe68Zk6s+go/lunrotEbaGmAhY\nLcmsJWTyXnW0OMGuf1pGg+pRyrbxmRE1a6Vqe8YAsOf4vmSyrcjC8azjUeqkk+B5\nyOGBQMkKW+ESPMFgKuOXwIlCypTPRpgSabuY0MLTDXJLR27lk8QyKGOHQ+SwMj4K\n00u/I5sUKUErmgQfky3xxzlIPK1aEn8=\n-----END CERTIFICATE-----\n",
                "is_ca": true,
                "issuer": "CN=USERTrust RSA Certification Authority,O=The USERTRUST Network,L=Jersey City,ST=New Jersey,C=US",
                "not_after": "2030-12-31T23:59:59Z",
                "not_before": "2018-11-02T00:00:00Z",
                "public_key_algorithm": "RSA",
                "serial_number": "166627644428940058458651716034439089575",
                "sha1_fingerprint": "33e4e80807204c2b6182a3a14b591acd25b5f0db",
                "signature_algorithm": "SHA384-RSA",
                "subject": "CN=Sectigo RSA Domain Validation Secure Server CA,O=Sectigo Limited,L=Salford,ST=Greater Manchester,C=GB",
                "version": 3
              },
              {
                "cert_pem": "-----BEGIN CERTIFICATE-----\nMIIHaDCCBlCgAwIBAgIRAJPStHPK5CQSa0JN71PyO7UwDQYJKoZIhvcNAQELBQAw\ngY8xCzAJBgNVBAYTAkdCMRswGQYDVQQIExJHcmVhdGVyIE1hbmNoZXN0ZXIxEDAO\nBgNVBAcTB1NhbGZvcmQxGDAWBgNVBAoTD1NlY3RpZ28gTGltaXRlZDE3MDUGA1UE\nAxMuU2VjdGlnbyBSU0EgRG9tYWluIFZhbGlkYXRpb24gU2VjdXJlIFNlcnZlciBD\nQTAeFw0yNDA3MDgwMDAwMDBaFw0yNTA3MDgyMzU5NTlaMCoxKDAmBgNVBAMMHyou\nYWN0aW9ucy5naXRodWJ1c2VyY29udGVudC5jb20wggIiMA0GCSqGSIb3DQEBAQUA\nA4ICDwAwggIKAoICAQDo4bImOjN2CKPLUnYciOPgwTvPUMG34nROjJCpDRdP+8Wv\nfsTf8oyR7gtVKSmDdkFWYPt7wWk20xbECEZdiCYqhcXsoWqfqCKEfp/cruNzwtQK\ncsfmpziyhnuQuQ+n6TL6cewi8+mdSgTUt7UDKSPaM7X5dJiQ/Au54Tj7l2T8Wf+g\n8PZdsAWUfmu+Ku8YxoBo4QaeSPxiZcPpMLzdy2wMV6RoA8t0uJSFztJAQu6rsgOl\nG1KK0TqTjGsNQz2FTISR7JEaDH9NK7BXJIXRG9Jn64LKHnC0cnF/y/kZ/qO1E+Bn\nMpLZOz2O8LcOMQU2LwlLESEBWaOHaWXryoJDPC03HNI4ysDKfHwQJtUkNFLrpOm6\nIsB409EhgW5jgGaNJGMatW4LKeuatmpwGRmQNLUPu5inpE8ogu7MdAej/DPGWUm8\nanjWIdK/61Gj/XDnHbFhInCvupY7yBiSbgDgs6t+F67Dyu6EiSP8trp1ejKr9kOj\n/0nFNu5lKqqUVXO9ZdAMmARtaWN23gLMxbGOJyvZXfvSoWYli+hNaiiafewcoIRH\n2U9/+wTltsuIDWAAkZMQ5uAJZvZ0c280MI1ZxFjYhjUZtuzqoCP49tJ9e9/ku72/\nUW00KWbHrrUUDcJd2o2xP3hLmlbexqkWhGksv4hbP0x6d2MPO+/8uTbXY4ORfwID\nAQABo4IDITCCAx0wHwYDVR0jBBgwFoAUjYxexFStiuF36Zv5mwXhuAGNYeEwHQYD\nVR0OBBYEFBB+AKRKk8n6lBaK7fGe1WquRSwKMA4GA1UdDwEB/wQEAwIFoDAMBgNV\nHRMBAf8EAjAAMB0GA1UdJQQWMBQGCCsGAQUFBwMBBggrBgEFBQcDAjBJBgNVHSAE\nQjBAMDQGCysGAQQBsjEBAgIHMCUwIwYIKwYBBQUHAgEWF2h0dHBzOi8vc2VjdGln\nby5jb20vQ1BTMAgGBmeBDAECATCBhAYIKwYBBQUHAQEEeDB2ME8GCCsGAQUFBzAC\nhkNodHRwOi8vY3J0LnNlY3RpZ28uY29tL1NlY3RpZ29SU0FEb21haW5WYWxpZGF0\naW9uU2VjdXJlU2VydmVyQ0EuY3J0MCMGCCsGAQUFBzABhhdodHRwOi8vb2NzcC5z\nZWN0aWdvLmNvbTCCAX8GCisGAQQB1nkCBAIEggFvBIIBawFpAHUA3dzKNJXX4RYF\n55Uy+sef+D0cUN/bADoUEnYKLKy7yCoAAAGQj6U8BgAABAMARjBEAiAqLo8wDJRk\nWL+JMB3JmexKL4ugh5NP0dFIZMU2TY2bswIgQHtzAFZqQmJun/RUdngNRDmkA3HK\nGiXY0QmVwul/BpAAdwAN4fIwK9MNwUBiEgnqVS78R3R8sdfpMO8OQh60fk6qNAAA\nAZCPpTvcAAAEAwBIMEYCIQDizVlgOl4dSjw8rj64tNqly5EHdNOawh+JoPS8cwbl\ndgIhAJsW/Rxv4xVc/QLU6IajxC8CbEPTpOMRLXA7DhqzVn7EAHcAEvFONL1TckyE\nBhnDjz96E/jntWKHiJxtMAWE6+WGJjoAAAGQj6U7qwAABAMASDBGAiEAx7qSQTPH\nDFkvcOfgioODlWNRhZvOO3tnTO4kYt1ubPMCIQCQgl9KCM4j+C66C2/S87bTnQ6t\n9AXo9qI68HsRRqDSizBJBgNVHREEQjBAgh8qLmFjdGlvbnMuZ2l0aHVidXNlcmNv\nbnRlbnQuY29tgh1hY3Rpb25zLmdpdGh1YnVzZXJjb250ZW50LmNvbTANBgkqhkiG\n9w0BAQsFAAOCAQEAVb9+iUtlsPIfBDLYuOOD0Cn2T3Au0QDjbwRsY3TYIqSjwemk\n5CYuecJnFyOM6FVZ5IwZtr7gBbgLECiIGe7kN/zZ2gIXRKnH3Sk3WatYWKt4disK\nHMHjkaJzsVYE+oSnEuW+hOJiYDCPbRt2bKrdmVScoFJ5QKuEQczFefCEjaoQf1S4\n4YMniGkl+RfsLXCkdsq/ylAZMGqFGTpDtwxmt2NMQiH5vD8BaD+tbsKQ9O/9tSFI\nH56u+fcqnh55elQyE+HunPZGJ42KovjahZC6ubBCkZFmdybJth76EHqJRE595wwQ\nlUS6z5DuTN7D7iYE3dMool/bpxeLWJhj0lKzvw==\n-----END CERTIFICATE-----\n",
                "is_ca": false,
                "issuer": "CN=Sectigo RSA Domain Validation Secure Server CA,O=Sectigo Limited,L=Salford,ST=Greater Manchester,C=GB",
                "not_after": "2025-07-08T23:59:59Z",
                "not_before": "2024-07-08T00:00:00Z",
                "public_key_algorithm": "RSA",
                "serial_number": "196490557728434070975673617422193146805",
                "sha1_fingerprint": "74f3a68f16524f15424927704c9506f55a9316bd",
                "signature_algorithm": "SHA256-RSA",
                "subject": "CN=*.actions.githubusercontent.com",
                "version": 3
              }
            ],
            "content": null,
            "id": "8d232a145587e7e891fc7c3dc13630d472810d21",
            "url": "https://token.actions.githubusercontent.com",
            "verify_chain": true
          },
          "sensitive_attributes": []
        }
      ]
    },
    {
      "module": "module.ilios_oidc",
      "mode": "managed",
      "type": "aws_iam_openid_connect_provider",
      "name": "github",
      "provider": "provider[\"registry.terraform.io/hashicorp/aws\"]",
      "instances": [
        {
          "schema_version": 0,
          "attributes": {
            "arn": "arn:aws:iam::571600859306:oidc-provider/token.actions.githubusercontent.com",
            "client_id_list": [
              "sts.amazonaws.com"
            ],
            "id": "arn:aws:iam::571600859306:oidc-provider/token.actions.githubusercontent.com",
            "tags": {},
            "tags_all": {},
            "thumbprint_list": [
              "d89e3bd43d5d909b47a18977aa9d5ce36cee184c"
            ],
            "url": "token.actions.githubusercontent.com"
          },
          "sensitive_attributes": [],
          "private": "bnVsbA==",
          "dependencies": [
            "module.ilios_oidc.data.tls_certificate.github"
          ]
        }
      ]
    },
    {
      "module": "module.ilios_oidc",
      "mode": "managed",
      "type": "aws_iam_policy",
      "name": "github_oidc_policy",
      "provider": "provider[\"registry.terraform.io/hashicorp/aws\"]",
      "instances": [
        {
          "schema_version": 0,
          "attributes": {
            "arn": "arn:aws:iam::571600859306:policy/GitHubOIDCPolicy",
            "attachment_count": 0,
            "description": "Policy for GitHub Actions OIDC authentication",
            "id": "arn:aws:iam::571600859306:policy/GitHubOIDCPolicy",
            "name": "GitHubOIDCPolicy",
            "name_prefix": "",
            "path": "/",
            "policy": "{\"Statement\":[{\"Action\":[\"eks:*\",\"ec2:*\",\"elasticloadbalancing:*\",\"iam:CreateRole\",\"iam:DeleteRole\",\"iam:GetRole\",\"iam:PassRole\",\"iam:AttachRolePolicy\",\"iam:DetachRolePolicy\",\"iam:CreateOpenIDConnectProvider\",\"iam:CreatePolicy\",\"iam:DeletePolicy\",\"iam:GetPolicy\"],\"Effect\":\"Allow\",\"Resource\":\"*\"}],\"Version\":\"2012-10-17\"}",
            "policy_id": "ANPAYKFQQ6CVFZASQTTD2",
            "tags": null,
            "tags_all": {}
          },
          "sensitive_attributes": [],
          "private": "bnVsbA=="
        }
      ]
    },
    {
      "module": "module.ilios_oidc",
      "mode": "managed",
      "type": "aws_iam_policy_attachment",
      "name": "github_oidc_policy_attach",
      "provider": "provider[\"registry.terraform.io/hashicorp/aws\"]",
      "instances": [
        {
          "schema_version": 0,
          "attributes": {
            "groups": null,
            "id": "GitHubOIDCPolicyAttachment",
            "name": "GitHubOIDCPolicyAttachment",
            "policy_arn": "arn:aws:iam::571600859306:policy/GitHubOIDCPolicy",
            "roles": [
              "GitHubActionsOIDCRole"
            ],
            "users": null
          },
          "sensitive_attributes": [],
          "private": "bnVsbA==",
          "dependencies": [
            "module.ilios_oidc.aws_iam_openid_connect_provider.github",
            "module.ilios_oidc.aws_iam_policy.github_oidc_policy",
            "module.ilios_oidc.aws_iam_role.github_oidc_role",
            "module.ilios_oidc.data.tls_certificate.github"
          ]
        }
      ]
    },
    {
      "module": "module.ilios_oidc",
      "mode": "managed",
      "type": "aws_iam_role",
      "name": "github_oidc_role",
      "provider": "provider[\"registry.terraform.io/hashicorp/aws\"]",
      "instances": [
        {
          "schema_version": 0,
          "attributes": {
            "arn": "arn:aws:iam::571600859306:role/GitHubActionsOIDCRole",
            "assume_role_policy": "{\"Statement\":[{\"Action\":\"sts:AssumeRoleWithWebIdentity\",\"Condition\":{\"StringEquals\":{\"token.actions.githubusercontent.com:aud\":\"sts.amazonaws.com\"},\"StringLike\":{\"token.actions.githubusercontent.com:sub\":[\"repo:tdthurston/ilios-base-tf-infra:ref:refs/heads/main\",\"repo:tdthurston/ilios-base-tf-infra:ref:refs/heads/master\"]}},\"Effect\":\"Allow\",\"Principal\":{\"Federated\":\"arn:aws:iam::571600859306:oidc-provider/token.actions.githubusercontent.com\"}}],\"Version\":\"2012-10-17\"}",
            "create_date": "2025-03-05T20:57:07Z",
            "description": "",
            "force_detach_policies": false,
            "id": "GitHubActionsOIDCRole",
            "inline_policy": [],
            "managed_policy_arns": [
              "arn:aws:iam::571600859306:policy/GitHubOIDCPolicy"
            ],
            "max_session_duration": 3600,
            "name": "GitHubActionsOIDCRole",
            "name_prefix": "",
            "path": "/",
            "permissions_boundary": "",
            "tags": {},
            "tags_all": {},
            "unique_id": "AROAYKFQQ6CVE7KHKUQO4"
          },
          "sensitive_attributes": [],
          "private": "bnVsbA==",
          "dependencies": [
            "module.ilios_oidc.aws_iam_openid_connect_provider.github",
            "module.ilios_oidc.data.tls_certificate.github"
          ]
        }
      ]
    },
    {
      "module": "module.ilios_vpc",
      "mode": "managed",
      "type": "aws_eip",
      "name": "ilios_eip",
      "provider": "provider[\"registry.terraform.io/hashicorp/aws\"]",
      "instances": [
        {
          "schema_version": 0,
          "attributes": {
            "address": null,
            "allocation_id": "eipalloc-0b96066091fd77b28",
            "arn": "arn:aws:ec2:us-east-1:571600859306:elastic-ip/eipalloc-0b96066091fd77b28",
            "associate_with_private_ip": null,
            "association_id": "",
            "carrier_ip": "",
            "customer_owned_ip": "",
            "customer_owned_ipv4_pool": "",
            "domain": "vpc",
            "id": "eipalloc-0b96066091fd77b28",
            "instance": "",
            "ipam_pool_id": null,
            "network_border_group": "us-east-1",
            "network_interface": "",
            "private_dns": null,
            "private_ip": "",
            "ptr_record": "",
            "public_dns": "ec2-18-215-200-244.compute-1.amazonaws.com",
            "public_ip": "18.215.200.244",
            "public_ipv4_pool": "amazon",
            "tags": null,
            "tags_all": {},
            "timeouts": null,
            "vpc": true
          },
          "sensitive_attributes": [],
          "private": "eyJlMmJmYjczMC1lY2FhLTExZTYtOGY4OC0zNDM2M2JjN2M0YzAiOnsiZGVsZXRlIjoxODAwMDAwMDAwMDAsInJlYWQiOjkwMDAwMDAwMDAwMCwidXBkYXRlIjozMDAwMDAwMDAwMDB9fQ=="
        }
      ]
    },
    {
      "module": "module.ilios_vpc",
      "mode": "managed",
      "type": "aws_internet_gateway",
      "name": "ilios_igw",
      "provider": "provider[\"registry.terraform.io/hashicorp/aws\"]",
      "instances": [
        {
          "schema_version": 0,
          "attributes": {
            "arn": "arn:aws:ec2:us-east-1:571600859306:internet-gateway/igw-0e8edbcae18ea8ff9",
            "id": "igw-0e8edbcae18ea8ff9",
            "owner_id": "571600859306",
            "tags": {
              "Name": "ilios-igw"
            },
            "tags_all": {
              "Name": "ilios-igw"
            },
            "timeouts": null,
            "vpc_id": "vpc-0ede042861a101eb1"
          },
          "sensitive_attributes": [],
          "private": "eyJlMmJmYjczMC1lY2FhLTExZTYtOGY4OC0zNDM2M2JjN2M0YzAiOnsiY3JlYXRlIjoxMjAwMDAwMDAwMDAwLCJkZWxldGUiOjEyMDAwMDAwMDAwMDAsInVwZGF0ZSI6MTIwMDAwMDAwMDAwMH19",
          "dependencies": [
            "module.ilios_vpc.aws_vpc.ilios_vpc"
          ]
        }
      ]
    },
    {
      "module": "module.ilios_vpc",
      "mode": "managed",
      "type": "aws_nat_gateway",
      "name": "ilios_nat_gw",
      "provider": "provider[\"registry.terraform.io/hashicorp/aws\"]",
      "instances": [
        {
          "schema_version": 0,
          "attributes": {
            "allocation_id": "eipalloc-0b96066091fd77b28",
            "association_id": "eipassoc-0358981c9f9934599",
            "connectivity_type": "public",
            "id": "nat-0c979c807679203fb",
            "network_interface_id": "eni-0b4504e0afada1e37",
            "private_ip": "10.0.1.9",
            "public_ip": "18.215.200.244",
            "secondary_allocation_ids": null,
            "secondary_private_ip_address_count": 0,
            "secondary_private_ip_addresses": [],
            "subnet_id": "subnet-056908f416d6627fa",
            "tags": {
              "Name": "ilios-nat-gw"
            },
            "tags_all": {
              "Name": "ilios-nat-gw"
            },
            "timeouts": null
          },
          "sensitive_attributes": [],
          "private": "eyJlMmJmYjczMC1lY2FhLTExZTYtOGY4OC0zNDM2M2JjN2M0YzAiOnsiY3JlYXRlIjo2MDAwMDAwMDAwMDAsImRlbGV0ZSI6MTgwMDAwMDAwMDAwMCwidXBkYXRlIjo2MDAwMDAwMDAwMDB9fQ==",
          "dependencies": [
            "module.ilios_vpc.aws_eip.ilios_eip",
            "module.ilios_vpc.aws_internet_gateway.ilios_igw",
            "module.ilios_vpc.aws_subnet.ilios_public",
            "module.ilios_vpc.aws_vpc.ilios_vpc"
          ]
        }
      ]
    },
    {
      "module": "module.ilios_vpc",
      "mode": "managed",
      "type": "aws_route",
      "name": "ilios_private_route",
      "provider": "provider[\"registry.terraform.io/hashicorp/aws\"]",
      "instances": [
        {
          "schema_version": 0,
          "attributes": {
            "carrier_gateway_id": "",
            "core_network_arn": "",
            "destination_cidr_block": "0.0.0.0/0",
            "destination_ipv6_cidr_block": "",
            "destination_prefix_list_id": "",
            "egress_only_gateway_id": "",
            "gateway_id": "",
            "id": "r-rtb-0374420cc8dd4b5451080289494",
            "instance_id": "",
            "instance_owner_id": "",
            "local_gateway_id": "",
            "nat_gateway_id": "nat-0c979c807679203fb",
            "network_interface_id": "",
            "origin": "CreateRoute",
            "route_table_id": "rtb-0374420cc8dd4b545",
            "state": "active",
            "timeouts": null,
            "transit_gateway_id": "",
            "vpc_endpoint_id": "",
            "vpc_peering_connection_id": ""
          },
          "sensitive_attributes": [],
          "private": "eyJlMmJmYjczMC1lY2FhLTExZTYtOGY4OC0zNDM2M2JjN2M0YzAiOnsiY3JlYXRlIjozMDAwMDAwMDAwMDAsImRlbGV0ZSI6MzAwMDAwMDAwMDAwLCJ1cGRhdGUiOjEyMDAwMDAwMDAwMH19",
          "dependencies": [
            "module.ilios_vpc.aws_eip.ilios_eip",
            "module.ilios_vpc.aws_internet_gateway.ilios_igw",
            "module.ilios_vpc.aws_nat_gateway.ilios_nat_gw",
            "module.ilios_vpc.aws_route_table.ilios_private_rt",
            "module.ilios_vpc.aws_subnet.ilios_public",
            "module.ilios_vpc.aws_vpc.ilios_vpc"
          ]
        }
      ]
    },
    {
      "module": "module.ilios_vpc",
      "mode": "managed",
      "type": "aws_route",
      "name": "ilios_public_route",
      "provider": "provider[\"registry.terraform.io/hashicorp/aws\"]",
      "instances": [
        {
          "schema_version": 0,
          "attributes": {
            "carrier_gateway_id": "",
            "core_network_arn": "",
            "destination_cidr_block": "0.0.0.0/0",
            "destination_ipv6_cidr_block": "",
            "destination_prefix_list_id": "",
            "egress_only_gateway_id": "",
            "gateway_id": "igw-0e8edbcae18ea8ff9",
            "id": "r-rtb-01d381d2c22e90df61080289494",
            "instance_id": "",
            "instance_owner_id": "",
            "local_gateway_id": "",
            "nat_gateway_id": "",
            "network_interface_id": "",
            "origin": "CreateRoute",
            "route_table_id": "rtb-01d381d2c22e90df6",
            "state": "active",
            "timeouts": null,
            "transit_gateway_id": "",
            "vpc_endpoint_id": "",
            "vpc_peering_connection_id": ""
          },
          "sensitive_attributes": [],
          "private": "eyJlMmJmYjczMC1lY2FhLTExZTYtOGY4OC0zNDM2M2JjN2M0YzAiOnsiY3JlYXRlIjozMDAwMDAwMDAwMDAsImRlbGV0ZSI6MzAwMDAwMDAwMDAwLCJ1cGRhdGUiOjEyMDAwMDAwMDAwMH19",
          "dependencies": [
            "module.ilios_vpc.aws_internet_gateway.ilios_igw",
            "module.ilios_vpc.aws_route_table.ilios_public_rt",
            "module.ilios_vpc.aws_vpc.ilios_vpc"
          ]
        }
      ]
    },
    {
      "module": "module.ilios_vpc",
      "mode": "managed",
      "type": "aws_route_table",
      "name": "ilios_private_rt",
      "provider": "provider[\"registry.terraform.io/hashicorp/aws\"]",
      "instances": [
        {
          "schema_version": 0,
          "attributes": {
            "arn": "arn:aws:ec2:us-east-1:571600859306:route-table/rtb-0374420cc8dd4b545",
            "id": "rtb-0374420cc8dd4b545",
            "owner_id": "571600859306",
            "propagating_vgws": [],
            "route": [],
            "tags": {
              "Name": "ilios-private-rt"
            },
            "tags_all": {
              "Name": "ilios-private-rt"
            },
            "timeouts": null,
            "vpc_id": "vpc-0ede042861a101eb1"
          },
          "sensitive_attributes": [],
          "private": "eyJlMmJmYjczMC1lY2FhLTExZTYtOGY4OC0zNDM2M2JjN2M0YzAiOnsiY3JlYXRlIjozMDAwMDAwMDAwMDAsImRlbGV0ZSI6MzAwMDAwMDAwMDAwLCJ1cGRhdGUiOjEyMDAwMDAwMDAwMH19",
          "dependencies": [
            "module.ilios_vpc.aws_vpc.ilios_vpc"
          ]
        }
      ]
    },
    {
      "module": "module.ilios_vpc",
      "mode": "managed",
      "type": "aws_route_table",
      "name": "ilios_public_rt",
      "provider": "provider[\"registry.terraform.io/hashicorp/aws\"]",
      "instances": [
        {
          "schema_version": 0,
          "attributes": {
            "arn": "arn:aws:ec2:us-east-1:571600859306:route-table/rtb-01d381d2c22e90df6",
            "id": "rtb-01d381d2c22e90df6",
            "owner_id": "571600859306",
            "propagating_vgws": [],
            "route": [],
            "tags": {
              "Name": "ilios-public-rt"
            },
            "tags_all": {
              "Name": "ilios-public-rt"
            },
            "timeouts": null,
            "vpc_id": "vpc-0ede042861a101eb1"
          },
          "sensitive_attributes": [],
          "private": "eyJlMmJmYjczMC1lY2FhLTExZTYtOGY4OC0zNDM2M2JjN2M0YzAiOnsiY3JlYXRlIjozMDAwMDAwMDAwMDAsImRlbGV0ZSI6MzAwMDAwMDAwMDAwLCJ1cGRhdGUiOjEyMDAwMDAwMDAwMH19",
          "dependencies": [
            "module.ilios_vpc.aws_vpc.ilios_vpc"
          ]
        }
      ]
    },
    {
      "module": "module.ilios_vpc",
      "mode": "managed",
      "type": "aws_route_table_association",
      "name": "ilios_private_sa",
      "provider": "provider[\"registry.terraform.io/hashicorp/aws\"]",
      "instances": [
        {
          "index_key": 0,
          "schema_version": 0,
          "attributes": {
            "gateway_id": "",
            "id": "rtbassoc-0ec2003d8b62fa8bc",
            "route_table_id": "rtb-0374420cc8dd4b545",
            "subnet_id": "subnet-0f398e4f9adbfec62",
            "timeouts": null
          },
          "sensitive_attributes": [],
          "private": "eyJlMmJmYjczMC1lY2FhLTExZTYtOGY4OC0zNDM2M2JjN2M0YzAiOnsiY3JlYXRlIjozMDAwMDAwMDAwMDAsImRlbGV0ZSI6MzAwMDAwMDAwMDAwLCJ1cGRhdGUiOjEyMDAwMDAwMDAwMH19",
          "dependencies": [
            "module.ilios_vpc.aws_route_table.ilios_private_rt",
            "module.ilios_vpc.aws_subnet.ilios_private",
            "module.ilios_vpc.aws_vpc.ilios_vpc"
          ]
        },
        {
          "index_key": 1,
          "schema_version": 0,
          "attributes": {
            "gateway_id": "",
            "id": "rtbassoc-0605ecd4c3faaaa35",
            "route_table_id": "rtb-0374420cc8dd4b545",
            "subnet_id": "subnet-03c51f647058ea6cf",
            "timeouts": null
          },
          "sensitive_attributes": [],
          "private": "eyJlMmJmYjczMC1lY2FhLTExZTYtOGY4OC0zNDM2M2JjN2M0YzAiOnsiY3JlYXRlIjozMDAwMDAwMDAwMDAsImRlbGV0ZSI6MzAwMDAwMDAwMDAwLCJ1cGRhdGUiOjEyMDAwMDAwMDAwMH19",
          "dependencies": [
            "module.ilios_vpc.aws_route_table.ilios_private_rt",
            "module.ilios_vpc.aws_subnet.ilios_private",
            "module.ilios_vpc.aws_vpc.ilios_vpc"
          ]
        }
      ]
    },
    {
      "module": "module.ilios_vpc",
      "mode": "managed",
      "type": "aws_route_table_association",
      "name": "ilios_public_sa",
      "provider": "provider[\"registry.terraform.io/hashicorp/aws\"]",
      "instances": [
        {
          "index_key": 0,
          "schema_version": 0,
          "attributes": {
            "gateway_id": "",
            "id": "rtbassoc-00c8aff930d20008c",
            "route_table_id": "rtb-01d381d2c22e90df6",
            "subnet_id": "subnet-056908f416d6627fa",
            "timeouts": null
          },
          "sensitive_attributes": [],
          "private": "eyJlMmJmYjczMC1lY2FhLTExZTYtOGY4OC0zNDM2M2JjN2M0YzAiOnsiY3JlYXRlIjozMDAwMDAwMDAwMDAsImRlbGV0ZSI6MzAwMDAwMDAwMDAwLCJ1cGRhdGUiOjEyMDAwMDAwMDAwMH19",
          "dependencies": [
            "module.ilios_vpc.aws_route_table.ilios_public_rt",
            "module.ilios_vpc.aws_subnet.ilios_public",
            "module.ilios_vpc.aws_vpc.ilios_vpc"
          ]
        },
        {
          "index_key": 1,
          "schema_version": 0,
          "attributes": {
            "gateway_id": "",
            "id": "rtbassoc-06014e0bb78c51060",
            "route_table_id": "rtb-01d381d2c22e90df6",
            "subnet_id": "subnet-09d0af13c501c1ba5",
            "timeouts": null
          },
          "sensitive_attributes": [],
          "private": "eyJlMmJmYjczMC1lY2FhLTExZTYtOGY4OC0zNDM2M2JjN2M0YzAiOnsiY3JlYXRlIjozMDAwMDAwMDAwMDAsImRlbGV0ZSI6MzAwMDAwMDAwMDAwLCJ1cGRhdGUiOjEyMDAwMDAwMDAwMH19",
          "dependencies": [
            "module.ilios_vpc.aws_route_table.ilios_public_rt",
            "module.ilios_vpc.aws_subnet.ilios_public",
            "module.ilios_vpc.aws_vpc.ilios_vpc"
          ]
        }
      ]
    },
    {
      "module": "module.ilios_vpc",
      "mode": "managed",
      "type": "aws_subnet",
      "name": "ilios_private",
      "provider": "provider[\"registry.terraform.io/hashicorp/aws\"]",
      "instances": [
        {
          "index_key": 0,
          "schema_version": 1,
          "attributes": {
            "arn": "arn:aws:ec2:us-east-1:571600859306:subnet/subnet-0f398e4f9adbfec62",
            "assign_ipv6_address_on_creation": false,
            "availability_zone": "us-east-1a",
            "availability_zone_id": "use1-az6",
            "cidr_block": "10.0.3.0/24",
            "customer_owned_ipv4_pool": "",
            "enable_dns64": false,
            "enable_lni_at_device_index": 0,
            "enable_resource_name_dns_a_record_on_launch": false,
            "enable_resource_name_dns_aaaa_record_on_launch": false,
            "id": "subnet-0f398e4f9adbfec62",
            "ipv6_cidr_block": "",
            "ipv6_cidr_block_association_id": "",
            "ipv6_native": false,
            "map_customer_owned_ip_on_launch": false,
            "map_public_ip_on_launch": false,
            "outpost_arn": "",
            "owner_id": "571600859306",
            "private_dns_hostname_type_on_launch": "ip-name",
            "tags": {
              "Name": "private-subnet-1"
            },
            "tags_all": {
              "Name": "private-subnet-1"
            },
            "timeouts": null,
            "vpc_id": "vpc-0ede042861a101eb1"
          },
          "sensitive_attributes": [],
          "private": "eyJlMmJmYjczMC1lY2FhLTExZTYtOGY4OC0zNDM2M2JjN2M0YzAiOnsiY3JlYXRlIjo2MDAwMDAwMDAwMDAsImRlbGV0ZSI6MTIwMDAwMDAwMDAwMH0sInNjaGVtYV92ZXJzaW9uIjoiMSJ9",
          "dependencies": [
            "module.ilios_vpc.aws_vpc.ilios_vpc"
          ]
        },
        {
          "index_key": 1,
          "schema_version": 1,
          "attributes": {
            "arn": "arn:aws:ec2:us-east-1:571600859306:subnet/subnet-03c51f647058ea6cf",
            "assign_ipv6_address_on_creation": false,
            "availability_zone": "us-east-1b",
            "availability_zone_id": "use1-az1",
            "cidr_block": "10.0.4.0/24",
            "customer_owned_ipv4_pool": "",
            "enable_dns64": false,
            "enable_lni_at_device_index": 0,
            "enable_resource_name_dns_a_record_on_launch": false,
            "enable_resource_name_dns_aaaa_record_on_launch": false,
            "id": "subnet-03c51f647058ea6cf",
            "ipv6_cidr_block": "",
            "ipv6_cidr_block_association_id": "",
            "ipv6_native": false,
            "map_customer_owned_ip_on_launch": false,
            "map_public_ip_on_launch": false,
            "outpost_arn": "",
            "owner_id": "571600859306",
            "private_dns_hostname_type_on_launch": "ip-name",
            "tags": {
              "Name": "private-subnet-2"
            },
            "tags_all": {
              "Name": "private-subnet-2"
            },
            "timeouts": null,
            "vpc_id": "vpc-0ede042861a101eb1"
          },
          "sensitive_attributes": [],
          "private": "eyJlMmJmYjczMC1lY2FhLTExZTYtOGY4OC0zNDM2M2JjN2M0YzAiOnsiY3JlYXRlIjo2MDAwMDAwMDAwMDAsImRlbGV0ZSI6MTIwMDAwMDAwMDAwMH0sInNjaGVtYV92ZXJzaW9uIjoiMSJ9",
          "dependencies": [
            "module.ilios_vpc.aws_vpc.ilios_vpc"
          ]
        }
      ]
    },
    {
      "module": "module.ilios_vpc",
      "mode": "managed",
      "type": "aws_subnet",
      "name": "ilios_public",
      "provider": "provider[\"registry.terraform.io/hashicorp/aws\"]",
      "instances": [
        {
          "index_key": 0,
          "schema_version": 1,
          "attributes": {
            "arn": "arn:aws:ec2:us-east-1:571600859306:subnet/subnet-056908f416d6627fa",
            "assign_ipv6_address_on_creation": false,
            "availability_zone": "us-east-1a",
            "availability_zone_id": "use1-az6",
            "cidr_block": "10.0.1.0/24",
            "customer_owned_ipv4_pool": "",
            "enable_dns64": false,
            "enable_lni_at_device_index": 0,
            "enable_resource_name_dns_a_record_on_launch": false,
            "enable_resource_name_dns_aaaa_record_on_launch": false,
            "id": "subnet-056908f416d6627fa",
            "ipv6_cidr_block": "",
            "ipv6_cidr_block_association_id": "",
            "ipv6_native": false,
            "map_customer_owned_ip_on_launch": false,
            "map_public_ip_on_launch": true,
            "outpost_arn": "",
            "owner_id": "571600859306",
            "private_dns_hostname_type_on_launch": "ip-name",
            "tags": {
              "Name": "public-subnet-1"
            },
            "tags_all": {
              "Name": "public-subnet-1"
            },
            "timeouts": null,
            "vpc_id": "vpc-0ede042861a101eb1"
          },
          "sensitive_attributes": [],
          "private": "eyJlMmJmYjczMC1lY2FhLTExZTYtOGY4OC0zNDM2M2JjN2M0YzAiOnsiY3JlYXRlIjo2MDAwMDAwMDAwMDAsImRlbGV0ZSI6MTIwMDAwMDAwMDAwMH0sInNjaGVtYV92ZXJzaW9uIjoiMSJ9",
          "dependencies": [
            "module.ilios_vpc.aws_vpc.ilios_vpc"
          ]
        },
        {
          "index_key": 1,
          "schema_version": 1,
          "attributes": {
            "arn": "arn:aws:ec2:us-east-1:571600859306:subnet/subnet-09d0af13c501c1ba5",
            "assign_ipv6_address_on_creation": false,
            "availability_zone": "us-east-1b",
            "availability_zone_id": "use1-az1",
            "cidr_block": "10.0.2.0/24",
            "customer_owned_ipv4_pool": "",
            "enable_dns64": false,
            "enable_lni_at_device_index": 0,
            "enable_resource_name_dns_a_record_on_launch": false,
            "enable_resource_name_dns_aaaa_record_on_launch": false,
            "id": "subnet-09d0af13c501c1ba5",
            "ipv6_cidr_block": "",
            "ipv6_cidr_block_association_id": "",
            "ipv6_native": false,
            "map_customer_owned_ip_on_launch": false,
            "map_public_ip_on_launch": true,
            "outpost_arn": "",
            "owner_id": "571600859306",
            "private_dns_hostname_type_on_launch": "ip-name",
            "tags": {
              "Name": "public-subnet-2"
            },
            "tags_all": {
              "Name": "public-subnet-2"
            },
            "timeouts": null,
            "vpc_id": "vpc-0ede042861a101eb1"
          },
          "sensitive_attributes": [],
          "private": "eyJlMmJmYjczMC1lY2FhLTExZTYtOGY4OC0zNDM2M2JjN2M0YzAiOnsiY3JlYXRlIjo2MDAwMDAwMDAwMDAsImRlbGV0ZSI6MTIwMDAwMDAwMDAwMH0sInNjaGVtYV92ZXJzaW9uIjoiMSJ9",
          "dependencies": [
            "module.ilios_vpc.aws_vpc.ilios_vpc"
          ]
        }
      ]
    },
    {
      "module": "module.ilios_vpc",
      "mode": "managed",
      "type": "aws_vpc",
      "name": "ilios_vpc",
      "provider": "provider[\"registry.terraform.io/hashicorp/aws\"]",
      "instances": [
        {
          "schema_version": 1,
          "attributes": {
            "arn": "arn:aws:ec2:us-east-1:571600859306:vpc/vpc-0ede042861a101eb1",
            "assign_generated_ipv6_cidr_block": false,
            "cidr_block": "10.0.0.0/16",
            "default_network_acl_id": "acl-09674adb09154bcc2",
            "default_route_table_id": "rtb-0cf0bcbc875fc6412",
            "default_security_group_id": "sg-0ef45bdc022d4c4ba",
            "dhcp_options_id": "dopt-0de5d610c795d94b4",
            "enable_dns_hostnames": false,
            "enable_dns_support": true,
            "enable_network_address_usage_metrics": false,
            "id": "vpc-0ede042861a101eb1",
            "instance_tenancy": "default",
            "ipv4_ipam_pool_id": null,
            "ipv4_netmask_length": null,
            "ipv6_association_id": "",
            "ipv6_cidr_block": "",
            "ipv6_cidr_block_network_border_group": "",
            "ipv6_ipam_pool_id": "",
            "ipv6_netmask_length": 0,
            "main_route_table_id": "rtb-0cf0bcbc875fc6412",
            "owner_id": "571600859306",
            "tags": {
              "Name": "test-vpc"
            },
            "tags_all": {
              "Name": "test-vpc"
            }
          },
          "sensitive_attributes": [],
          "private": "eyJzY2hlbWFfdmVyc2lvbiI6IjEifQ=="
        }
      ]
    }
  ],
  "check_results": null
}
